
Microsoft Visual Studio Solution File, Format Version 12.00
# Visual Studio 15
VisualStudioVersion = 15.0.26814.1
MinimumVisualStudioVersion = 10.0.40219.1
Project("{FAE04EC0-301F-11D3-BF4B-00C04F79EFBC}") = "Microsoft.Knowzy.WPF", "src\Microsoft.Knowzy.WPF\Microsoft.Knowzy.WPF.csproj", "{A5C6D61A-0FD5-48F8-B574-4B46D188550B}"
EndProject
Project("{2150E333-8FDC-42A3-9474-1A3956D46DE8}") = "src", "src", "{494D40EA-694C-49FA-8347-840B8BF1BAD6}"
EndProject
Project("{2150E333-8FDC-42A3-9474-1A3956D46DE8}") = "Solution Items", "Solution Items", "{0202C4AB-A98F-4526-8AFB-5814E1571BF0}"
	ProjectSection(SolutionItems) = preProject
		.gitattributes = .gitattributes
		.gitignore = .gitignore
		README.md = README.md
	EndProjectSection
EndProject
Project("{FAE04EC0-301F-11D3-BF4B-00C04F79EFBC}") = "Microsoft.Knowzy.AuthenticationService", "src\Microsoft.Knowzy.AuthenticationService\Microsoft.Knowzy.AuthenticationService.csproj", "{20F1D78F-6E71-4FBA-BB7D-1D54EA11E012}"
EndProject
Project("{FAE04EC0-301F-11D3-BF4B-00C04F79EFBC}") = "Microsoft.Knowzy.Common", "src\Microsoft.Knowzy.Common\Microsoft.Knowzy.Common.csproj", "{C7BF0C4C-4D81-4545-9143-4FB3470E37B6}"
EndProject
Project("{FAE04EC0-301F-11D3-BF4B-00C04F79EFBC}") = "Microsoft.Knowzy.ConfigurationService", "src\Microsoft.Knowzy.ConfigurationService\Microsoft.Knowzy.ConfigurationService.csproj", "{01EF3CFF-D354-4B3F-B4B3-CA1863CCD686}"
EndProject
Project("{FAE04EC0-301F-11D3-BF4B-00C04F79EFBC}") = "Microsoft.Knowzy.Domain", "src\Microsoft.Knowzy.Domain\Microsoft.Knowzy.Domain.csproj", "{1910D6CC-60ED-45F2-8E73-4E6DB2343DB5}"
EndProject
Project("{FAE04EC0-301F-11D3-BF4B-00C04F79EFBC}") = "Microsoft.Knowzy.JsonDataProvider", "src\Microsoft.Knowzy.JsonDataProvider\Microsoft.Knowzy.JsonDataProvider.csproj", "{078AF6D3-A69F-40CC-B349-48CD82411408}"
EndProject
Project("{2150E333-8FDC-42A3-9474-1A3956D46DE8}") = "Database", "Database", "{8EBB4596-4A0A-48D6-A121-06B6FBB8DB0B}"
EndProject
Project("{FAE04EC0-301F-11D3-BF4B-00C04F79EFBC}") = "Microsoft.Knowzy.NET.DAL", "src\Microsoft.Knowzy.NET.DAL\Microsoft.Knowzy.NET.DAL.csproj", "{8B0985E3-3FA3-478B-8F33-E8F224778BF9}"
EndProject
Project("{FAE04EC0-301F-11D3-BF4B-00C04F79EFBC}") = "Microsoft.Knowzy.NET.BLL", "src\Microsoft.Knowzy.NET.BLL\Microsoft.Knowzy.NET.BLL.csproj", "{AC96A013-AF76-42DD-A07B-9464AA670231}"
EndProject
Global
	GlobalSection(SolutionConfigurationPlatforms) = preSolution
		Debug|Any CPU = Debug|Any CPU
		Debug|ARM = Debug|ARM
		Debug|x64 = Debug|x64
		Debug|x86 = Debug|x86
		Release|Any CPU = Release|Any CPU
		Release|ARM = Release|ARM
		Release|x64 = Release|x64
		Release|x86 = Release|x86
	EndGlobalSection
	GlobalSection(ProjectConfigurationPlatforms) = postSolution
		{A5C6D61A-0FD5-48F8-B574-4B46D188550B}.Debug|Any CPU.ActiveCfg = Debug|Any CPU
		{A5C6D61A-0FD5-48F8-B574-4B46D188550B}.Debug|Any CPU.Build.0 = Debug|Any CPU
		{A5C6D61A-0FD5-48F8-B574-4B46D188550B}.Debug|ARM.ActiveCfg = Debug|Any CPU
		{A5C6D61A-0FD5-48F8-B574-4B46D188550B}.Debug|ARM.Build.0 = Debug|Any CPU
		{A5C6D61A-0FD5-48F8-B574-4B46D188550B}.Debug|x64.ActiveCfg = Debug|Any CPU
		{A5C6D61A-0FD5-48F8-B574-4B46D188550B}.Debug|x64.Build.0 = Debug|Any CPU
		{A5C6D61A-0FD5-48F8-B574-4B46D188550B}.Debug|x86.ActiveCfg = Debug|Any CPU
		{A5C6D61A-0FD5-48F8-B574-4B46D188550B}.Debug|x86.Build.0 = Debug|Any CPU
		{A5C6D61A-0FD5-48F8-B574-4B46D188550B}.Release|Any CPU.ActiveCfg = Release|Any CPU
		{A5C6D61A-0FD5-48F8-B574-4B46D188550B}.Release|Any CPU.Build.0 = Release|Any CPU
		{A5C6D61A-0FD5-48F8-B574-4B46D188550B}.Release|ARM.ActiveCfg = Release|Any CPU
		{A5C6D61A-0FD5-48F8-B574-4B46D188550B}.Release|ARM.Build.0 = Release|Any CPU
		{A5C6D61A-0FD5-48F8-B574-4B46D188550B}.Release|x64.ActiveCfg = Release|Any CPU
		{A5C6D61A-0FD5-48F8-B574-4B46D188550B}.Release|x64.Build.0 = Release|Any CPU
		{A5C6D61A-0FD5-48F8-B574-4B46D188550B}.Release|x86.ActiveCfg = Release|Any CPU
		{A5C6D61A-0FD5-48F8-B574-4B46D188550B}.Release|x86.Build.0 = Release|Any CPU
		{20F1D78F-6E71-4FBA-BB7D-1D54EA11E012}.Debug|Any CPU.ActiveCfg = Debug|Any CPU
		{20F1D78F-6E71-4FBA-BB7D-1D54EA11E012}.Debug|Any CPU.Build.0 = Debug|Any CPU
		{20F1D78F-6E71-4FBA-BB7D-1D54EA11E012}.Debug|ARM.ActiveCfg = Debug|Any CPU
		{20F1D78F-6E71-4FBA-BB7D-1D54EA11E012}.Debug|ARM.Build.0 = Debug|Any CPU
		{20F1D78F-6E71-4FBA-BB7D-1D54EA11E012}.Debug|x64.ActiveCfg = Debug|Any CPU
		{20F1D78F-6E71-4FBA-BB7D-1D54EA11E012}.Debug|x64.Build.0 = Debug|Any CPU
		{20F1D78F-6E71-4FBA-BB7D-1D54EA11E012}.Debug|x86.ActiveCfg = Debug|Any CPU
		{20F1D78F-6E71-4FBA-BB7D-1D54EA11E012}.Debug|x86.Build.0 = Debug|Any CPU
		{20F1D78F-6E71-4FBA-BB7D-1D54EA11E012}.Release|Any CPU.ActiveCfg = Release|Any CPU
		{20F1D78F-6E71-4FBA-BB7D-1D54EA11E012}.Release|Any CPU.Build.0 = Release|Any CPU
		{20F1D78F-6E71-4FBA-BB7D-1D54EA11E012}.Release|ARM.ActiveCfg = Release|Any CPU
		{20F1D78F-6E71-4FBA-BB7D-1D54EA11E012}.Release|ARM.Build.0 = Release|Any CPU
		{20F1D78F-6E71-4FBA-BB7D-1D54EA11E012}.Release|x64.ActiveCfg = Release|Any CPU
		{20F1D78F-6E71-4FBA-BB7D-1D54EA11E012}.Release|x64.Build.0 = Release|Any CPU
		{20F1D78F-6E71-4FBA-BB7D-1D54EA11E012}.Release|x86.ActiveCfg = Release|Any CPU
		{20F1D78F-6E71-4FBA-BB7D-1D54EA11E012}.Release|x86.Build.0 = Release|Any CPU
		{C7BF0C4C-4D81-4545-9143-4FB3470E37B6}.Debug|Any CPU.ActiveCfg = Debug|Any CPU
		{C7BF0C4C-4D81-4545-9143-4FB3470E37B6}.Debug|Any CPU.Build.0 = Debug|Any CPU
		{C7BF0C4C-4D81-4545-9143-4FB3470E37B6}.Debug|ARM.ActiveCfg = Debug|Any CPU
		{C7BF0C4C-4D81-4545-9143-4FB3470E37B6}.Debug|ARM.Build.0 = Debug|Any CPU
		{C7BF0C4C-4D81-4545-9143-4FB3470E37B6}.Debug|x64.ActiveCfg = Debug|Any CPU
		{C7BF0C4C-4D81-4545-9143-4FB3470E37B6}.Debug|x64.Build.0 = Debug|Any CPU
		{C7BF0C4C-4D81-4545-9143-4FB3470E37B6}.Debug|x86.ActiveCfg = Debug|Any CPU
		{C7BF0C4C-4D81-4545-9143-4FB3470E37B6}.Debug|x86.Build.0 = Debug|Any CPU
		{C7BF0C4C-4D81-4545-9143-4FB3470E37B6}.Release|Any CPU.ActiveCfg = Release|Any CPU
		{C7BF0C4C-4D81-4545-9143-4FB3470E37B6}.Release|Any CPU.Build.0 = Release|Any CPU
		{C7BF0C4C-4D81-4545-9143-4FB3470E37B6}.Release|ARM.ActiveCfg = Release|Any CPU
		{C7BF0C4C-4D81-4545-9143-4FB3470E37B6}.Release|ARM.Build.0 = Release|Any CPU
		{C7BF0C4C-4D81-4545-9143-4FB3470E37B6}.Release|x64.ActiveCfg = Release|Any CPU
		{C7BF0C4C-4D81-4545-9143-4FB3470E37B6}.Release|x64.Build.0 = Release|Any CPU
		{C7BF0C4C-4D81-4545-9143-4FB3470E37B6}.Release|x86.ActiveCfg = Release|Any CPU
		{C7BF0C4C-4D81-4545-9143-4FB3470E37B6}.Release|x86.Build.0 = Release|Any CPU
		{01EF3CFF-D354-4B3F-B4B3-CA1863CCD686}.Debug|Any CPU.ActiveCfg = Debug|Any CPU
		{01EF3CFF-D354-4B3F-B4B3-CA1863CCD686}.Debug|Any CPU.Build.0 = Debug|Any CPU
		{01EF3CFF-D354-4B3F-B4B3-CA1863CCD686}.Debug|ARM.ActiveCfg = Debug|Any CPU
		{01EF3CFF-D354-4B3F-B4B3-CA1863CCD686}.Debug|ARM.Build.0 = Debug|Any CPU
		{01EF3CFF-D354-4B3F-B4B3-CA1863CCD686}.Debug|x64.ActiveCfg = Debug|Any CPU
		{01EF3CFF-D354-4B3F-B4B3-CA1863CCD686}.Debug|x64.Build.0 = Debug|Any CPU
		{01EF3CFF-D354-4B3F-B4B3-CA1863CCD686}.Debug|x86.ActiveCfg = Debug|Any CPU
		{01EF3CFF-D354-4B3F-B4B3-CA1863CCD686}.Debug|x86.Build.0 = Debug|Any CPU
		{01EF3CFF-D354-4B3F-B4B3-CA1863CCD686}.Release|Any CPU.ActiveCfg = Release|Any CPU
		{01EF3CFF-D354-4B3F-B4B3-CA1863CCD686}.Release|Any CPU.Build.0 = Release|Any CPU
		{01EF3CFF-D354-4B3F-B4B3-CA1863CCD686}.Release|ARM.ActiveCfg = Release|Any CPU
		{01EF3CFF-D354-4B3F-B4B3-CA1863CCD686}.Release|ARM.Build.0 = Release|Any CPU
		{01EF3CFF-D354-4B3F-B4B3-CA1863CCD686}.Release|x64.ActiveCfg = Release|Any CPU
		{01EF3CFF-D354-4B3F-B4B3-CA1863CCD686}.Release|x64.Build.0 = Release|Any CPU
		{01EF3CFF-D354-4B3F-B4B3-CA1863CCD686}.Release|x86.ActiveCfg = Release|Any CPU
		{01EF3CFF-D354-4B3F-B4B3-CA1863CCD686}.Release|x86.Build.0 = Release|Any CPU
		{1910D6CC-60ED-45F2-8E73-4E6DB2343DB5}.Debug|Any CPU.ActiveCfg = Debug|Any CPU
		{1910D6CC-60ED-45F2-8E73-4E6DB2343DB5}.Debug|Any CPU.Build.0 = Debug|Any CPU
		{1910D6CC-60ED-45F2-8E73-4E6DB2343DB5}.Debug|ARM.ActiveCfg = Debug|Any CPU
		{1910D6CC-60ED-45F2-8E73-4E6DB2343DB5}.Debug|ARM.Build.0 = Debug|Any CPU
		{1910D6CC-60ED-45F2-8E73-4E6DB2343DB5}.Debug|x64.ActiveCfg = Debug|Any CPU
		{1910D6CC-60ED-45F2-8E73-4E6DB2343DB5}.Debug|x64.Build.0 = Debug|Any CPU
		{1910D6CC-60ED-45F2-8E73-4E6DB2343DB5}.Debug|x86.ActiveCfg = Debug|Any CPU
		{1910D6CC-60ED-45F2-8E73-4E6DB2343DB5}.Debug|x86.Build.0 = Debug|Any CPU
		{1910D6CC-60ED-45F2-8E73-4E6DB2343DB5}.Release|Any CPU.ActiveCfg = Release|Any CPU
		{1910D6CC-60ED-45F2-8E73-4E6DB2343DB5}.Release|Any CPU.Build.0 = Release|Any CPU
		{1910D6CC-60ED-45F2-8E73-4E6DB2343DB5}.Release|ARM.ActiveCfg = Release|Any CPU
		{1910D6CC-60ED-45F2-8E73-4E6DB2343DB5}.Release|ARM.Build.0 = Release|Any CPU
		{1910D6CC-60ED-45F2-8E73-4E6DB2343DB5}.Release|x64.ActiveCfg = Release|Any CPU
		{1910D6CC-60ED-45F2-8E73-4E6DB2343DB5}.Release|x64.Build.0 = Release|Any CPU
		{1910D6CC-60ED-45F2-8E73-4E6DB2343DB5}.Release|x86.ActiveCfg = Release|Any CPU
		{1910D6CC-60ED-45F2-8E73-4E6DB2343DB5}.Release|x86.Build.0 = Release|Any CPU
		{078AF6D3-A69F-40CC-B349-48CD82411408}.Debug|Any CPU.ActiveCfg = Debug|Any CPU
		{078AF6D3-A69F-40CC-B349-48CD82411408}.Debug|Any CPU.Build.0 = Debug|Any CPU
		{078AF6D3-A69F-40CC-B349-48CD82411408}.Debug|ARM.ActiveCfg = Debug|Any CPU
		{078AF6D3-A69F-40CC-B349-48CD82411408}.Debug|ARM.Build.0 = Debug|Any CPU
		{078AF6D3-A69F-40CC-B349-48CD82411408}.Debug|x64.ActiveCfg = Debug|Any CPU
		{078AF6D3-A69F-40CC-B349-48CD82411408}.Debug|x64.Build.0 = Debug|Any CPU
		{078AF6D3-A69F-40CC-B349-48CD82411408}.Debug|x86.ActiveCfg = Debug|Any CPU
		{078AF6D3-A69F-40CC-B349-48CD82411408}.Debug|x86.Build.0 = Debug|Any CPU
		{078AF6D3-A69F-40CC-B349-48CD82411408}.Release|Any CPU.ActiveCfg = Release|Any CPU
		{078AF6D3-A69F-40CC-B349-48CD82411408}.Release|Any CPU.Build.0 = Release|Any CPU
		{078AF6D3-A69F-40CC-B349-48CD82411408}.Release|ARM.ActiveCfg = Release|Any CPU
		{078AF6D3-A69F-40CC-B349-48CD82411408}.Release|ARM.Build.0 = Release|Any CPU
		{078AF6D3-A69F-40CC-B349-48CD82411408}.Release|x64.ActiveCfg = Release|Any CPU
		{078AF6D3-A69F-40CC-B349-48CD82411408}.Release|x64.Build.0 = Release|Any CPU
		{078AF6D3-A69F-40CC-B349-48CD82411408}.Release|x86.ActiveCfg = Release|Any CPU
		{078AF6D3-A69F-40CC-B349-48CD82411408}.Release|x86.Build.0 = Release|Any CPU
		{8B0985E3-3FA3-478B-8F33-E8F224778BF9}.Debug|Any CPU.ActiveCfg = Debug|Any CPU
		{8B0985E3-3FA3-478B-8F33-E8F224778BF9}.Debug|Any CPU.Build.0 = Debug|Any CPU
		{8B0985E3-3FA3-478B-8F33-E8F224778BF9}.Debug|ARM.ActiveCfg = Debug|Any CPU
		{8B0985E3-3FA3-478B-8F33-E8F224778BF9}.Debug|ARM.Build.0 = Debug|Any CPU
		{8B0985E3-3FA3-478B-8F33-E8F224778BF9}.Debug|x64.ActiveCfg = Debug|Any CPU
		{8B0985E3-3FA3-478B-8F33-E8F224778BF9}.Debug|x64.Build.0 = Debug|Any CPU
		{8B0985E3-3FA3-478B-8F33-E8F224778BF9}.Debug|x86.ActiveCfg = Debug|Any CPU
		{8B0985E3-3FA3-478B-8F33-E8F224778BF9}.Debug|x86.Build.0 = Debug|Any CPU
		{8B0985E3-3FA3-478B-8F33-E8F224778BF9}.Release|Any CPU.ActiveCfg = Release|Any CPU
		{8B0985E3-3FA3-478B-8F33-E8F224778BF9}.Release|Any CPU.Build.0 = Release|Any CPU
		{8B0985E3-3FA3-478B-8F33-E8F224778BF9}.Release|ARM.ActiveCfg = Release|Any CPU
		{8B0985E3-3FA3-478B-8F33-E8F224778BF9}.Release|ARM.Build.0 = Release|Any CPU
		{8B0985E3-3FA3-478B-8F33-E8F224778BF9}.Release|x64.ActiveCfg = Release|Any CPU
		{8B0985E3-3FA3-478B-8F33-E8F224778BF9}.Release|x64.Build.0 = Release|Any CPU
		{8B0985E3-3FA3-478B-8F33-E8F224778BF9}.Release|x86.ActiveCfg = Release|Any CPU
		{8B0985E3-3FA3-478B-8F33-E8F224778BF9}.Release|x86.Build.0 = Release|Any CPU
		{AC96A013-AF76-42DD-A07B-9464AA670231}.Debug|Any CPU.ActiveCfg = Debug|Any CPU
		{AC96A013-AF76-42DD-A07B-9464AA670231}.Debug|Any CPU.Build.0 = Debug|Any CPU
		{AC96A013-AF76-42DD-A07B-9464AA670231}.Debug|ARM.ActiveCfg = Debug|Any CPU
		{AC96A013-AF76-42DD-A07B-9464AA670231}.Debug|ARM.Build.0 = Debug|Any CPU
		{AC96A013-AF76-42DD-A07B-9464AA670231}.Debug|x64.ActiveCfg = Debug|Any CPU
		{AC96A013-AF76-42DD-A07B-9464AA670231}.Debug|x64.Build.0 = Debug|Any CPU
		{AC96A013-AF76-42DD-A07B-9464AA670231}.Debug|x86.ActiveCfg = Debug|Any CPU
		{AC96A013-AF76-42DD-A07B-9464AA670231}.Debug|x86.Build.0 = Debug|Any CPU
		{AC96A013-AF76-42DD-A07B-9464AA670231}.Release|Any CPU.ActiveCfg = Release|Any CPU
		{AC96A013-AF76-42DD-A07B-9464AA670231}.Release|Any CPU.Build.0 = Release|Any CPU
		{AC96A013-AF76-42DD-A07B-9464AA670231}.Release|ARM.ActiveCfg = Release|Any CPU
		{AC96A013-AF76-42DD-A07B-9464AA670231}.Release|ARM.Build.0 = Release|Any CPU
		{AC96A013-AF76-42DD-A07B-9464AA670231}.Release|x64.ActiveCfg = Release|Any CPU
		{AC96A013-AF76-42DD-A07B-9464AA670231}.Release|x64.Build.0 = Release|Any CPU
		{AC96A013-AF76-42DD-A07B-9464AA670231}.Release|x86.ActiveCfg = Release|Any CPU
		{AC96A013-AF76-42DD-A07B-9464AA670231}.Release|x86.Build.0 = Release|Any CPU
	EndGlobalSection
	GlobalSection(SolutionProperties) = preSolution
		HideSolutionNode = FALSE
	EndGlobalSection
	GlobalSection(NestedProjects) = preSolution
		{A5C6D61A-0FD5-48F8-B574-4B46D188550B} = {494D40EA-694C-49FA-8347-840B8BF1BAD6}
		{20F1D78F-6E71-4FBA-BB7D-1D54EA11E012} = {494D40EA-694C-49FA-8347-840B8BF1BAD6}
		{C7BF0C4C-4D81-4545-9143-4FB3470E37B6} = {494D40EA-694C-49FA-8347-840B8BF1BAD6}
		{01EF3CFF-D354-4B3F-B4B3-CA1863CCD686} = {494D40EA-694C-49FA-8347-840B8BF1BAD6}
		{1910D6CC-60ED-45F2-8E73-4E6DB2343DB5} = {494D40EA-694C-49FA-8347-840B8BF1BAD6}
		{078AF6D3-A69F-40CC-B349-48CD82411408} = {494D40EA-694C-49FA-8347-840B8BF1BAD6}
		{8B0985E3-3FA3-478B-8F33-E8F224778BF9} = {494D40EA-694C-49FA-8347-840B8BF1BAD6}
		{AC96A013-AF76-42DD-A07B-9464AA670231} = {494D40EA-694C-49FA-8347-840B8BF1BAD6}
	EndGlobalSection
	GlobalSection(ExtensibilityGlobals) = postSolution
		SolutionGuid = {125D423D-7CD0-4592-9394-14E612DADE26}
	EndGlobalSection
EndGlobal
