
Microsoft Visual Studio Solution File, Format Version 12.00
# Visual Studio 15
VisualStudioVersion = 15.0.26906.1
MinimumVisualStudioVersion = 10.0.40219.1
Project("{FAE04EC0-301F-11D3-BF4B-00C04F79EFBC}") = "Microsoft.Knowzy.WPF", "src\Microsoft.Knowzy.WPF\Microsoft.Knowzy.WPF.csproj", "{6649444F-E72B-48F3-87D6-EAAC6C11215A}"
EndProject
Project("{2150E333-8FDC-42A3-9474-1A3956D46DE8}") = "src", "src", "{494D40EA-694C-49FA-8347-840B8BF1BAD6}"
EndProject
Project("{2150E333-8FDC-42A3-9474-1A3956D46DE8}") = "Solution Items", "Solution Items", "{0202C4AB-A98F-4526-8AFB-5814E1571BF0}"
	ProjectSection(SolutionItems) = preProject
		.gitattributes = .gitattributes
		.gitignore = .gitignore
		README.md = README.md
	EndProjectSection
EndProject
Project("{FAE04EC0-301F-11D3-BF4B-00C04F79EFBC}") = "Microsoft.Knowzy.AuthenticationService", "src\Microsoft.Knowzy.AuthenticationService\Microsoft.Knowzy.AuthenticationService.csproj", "{FD3CEA43-7EE6-4F1C-8539-1C3973E42696}"
EndProject
Project("{FAE04EC0-301F-11D3-BF4B-00C04F79EFBC}") = "Microsoft.Knowzy.Common", "src\Microsoft.Knowzy.Common\Microsoft.Knowzy.Common.csproj", "{54DE809E-F5E0-4B73-8D4E-8BFBAC356AD2}"
EndProject
Project("{FAE04EC0-301F-11D3-BF4B-00C04F79EFBC}") = "Microsoft.Knowzy.ConfigurationService", "src\Microsoft.Knowzy.ConfigurationService\Microsoft.Knowzy.ConfigurationService.csproj", "{E0189A9C-7BC9-4D1B-9350-35D8B3183B09}"
EndProject
Project("{FAE04EC0-301F-11D3-BF4B-00C04F79EFBC}") = "Microsoft.Knowzy.Domain", "src\Microsoft.Knowzy.Domain\Microsoft.Knowzy.Domain.csproj", "{1910D6CC-60ED-45F2-8E73-4E6DB2343DB5}"
EndProject
Project("{FAE04EC0-301F-11D3-BF4B-00C04F79EFBC}") = "Microsoft.Knowzy.JsonDataProvider", "src\Microsoft.Knowzy.JsonDataProvider\Microsoft.Knowzy.JsonDataProvider.csproj", "{61C124B4-7945-43B3-B551-15F5E4193A1A}"
EndProject
Project("{2150E333-8FDC-42A3-9474-1A3956D46DE8}") = "Database", "Database", "{8EBB4596-4A0A-48D6-A121-06B6FBB8DB0B}"
	ProjectSection(SolutionItems) = preProject
		Database\instknowzydb.sql = Database\instknowzydb.sql
		Database\KnowzyDB.mdf = Database\KnowzyDB.mdf
	EndProjectSection
EndProject
Project("{FAE04EC0-301F-11D3-BF4B-00C04F79EFBC}") = "Microsoft.Knowzy.NET.DAL", "src\Microsoft.Knowzy.NET.DAL\Microsoft.Knowzy.NET.DAL.csproj", "{F9A6B1C9-3D5F-4157-B083-44EECD4FF2D2}"
EndProject
Project("{FAE04EC0-301F-11D3-BF4B-00C04F79EFBC}") = "Microsoft.Knowzy.NET.BLL", "src\Microsoft.Knowzy.NET.BLL\Microsoft.Knowzy.NET.BLL.csproj", "{476D2172-EAD2-49A4-9022-46D54C4B526A}"
EndProject
Project("{FAE04EC0-301F-11D3-BF4B-00C04F79EFBC}") = "Microsoft.Knowzy.UWP", "src\Microsoft.Knowzy.UWP\Microsoft.Knowzy.UWP.csproj", "{C5977021-2A58-404A-9AA7-3C798571385D}"
EndProject
Project("{9A19103F-16F7-4668-BE54-9A1E7A4F7556}") = "Microsoft.Knowzy.Std.BLL", "src\Microsoft.Knowzy.Std.BLL\Microsoft.Knowzy.Std.BLL.csproj", "{95B13908-D400-4C0E-8201-FA2FF11B51AB}"
EndProject
Project("{9A19103F-16F7-4668-BE54-9A1E7A4F7556}") = "Microsoft.Knowzy.Std.DAL", "src\Microsoft.Knowzy.Std.DAL\Microsoft.Knowzy.Std.DAL.csproj", "{3BCF0FCA-6F47-4708-A6E2-23C41059C236}"
EndProject
Project("{9A19103F-16F7-4668-BE54-9A1E7A4F7556}") = "Microsoft.Knowzy.Std.Domain", "src\Microsoft.Knowzy.Std.Domain\Microsoft.Knowzy.Std.Domain.csproj", "{0F938446-4B05-411B-9C8E-2D674B519B31}"
EndProject
Project("{9A19103F-16F7-4668-BE54-9A1E7A4F7556}") = "Microsoft.Knowzy.Std.Common", "src\Microsoft.Knowzy.Std.Common\Microsoft.Knowzy.Std.Common.csproj", "{0FD9F395-D171-4A5B-BE56-4142FA71B099}"
EndProject
Project("{2150E333-8FDC-42A3-9474-1A3956D46DE8}") = ".NET Framework", ".NET Framework", "{2EFCD8FF-32F4-4BB2-9789-1754094F98C9}"
EndProject
Project("{2150E333-8FDC-42A3-9474-1A3956D46DE8}") = ".NET Standard", ".NET Standard", "{A62BA4CC-6D57-4DC7-A399-5CAE02F38E1B}"
EndProject
Project("{2150E333-8FDC-42A3-9474-1A3956D46DE8}") = "UWP", "UWP", "{DD4D0955-417C-4A4B-BB58-92E10299866D}"
EndProject
Project("{2150E333-8FDC-42A3-9474-1A3956D46DE8}") = "ReferencedAssemblies", "ReferencedAssemblies", "{8A3DC065-1A47-4B6B-B3E5-2D2CECDF569A}"
	ProjectSection(SolutionItems) = preProject
		ReferencedAssemblies\System.Data.DataSetExtensions.dll = ReferencedAssemblies\System.Data.DataSetExtensions.dll
		ReferencedAssemblies\System.Data.DataSetExtensions.pdb = ReferencedAssemblies\System.Data.DataSetExtensions.pdb
	EndProjectSection
EndProject
Project("{2150E333-8FDC-42A3-9474-1A3956D46DE8}") = "Xamarin", "Xamarin", "{09A6B385-F7F1-4FEC-BD83-D832E7A2A3A4}"
EndProject
Project("{FAE04EC0-301F-11D3-BF4B-00C04F79EFBC}") = "Microsoft.Knowzy.Xamarin", "src\Microsoft.Knowzy.Xamarin\Microsoft.Knowzy.Xamarin.csproj", "{CF72088B-E0A5-401C-A795-531A81E05248}"
EndProject
Project("{FAE04EC0-301F-11D3-BF4B-00C04F79EFBC}") = "Microsoft.Knowzy.Xamarin.Android", "src\Microsoft.Knowzy.Xamarin.Android\Microsoft.Knowzy.Xamarin.Android.csproj", "{DD942D28-518D-4C06-A0D9-A7D8AB3F54E7}"
EndProject
Project("{2150E333-8FDC-42A3-9474-1A3956D46DE8}") = "Web", "Web", "{BA0CC97B-13CD-420F-8AEB-020D2009ED94}"
EndProject
Project("{FAE04EC0-301F-11D3-BF4B-00C04F79EFBC}") = "Microsoft.Knowzy.Web", "src\Microsoft.Knowzy.Web\Microsoft.Knowzy.Web.csproj", "{768B47B0-4426-45E9-B005-0236F21C85BC}"
EndProject
Global
	GlobalSection(SolutionConfigurationPlatforms) = preSolution
		Ad-Hoc|Any CPU = Ad-Hoc|Any CPU
		Ad-Hoc|ARM = Ad-Hoc|ARM
		Ad-Hoc|iPhone = Ad-Hoc|iPhone
		Ad-Hoc|iPhoneSimulator = Ad-Hoc|iPhoneSimulator
		Ad-Hoc|x64 = Ad-Hoc|x64
		Ad-Hoc|x86 = Ad-Hoc|x86
		AppStore|Any CPU = AppStore|Any CPU
		AppStore|ARM = AppStore|ARM
		AppStore|iPhone = AppStore|iPhone
		AppStore|iPhoneSimulator = AppStore|iPhoneSimulator
		AppStore|x64 = AppStore|x64
		AppStore|x86 = AppStore|x86
		Debug|Any CPU = Debug|Any CPU
		Debug|ARM = Debug|ARM
		Debug|iPhone = Debug|iPhone
		Debug|iPhoneSimulator = Debug|iPhoneSimulator
		Debug|x64 = Debug|x64
		Debug|x86 = Debug|x86
		Release|Any CPU = Release|Any CPU
		Release|ARM = Release|ARM
		Release|iPhone = Release|iPhone
		Release|iPhoneSimulator = Release|iPhoneSimulator
		Release|x64 = Release|x64
		Release|x86 = Release|x86
	EndGlobalSection
	GlobalSection(ProjectConfigurationPlatforms) = postSolution
		{6649444F-E72B-48F3-87D6-EAAC6C11215A}.Ad-Hoc|Any CPU.ActiveCfg = Release|Any CPU
		{6649444F-E72B-48F3-87D6-EAAC6C11215A}.Ad-Hoc|Any CPU.Build.0 = Release|Any CPU
		{6649444F-E72B-48F3-87D6-EAAC6C11215A}.Ad-Hoc|ARM.ActiveCfg = Release|Any CPU
		{6649444F-E72B-48F3-87D6-EAAC6C11215A}.Ad-Hoc|ARM.Build.0 = Release|Any CPU
		{6649444F-E72B-48F3-87D6-EAAC6C11215A}.Ad-Hoc|iPhone.ActiveCfg = Release|Any CPU
		{6649444F-E72B-48F3-87D6-EAAC6C11215A}.Ad-Hoc|iPhone.Build.0 = Release|Any CPU
		{6649444F-E72B-48F3-87D6-EAAC6C11215A}.Ad-Hoc|iPhoneSimulator.ActiveCfg = Release|Any CPU
		{6649444F-E72B-48F3-87D6-EAAC6C11215A}.Ad-Hoc|iPhoneSimulator.Build.0 = Release|Any CPU
		{6649444F-E72B-48F3-87D6-EAAC6C11215A}.Ad-Hoc|x64.ActiveCfg = Release|Any CPU
		{6649444F-E72B-48F3-87D6-EAAC6C11215A}.Ad-Hoc|x64.Build.0 = Release|Any CPU
		{6649444F-E72B-48F3-87D6-EAAC6C11215A}.Ad-Hoc|x86.ActiveCfg = Release|Any CPU
		{6649444F-E72B-48F3-87D6-EAAC6C11215A}.Ad-Hoc|x86.Build.0 = Release|Any CPU
		{6649444F-E72B-48F3-87D6-EAAC6C11215A}.AppStore|Any CPU.ActiveCfg = Release|Any CPU
		{6649444F-E72B-48F3-87D6-EAAC6C11215A}.AppStore|Any CPU.Build.0 = Release|Any CPU
		{6649444F-E72B-48F3-87D6-EAAC6C11215A}.AppStore|ARM.ActiveCfg = Release|Any CPU
		{6649444F-E72B-48F3-87D6-EAAC6C11215A}.AppStore|ARM.Build.0 = Release|Any CPU
		{6649444F-E72B-48F3-87D6-EAAC6C11215A}.AppStore|iPhone.ActiveCfg = Release|Any CPU
		{6649444F-E72B-48F3-87D6-EAAC6C11215A}.AppStore|iPhone.Build.0 = Release|Any CPU
		{6649444F-E72B-48F3-87D6-EAAC6C11215A}.AppStore|iPhoneSimulator.ActiveCfg = Release|Any CPU
		{6649444F-E72B-48F3-87D6-EAAC6C11215A}.AppStore|iPhoneSimulator.Build.0 = Release|Any CPU
		{6649444F-E72B-48F3-87D6-EAAC6C11215A}.AppStore|x64.ActiveCfg = Release|Any CPU
		{6649444F-E72B-48F3-87D6-EAAC6C11215A}.AppStore|x64.Build.0 = Release|Any CPU
		{6649444F-E72B-48F3-87D6-EAAC6C11215A}.AppStore|x86.ActiveCfg = Release|Any CPU
		{6649444F-E72B-48F3-87D6-EAAC6C11215A}.AppStore|x86.Build.0 = Release|Any CPU
		{6649444F-E72B-48F3-87D6-EAAC6C11215A}.Debug|Any CPU.ActiveCfg = Debug|Any CPU
		{6649444F-E72B-48F3-87D6-EAAC6C11215A}.Debug|Any CPU.Build.0 = Debug|Any CPU
		{6649444F-E72B-48F3-87D6-EAAC6C11215A}.Debug|ARM.ActiveCfg = Debug|Any CPU
		{6649444F-E72B-48F3-87D6-EAAC6C11215A}.Debug|ARM.Build.0 = Debug|Any CPU
		{6649444F-E72B-48F3-87D6-EAAC6C11215A}.Debug|iPhone.ActiveCfg = Debug|Any CPU
		{6649444F-E72B-48F3-87D6-EAAC6C11215A}.Debug|iPhone.Build.0 = Debug|Any CPU
		{6649444F-E72B-48F3-87D6-EAAC6C11215A}.Debug|iPhoneSimulator.ActiveCfg = Debug|Any CPU
		{6649444F-E72B-48F3-87D6-EAAC6C11215A}.Debug|iPhoneSimulator.Build.0 = Debug|Any CPU
		{6649444F-E72B-48F3-87D6-EAAC6C11215A}.Debug|x64.ActiveCfg = Debug|Any CPU
		{6649444F-E72B-48F3-87D6-EAAC6C11215A}.Debug|x64.Build.0 = Debug|Any CPU
		{6649444F-E72B-48F3-87D6-EAAC6C11215A}.Debug|x86.ActiveCfg = Debug|Any CPU
		{6649444F-E72B-48F3-87D6-EAAC6C11215A}.Debug|x86.Build.0 = Debug|Any CPU
		{6649444F-E72B-48F3-87D6-EAAC6C11215A}.Release|Any CPU.ActiveCfg = Release|Any CPU
		{6649444F-E72B-48F3-87D6-EAAC6C11215A}.Release|Any CPU.Build.0 = Release|Any CPU
		{6649444F-E72B-48F3-87D6-EAAC6C11215A}.Release|ARM.ActiveCfg = Release|Any CPU
		{6649444F-E72B-48F3-87D6-EAAC6C11215A}.Release|ARM.Build.0 = Release|Any CPU
		{6649444F-E72B-48F3-87D6-EAAC6C11215A}.Release|iPhone.ActiveCfg = Release|Any CPU
		{6649444F-E72B-48F3-87D6-EAAC6C11215A}.Release|iPhone.Build.0 = Release|Any CPU
		{6649444F-E72B-48F3-87D6-EAAC6C11215A}.Release|iPhoneSimulator.ActiveCfg = Release|Any CPU
		{6649444F-E72B-48F3-87D6-EAAC6C11215A}.Release|iPhoneSimulator.Build.0 = Release|Any CPU
		{6649444F-E72B-48F3-87D6-EAAC6C11215A}.Release|x64.ActiveCfg = Release|Any CPU
		{6649444F-E72B-48F3-87D6-EAAC6C11215A}.Release|x64.Build.0 = Release|Any CPU
		{6649444F-E72B-48F3-87D6-EAAC6C11215A}.Release|x86.ActiveCfg = Release|Any CPU
		{6649444F-E72B-48F3-87D6-EAAC6C11215A}.Release|x86.Build.0 = Release|Any CPU
		{FD3CEA43-7EE6-4F1C-8539-1C3973E42696}.Ad-Hoc|Any CPU.ActiveCfg = Release|Any CPU
		{FD3CEA43-7EE6-4F1C-8539-1C3973E42696}.Ad-Hoc|Any CPU.Build.0 = Release|Any CPU
		{FD3CEA43-7EE6-4F1C-8539-1C3973E42696}.Ad-Hoc|ARM.ActiveCfg = Release|Any CPU
		{FD3CEA43-7EE6-4F1C-8539-1C3973E42696}.Ad-Hoc|ARM.Build.0 = Release|Any CPU
		{FD3CEA43-7EE6-4F1C-8539-1C3973E42696}.Ad-Hoc|iPhone.ActiveCfg = Release|Any CPU
		{FD3CEA43-7EE6-4F1C-8539-1C3973E42696}.Ad-Hoc|iPhone.Build.0 = Release|Any CPU
		{FD3CEA43-7EE6-4F1C-8539-1C3973E42696}.Ad-Hoc|iPhoneSimulator.ActiveCfg = Release|Any CPU
		{FD3CEA43-7EE6-4F1C-8539-1C3973E42696}.Ad-Hoc|iPhoneSimulator.Build.0 = Release|Any CPU
		{FD3CEA43-7EE6-4F1C-8539-1C3973E42696}.Ad-Hoc|x64.ActiveCfg = Release|Any CPU
		{FD3CEA43-7EE6-4F1C-8539-1C3973E42696}.Ad-Hoc|x64.Build.0 = Release|Any CPU
		{FD3CEA43-7EE6-4F1C-8539-1C3973E42696}.Ad-Hoc|x86.ActiveCfg = Release|Any CPU
		{FD3CEA43-7EE6-4F1C-8539-1C3973E42696}.Ad-Hoc|x86.Build.0 = Release|Any CPU
		{FD3CEA43-7EE6-4F1C-8539-1C3973E42696}.AppStore|Any CPU.ActiveCfg = Release|Any CPU
		{FD3CEA43-7EE6-4F1C-8539-1C3973E42696}.AppStore|Any CPU.Build.0 = Release|Any CPU
		{FD3CEA43-7EE6-4F1C-8539-1C3973E42696}.AppStore|ARM.ActiveCfg = Release|Any CPU
		{FD3CEA43-7EE6-4F1C-8539-1C3973E42696}.AppStore|ARM.Build.0 = Release|Any CPU
		{FD3CEA43-7EE6-4F1C-8539-1C3973E42696}.AppStore|iPhone.ActiveCfg = Release|Any CPU
		{FD3CEA43-7EE6-4F1C-8539-1C3973E42696}.AppStore|iPhone.Build.0 = Release|Any CPU
		{FD3CEA43-7EE6-4F1C-8539-1C3973E42696}.AppStore|iPhoneSimulator.ActiveCfg = Release|Any CPU
		{FD3CEA43-7EE6-4F1C-8539-1C3973E42696}.AppStore|iPhoneSimulator.Build.0 = Release|Any CPU
		{FD3CEA43-7EE6-4F1C-8539-1C3973E42696}.AppStore|x64.ActiveCfg = Release|Any CPU
		{FD3CEA43-7EE6-4F1C-8539-1C3973E42696}.AppStore|x64.Build.0 = Release|Any CPU
		{FD3CEA43-7EE6-4F1C-8539-1C3973E42696}.AppStore|x86.ActiveCfg = Release|Any CPU
		{FD3CEA43-7EE6-4F1C-8539-1C3973E42696}.AppStore|x86.Build.0 = Release|Any CPU
		{FD3CEA43-7EE6-4F1C-8539-1C3973E42696}.Debug|Any CPU.ActiveCfg = Debug|Any CPU
		{FD3CEA43-7EE6-4F1C-8539-1C3973E42696}.Debug|Any CPU.Build.0 = Debug|Any CPU
		{FD3CEA43-7EE6-4F1C-8539-1C3973E42696}.Debug|ARM.ActiveCfg = Debug|Any CPU
		{FD3CEA43-7EE6-4F1C-8539-1C3973E42696}.Debug|ARM.Build.0 = Debug|Any CPU
		{FD3CEA43-7EE6-4F1C-8539-1C3973E42696}.Debug|iPhone.ActiveCfg = Debug|Any CPU
		{FD3CEA43-7EE6-4F1C-8539-1C3973E42696}.Debug|iPhone.Build.0 = Debug|Any CPU
		{FD3CEA43-7EE6-4F1C-8539-1C3973E42696}.Debug|iPhoneSimulator.ActiveCfg = Debug|Any CPU
		{FD3CEA43-7EE6-4F1C-8539-1C3973E42696}.Debug|iPhoneSimulator.Build.0 = Debug|Any CPU
		{FD3CEA43-7EE6-4F1C-8539-1C3973E42696}.Debug|x64.ActiveCfg = Debug|Any CPU
		{FD3CEA43-7EE6-4F1C-8539-1C3973E42696}.Debug|x64.Build.0 = Debug|Any CPU
		{FD3CEA43-7EE6-4F1C-8539-1C3973E42696}.Debug|x86.ActiveCfg = Debug|Any CPU
		{FD3CEA43-7EE6-4F1C-8539-1C3973E42696}.Debug|x86.Build.0 = Debug|Any CPU
		{FD3CEA43-7EE6-4F1C-8539-1C3973E42696}.Release|Any CPU.ActiveCfg = Release|Any CPU
		{FD3CEA43-7EE6-4F1C-8539-1C3973E42696}.Release|Any CPU.Build.0 = Release|Any CPU
		{FD3CEA43-7EE6-4F1C-8539-1C3973E42696}.Release|ARM.ActiveCfg = Release|Any CPU
		{FD3CEA43-7EE6-4F1C-8539-1C3973E42696}.Release|ARM.Build.0 = Release|Any CPU
		{FD3CEA43-7EE6-4F1C-8539-1C3973E42696}.Release|iPhone.ActiveCfg = Release|Any CPU
		{FD3CEA43-7EE6-4F1C-8539-1C3973E42696}.Release|iPhone.Build.0 = Release|Any CPU
		{FD3CEA43-7EE6-4F1C-8539-1C3973E42696}.Release|iPhoneSimulator.ActiveCfg = Release|Any CPU
		{FD3CEA43-7EE6-4F1C-8539-1C3973E42696}.Release|iPhoneSimulator.Build.0 = Release|Any CPU
		{FD3CEA43-7EE6-4F1C-8539-1C3973E42696}.Release|x64.ActiveCfg = Release|Any CPU
		{FD3CEA43-7EE6-4F1C-8539-1C3973E42696}.Release|x64.Build.0 = Release|Any CPU
		{FD3CEA43-7EE6-4F1C-8539-1C3973E42696}.Release|x86.ActiveCfg = Release|Any CPU
		{FD3CEA43-7EE6-4F1C-8539-1C3973E42696}.Release|x86.Build.0 = Release|Any CPU
		{54DE809E-F5E0-4B73-8D4E-8BFBAC356AD2}.Ad-Hoc|Any CPU.ActiveCfg = Release|Any CPU
		{54DE809E-F5E0-4B73-8D4E-8BFBAC356AD2}.Ad-Hoc|Any CPU.Build.0 = Release|Any CPU
		{54DE809E-F5E0-4B73-8D4E-8BFBAC356AD2}.Ad-Hoc|ARM.ActiveCfg = Release|Any CPU
		{54DE809E-F5E0-4B73-8D4E-8BFBAC356AD2}.Ad-Hoc|ARM.Build.0 = Release|Any CPU
		{54DE809E-F5E0-4B73-8D4E-8BFBAC356AD2}.Ad-Hoc|iPhone.ActiveCfg = Release|Any CPU
		{54DE809E-F5E0-4B73-8D4E-8BFBAC356AD2}.Ad-Hoc|iPhone.Build.0 = Release|Any CPU
		{54DE809E-F5E0-4B73-8D4E-8BFBAC356AD2}.Ad-Hoc|iPhoneSimulator.ActiveCfg = Release|Any CPU
		{54DE809E-F5E0-4B73-8D4E-8BFBAC356AD2}.Ad-Hoc|iPhoneSimulator.Build.0 = Release|Any CPU
		{54DE809E-F5E0-4B73-8D4E-8BFBAC356AD2}.Ad-Hoc|x64.ActiveCfg = Release|Any CPU
		{54DE809E-F5E0-4B73-8D4E-8BFBAC356AD2}.Ad-Hoc|x64.Build.0 = Release|Any CPU
		{54DE809E-F5E0-4B73-8D4E-8BFBAC356AD2}.Ad-Hoc|x86.ActiveCfg = Release|Any CPU
		{54DE809E-F5E0-4B73-8D4E-8BFBAC356AD2}.Ad-Hoc|x86.Build.0 = Release|Any CPU
		{54DE809E-F5E0-4B73-8D4E-8BFBAC356AD2}.AppStore|Any CPU.ActiveCfg = Release|Any CPU
		{54DE809E-F5E0-4B73-8D4E-8BFBAC356AD2}.AppStore|Any CPU.Build.0 = Release|Any CPU
		{54DE809E-F5E0-4B73-8D4E-8BFBAC356AD2}.AppStore|ARM.ActiveCfg = Release|Any CPU
		{54DE809E-F5E0-4B73-8D4E-8BFBAC356AD2}.AppStore|ARM.Build.0 = Release|Any CPU
		{54DE809E-F5E0-4B73-8D4E-8BFBAC356AD2}.AppStore|iPhone.ActiveCfg = Release|Any CPU
		{54DE809E-F5E0-4B73-8D4E-8BFBAC356AD2}.AppStore|iPhone.Build.0 = Release|Any CPU
		{54DE809E-F5E0-4B73-8D4E-8BFBAC356AD2}.AppStore|iPhoneSimulator.ActiveCfg = Release|Any CPU
		{54DE809E-F5E0-4B73-8D4E-8BFBAC356AD2}.AppStore|iPhoneSimulator.Build.0 = Release|Any CPU
		{54DE809E-F5E0-4B73-8D4E-8BFBAC356AD2}.AppStore|x64.ActiveCfg = Release|Any CPU
		{54DE809E-F5E0-4B73-8D4E-8BFBAC356AD2}.AppStore|x64.Build.0 = Release|Any CPU
		{54DE809E-F5E0-4B73-8D4E-8BFBAC356AD2}.AppStore|x86.ActiveCfg = Release|Any CPU
		{54DE809E-F5E0-4B73-8D4E-8BFBAC356AD2}.AppStore|x86.Build.0 = Release|Any CPU
		{54DE809E-F5E0-4B73-8D4E-8BFBAC356AD2}.Debug|Any CPU.ActiveCfg = Debug|Any CPU
		{54DE809E-F5E0-4B73-8D4E-8BFBAC356AD2}.Debug|Any CPU.Build.0 = Debug|Any CPU
		{54DE809E-F5E0-4B73-8D4E-8BFBAC356AD2}.Debug|ARM.ActiveCfg = Debug|Any CPU
		{54DE809E-F5E0-4B73-8D4E-8BFBAC356AD2}.Debug|ARM.Build.0 = Debug|Any CPU
		{54DE809E-F5E0-4B73-8D4E-8BFBAC356AD2}.Debug|iPhone.ActiveCfg = Debug|Any CPU
		{54DE809E-F5E0-4B73-8D4E-8BFBAC356AD2}.Debug|iPhone.Build.0 = Debug|Any CPU
		{54DE809E-F5E0-4B73-8D4E-8BFBAC356AD2}.Debug|iPhoneSimulator.ActiveCfg = Debug|Any CPU
		{54DE809E-F5E0-4B73-8D4E-8BFBAC356AD2}.Debug|iPhoneSimulator.Build.0 = Debug|Any CPU
		{54DE809E-F5E0-4B73-8D4E-8BFBAC356AD2}.Debug|x64.ActiveCfg = Debug|Any CPU
		{54DE809E-F5E0-4B73-8D4E-8BFBAC356AD2}.Debug|x64.Build.0 = Debug|Any CPU
		{54DE809E-F5E0-4B73-8D4E-8BFBAC356AD2}.Debug|x86.ActiveCfg = Debug|Any CPU
		{54DE809E-F5E0-4B73-8D4E-8BFBAC356AD2}.Debug|x86.Build.0 = Debug|Any CPU
		{54DE809E-F5E0-4B73-8D4E-8BFBAC356AD2}.Release|Any CPU.ActiveCfg = Release|Any CPU
		{54DE809E-F5E0-4B73-8D4E-8BFBAC356AD2}.Release|Any CPU.Build.0 = Release|Any CPU
		{54DE809E-F5E0-4B73-8D4E-8BFBAC356AD2}.Release|ARM.ActiveCfg = Release|Any CPU
		{54DE809E-F5E0-4B73-8D4E-8BFBAC356AD2}.Release|ARM.Build.0 = Release|Any CPU
		{54DE809E-F5E0-4B73-8D4E-8BFBAC356AD2}.Release|iPhone.ActiveCfg = Release|Any CPU
		{54DE809E-F5E0-4B73-8D4E-8BFBAC356AD2}.Release|iPhone.Build.0 = Release|Any CPU
		{54DE809E-F5E0-4B73-8D4E-8BFBAC356AD2}.Release|iPhoneSimulator.ActiveCfg = Release|Any CPU
		{54DE809E-F5E0-4B73-8D4E-8BFBAC356AD2}.Release|iPhoneSimulator.Build.0 = Release|Any CPU
		{54DE809E-F5E0-4B73-8D4E-8BFBAC356AD2}.Release|x64.ActiveCfg = Release|Any CPU
		{54DE809E-F5E0-4B73-8D4E-8BFBAC356AD2}.Release|x64.Build.0 = Release|Any CPU
		{54DE809E-F5E0-4B73-8D4E-8BFBAC356AD2}.Release|x86.ActiveCfg = Release|Any CPU
		{54DE809E-F5E0-4B73-8D4E-8BFBAC356AD2}.Release|x86.Build.0 = Release|Any CPU
		{E0189A9C-7BC9-4D1B-9350-35D8B3183B09}.Ad-Hoc|Any CPU.ActiveCfg = Release|Any CPU
		{E0189A9C-7BC9-4D1B-9350-35D8B3183B09}.Ad-Hoc|Any CPU.Build.0 = Release|Any CPU
		{E0189A9C-7BC9-4D1B-9350-35D8B3183B09}.Ad-Hoc|ARM.ActiveCfg = Release|Any CPU
		{E0189A9C-7BC9-4D1B-9350-35D8B3183B09}.Ad-Hoc|ARM.Build.0 = Release|Any CPU
		{E0189A9C-7BC9-4D1B-9350-35D8B3183B09}.Ad-Hoc|iPhone.ActiveCfg = Release|Any CPU
		{E0189A9C-7BC9-4D1B-9350-35D8B3183B09}.Ad-Hoc|iPhone.Build.0 = Release|Any CPU
		{E0189A9C-7BC9-4D1B-9350-35D8B3183B09}.Ad-Hoc|iPhoneSimulator.ActiveCfg = Release|Any CPU
		{E0189A9C-7BC9-4D1B-9350-35D8B3183B09}.Ad-Hoc|iPhoneSimulator.Build.0 = Release|Any CPU
		{E0189A9C-7BC9-4D1B-9350-35D8B3183B09}.Ad-Hoc|x64.ActiveCfg = Release|Any CPU
		{E0189A9C-7BC9-4D1B-9350-35D8B3183B09}.Ad-Hoc|x64.Build.0 = Release|Any CPU
		{E0189A9C-7BC9-4D1B-9350-35D8B3183B09}.Ad-Hoc|x86.ActiveCfg = Release|Any CPU
		{E0189A9C-7BC9-4D1B-9350-35D8B3183B09}.Ad-Hoc|x86.Build.0 = Release|Any CPU
		{E0189A9C-7BC9-4D1B-9350-35D8B3183B09}.AppStore|Any CPU.ActiveCfg = Release|Any CPU
		{E0189A9C-7BC9-4D1B-9350-35D8B3183B09}.AppStore|Any CPU.Build.0 = Release|Any CPU
		{E0189A9C-7BC9-4D1B-9350-35D8B3183B09}.AppStore|ARM.ActiveCfg = Release|Any CPU
		{E0189A9C-7BC9-4D1B-9350-35D8B3183B09}.AppStore|ARM.Build.0 = Release|Any CPU
		{E0189A9C-7BC9-4D1B-9350-35D8B3183B09}.AppStore|iPhone.ActiveCfg = Release|Any CPU
		{E0189A9C-7BC9-4D1B-9350-35D8B3183B09}.AppStore|iPhone.Build.0 = Release|Any CPU
		{E0189A9C-7BC9-4D1B-9350-35D8B3183B09}.AppStore|iPhoneSimulator.ActiveCfg = Release|Any CPU
		{E0189A9C-7BC9-4D1B-9350-35D8B3183B09}.AppStore|iPhoneSimulator.Build.0 = Release|Any CPU
		{E0189A9C-7BC9-4D1B-9350-35D8B3183B09}.AppStore|x64.ActiveCfg = Release|Any CPU
		{E0189A9C-7BC9-4D1B-9350-35D8B3183B09}.AppStore|x64.Build.0 = Release|Any CPU
		{E0189A9C-7BC9-4D1B-9350-35D8B3183B09}.AppStore|x86.ActiveCfg = Release|Any CPU
		{E0189A9C-7BC9-4D1B-9350-35D8B3183B09}.AppStore|x86.Build.0 = Release|Any CPU
		{E0189A9C-7BC9-4D1B-9350-35D8B3183B09}.Debug|Any CPU.ActiveCfg = Debug|Any CPU
		{E0189A9C-7BC9-4D1B-9350-35D8B3183B09}.Debug|Any CPU.Build.0 = Debug|Any CPU
		{E0189A9C-7BC9-4D1B-9350-35D8B3183B09}.Debug|ARM.ActiveCfg = Debug|Any CPU
		{E0189A9C-7BC9-4D1B-9350-35D8B3183B09}.Debug|ARM.Build.0 = Debug|Any CPU
		{E0189A9C-7BC9-4D1B-9350-35D8B3183B09}.Debug|iPhone.ActiveCfg = Debug|Any CPU
		{E0189A9C-7BC9-4D1B-9350-35D8B3183B09}.Debug|iPhone.Build.0 = Debug|Any CPU
		{E0189A9C-7BC9-4D1B-9350-35D8B3183B09}.Debug|iPhoneSimulator.ActiveCfg = Debug|Any CPU
		{E0189A9C-7BC9-4D1B-9350-35D8B3183B09}.Debug|iPhoneSimulator.Build.0 = Debug|Any CPU
		{E0189A9C-7BC9-4D1B-9350-35D8B3183B09}.Debug|x64.ActiveCfg = Debug|Any CPU
		{E0189A9C-7BC9-4D1B-9350-35D8B3183B09}.Debug|x64.Build.0 = Debug|Any CPU
		{E0189A9C-7BC9-4D1B-9350-35D8B3183B09}.Debug|x86.ActiveCfg = Debug|Any CPU
		{E0189A9C-7BC9-4D1B-9350-35D8B3183B09}.Debug|x86.Build.0 = Debug|Any CPU
		{E0189A9C-7BC9-4D1B-9350-35D8B3183B09}.Release|Any CPU.ActiveCfg = Release|Any CPU
		{E0189A9C-7BC9-4D1B-9350-35D8B3183B09}.Release|Any CPU.Build.0 = Release|Any CPU
		{E0189A9C-7BC9-4D1B-9350-35D8B3183B09}.Release|ARM.ActiveCfg = Release|Any CPU
		{E0189A9C-7BC9-4D1B-9350-35D8B3183B09}.Release|ARM.Build.0 = Release|Any CPU
		{E0189A9C-7BC9-4D1B-9350-35D8B3183B09}.Release|iPhone.ActiveCfg = Release|Any CPU
		{E0189A9C-7BC9-4D1B-9350-35D8B3183B09}.Release|iPhone.Build.0 = Release|Any CPU
		{E0189A9C-7BC9-4D1B-9350-35D8B3183B09}.Release|iPhoneSimulator.ActiveCfg = Release|Any CPU
		{E0189A9C-7BC9-4D1B-9350-35D8B3183B09}.Release|iPhoneSimulator.Build.0 = Release|Any CPU
		{E0189A9C-7BC9-4D1B-9350-35D8B3183B09}.Release|x64.ActiveCfg = Release|Any CPU
		{E0189A9C-7BC9-4D1B-9350-35D8B3183B09}.Release|x64.Build.0 = Release|Any CPU
		{E0189A9C-7BC9-4D1B-9350-35D8B3183B09}.Release|x86.ActiveCfg = Release|Any CPU
		{E0189A9C-7BC9-4D1B-9350-35D8B3183B09}.Release|x86.Build.0 = Release|Any CPU
		{1910D6CC-60ED-45F2-8E73-4E6DB2343DB5}.Ad-Hoc|Any CPU.ActiveCfg = Release|Any CPU
		{1910D6CC-60ED-45F2-8E73-4E6DB2343DB5}.Ad-Hoc|Any CPU.Build.0 = Release|Any CPU
		{1910D6CC-60ED-45F2-8E73-4E6DB2343DB5}.Ad-Hoc|ARM.ActiveCfg = Release|Any CPU
		{1910D6CC-60ED-45F2-8E73-4E6DB2343DB5}.Ad-Hoc|ARM.Build.0 = Release|Any CPU
		{1910D6CC-60ED-45F2-8E73-4E6DB2343DB5}.Ad-Hoc|iPhone.ActiveCfg = Release|Any CPU
		{1910D6CC-60ED-45F2-8E73-4E6DB2343DB5}.Ad-Hoc|iPhone.Build.0 = Release|Any CPU
		{1910D6CC-60ED-45F2-8E73-4E6DB2343DB5}.Ad-Hoc|iPhoneSimulator.ActiveCfg = Release|Any CPU
		{1910D6CC-60ED-45F2-8E73-4E6DB2343DB5}.Ad-Hoc|iPhoneSimulator.Build.0 = Release|Any CPU
		{1910D6CC-60ED-45F2-8E73-4E6DB2343DB5}.Ad-Hoc|x64.ActiveCfg = Release|Any CPU
		{1910D6CC-60ED-45F2-8E73-4E6DB2343DB5}.Ad-Hoc|x64.Build.0 = Release|Any CPU
		{1910D6CC-60ED-45F2-8E73-4E6DB2343DB5}.Ad-Hoc|x86.ActiveCfg = Release|Any CPU
		{1910D6CC-60ED-45F2-8E73-4E6DB2343DB5}.Ad-Hoc|x86.Build.0 = Release|Any CPU
		{1910D6CC-60ED-45F2-8E73-4E6DB2343DB5}.AppStore|Any CPU.ActiveCfg = Release|Any CPU
		{1910D6CC-60ED-45F2-8E73-4E6DB2343DB5}.AppStore|Any CPU.Build.0 = Release|Any CPU
		{1910D6CC-60ED-45F2-8E73-4E6DB2343DB5}.AppStore|ARM.ActiveCfg = Release|Any CPU
		{1910D6CC-60ED-45F2-8E73-4E6DB2343DB5}.AppStore|ARM.Build.0 = Release|Any CPU
		{1910D6CC-60ED-45F2-8E73-4E6DB2343DB5}.AppStore|iPhone.ActiveCfg = Release|Any CPU
		{1910D6CC-60ED-45F2-8E73-4E6DB2343DB5}.AppStore|iPhone.Build.0 = Release|Any CPU
		{1910D6CC-60ED-45F2-8E73-4E6DB2343DB5}.AppStore|iPhoneSimulator.ActiveCfg = Release|Any CPU
		{1910D6CC-60ED-45F2-8E73-4E6DB2343DB5}.AppStore|iPhoneSimulator.Build.0 = Release|Any CPU
		{1910D6CC-60ED-45F2-8E73-4E6DB2343DB5}.AppStore|x64.ActiveCfg = Release|Any CPU
		{1910D6CC-60ED-45F2-8E73-4E6DB2343DB5}.AppStore|x64.Build.0 = Release|Any CPU
		{1910D6CC-60ED-45F2-8E73-4E6DB2343DB5}.AppStore|x86.ActiveCfg = Release|Any CPU
		{1910D6CC-60ED-45F2-8E73-4E6DB2343DB5}.AppStore|x86.Build.0 = Release|Any CPU
		{1910D6CC-60ED-45F2-8E73-4E6DB2343DB5}.Debug|Any CPU.ActiveCfg = Debug|Any CPU
		{1910D6CC-60ED-45F2-8E73-4E6DB2343DB5}.Debug|Any CPU.Build.0 = Debug|Any CPU
		{1910D6CC-60ED-45F2-8E73-4E6DB2343DB5}.Debug|ARM.ActiveCfg = Debug|Any CPU
		{1910D6CC-60ED-45F2-8E73-4E6DB2343DB5}.Debug|ARM.Build.0 = Debug|Any CPU
		{1910D6CC-60ED-45F2-8E73-4E6DB2343DB5}.Debug|iPhone.ActiveCfg = Debug|Any CPU
		{1910D6CC-60ED-45F2-8E73-4E6DB2343DB5}.Debug|iPhone.Build.0 = Debug|Any CPU
		{1910D6CC-60ED-45F2-8E73-4E6DB2343DB5}.Debug|iPhoneSimulator.ActiveCfg = Debug|Any CPU
		{1910D6CC-60ED-45F2-8E73-4E6DB2343DB5}.Debug|iPhoneSimulator.Build.0 = Debug|Any CPU
		{1910D6CC-60ED-45F2-8E73-4E6DB2343DB5}.Debug|x64.ActiveCfg = Debug|Any CPU
		{1910D6CC-60ED-45F2-8E73-4E6DB2343DB5}.Debug|x64.Build.0 = Debug|Any CPU
		{1910D6CC-60ED-45F2-8E73-4E6DB2343DB5}.Debug|x86.ActiveCfg = Debug|Any CPU
		{1910D6CC-60ED-45F2-8E73-4E6DB2343DB5}.Debug|x86.Build.0 = Debug|Any CPU
		{1910D6CC-60ED-45F2-8E73-4E6DB2343DB5}.Release|Any CPU.ActiveCfg = Release|Any CPU
		{1910D6CC-60ED-45F2-8E73-4E6DB2343DB5}.Release|Any CPU.Build.0 = Release|Any CPU
		{1910D6CC-60ED-45F2-8E73-4E6DB2343DB5}.Release|ARM.ActiveCfg = Release|Any CPU
		{1910D6CC-60ED-45F2-8E73-4E6DB2343DB5}.Release|ARM.Build.0 = Release|Any CPU
		{1910D6CC-60ED-45F2-8E73-4E6DB2343DB5}.Release|iPhone.ActiveCfg = Release|Any CPU
		{1910D6CC-60ED-45F2-8E73-4E6DB2343DB5}.Release|iPhone.Build.0 = Release|Any CPU
		{1910D6CC-60ED-45F2-8E73-4E6DB2343DB5}.Release|iPhoneSimulator.ActiveCfg = Release|Any CPU
		{1910D6CC-60ED-45F2-8E73-4E6DB2343DB5}.Release|iPhoneSimulator.Build.0 = Release|Any CPU
		{1910D6CC-60ED-45F2-8E73-4E6DB2343DB5}.Release|x64.ActiveCfg = Release|Any CPU
		{1910D6CC-60ED-45F2-8E73-4E6DB2343DB5}.Release|x64.Build.0 = Release|Any CPU
		{1910D6CC-60ED-45F2-8E73-4E6DB2343DB5}.Release|x86.ActiveCfg = Release|Any CPU
		{1910D6CC-60ED-45F2-8E73-4E6DB2343DB5}.Release|x86.Build.0 = Release|Any CPU
		{61C124B4-7945-43B3-B551-15F5E4193A1A}.Ad-Hoc|Any CPU.ActiveCfg = Release|Any CPU
		{61C124B4-7945-43B3-B551-15F5E4193A1A}.Ad-Hoc|Any CPU.Build.0 = Release|Any CPU
		{61C124B4-7945-43B3-B551-15F5E4193A1A}.Ad-Hoc|ARM.ActiveCfg = Release|Any CPU
		{61C124B4-7945-43B3-B551-15F5E4193A1A}.Ad-Hoc|ARM.Build.0 = Release|Any CPU
		{61C124B4-7945-43B3-B551-15F5E4193A1A}.Ad-Hoc|iPhone.ActiveCfg = Release|Any CPU
		{61C124B4-7945-43B3-B551-15F5E4193A1A}.Ad-Hoc|iPhone.Build.0 = Release|Any CPU
		{61C124B4-7945-43B3-B551-15F5E4193A1A}.Ad-Hoc|iPhoneSimulator.ActiveCfg = Release|Any CPU
		{61C124B4-7945-43B3-B551-15F5E4193A1A}.Ad-Hoc|iPhoneSimulator.Build.0 = Release|Any CPU
		{61C124B4-7945-43B3-B551-15F5E4193A1A}.Ad-Hoc|x64.ActiveCfg = Release|Any CPU
		{61C124B4-7945-43B3-B551-15F5E4193A1A}.Ad-Hoc|x64.Build.0 = Release|Any CPU
		{61C124B4-7945-43B3-B551-15F5E4193A1A}.Ad-Hoc|x86.ActiveCfg = Release|Any CPU
		{61C124B4-7945-43B3-B551-15F5E4193A1A}.Ad-Hoc|x86.Build.0 = Release|Any CPU
		{61C124B4-7945-43B3-B551-15F5E4193A1A}.AppStore|Any CPU.ActiveCfg = Release|Any CPU
		{61C124B4-7945-43B3-B551-15F5E4193A1A}.AppStore|Any CPU.Build.0 = Release|Any CPU
		{61C124B4-7945-43B3-B551-15F5E4193A1A}.AppStore|ARM.ActiveCfg = Release|Any CPU
		{61C124B4-7945-43B3-B551-15F5E4193A1A}.AppStore|ARM.Build.0 = Release|Any CPU
		{61C124B4-7945-43B3-B551-15F5E4193A1A}.AppStore|iPhone.ActiveCfg = Release|Any CPU
		{61C124B4-7945-43B3-B551-15F5E4193A1A}.AppStore|iPhone.Build.0 = Release|Any CPU
		{61C124B4-7945-43B3-B551-15F5E4193A1A}.AppStore|iPhoneSimulator.ActiveCfg = Release|Any CPU
		{61C124B4-7945-43B3-B551-15F5E4193A1A}.AppStore|iPhoneSimulator.Build.0 = Release|Any CPU
		{61C124B4-7945-43B3-B551-15F5E4193A1A}.AppStore|x64.ActiveCfg = Release|Any CPU
		{61C124B4-7945-43B3-B551-15F5E4193A1A}.AppStore|x64.Build.0 = Release|Any CPU
		{61C124B4-7945-43B3-B551-15F5E4193A1A}.AppStore|x86.ActiveCfg = Release|Any CPU
		{61C124B4-7945-43B3-B551-15F5E4193A1A}.AppStore|x86.Build.0 = Release|Any CPU
		{61C124B4-7945-43B3-B551-15F5E4193A1A}.Debug|Any CPU.ActiveCfg = Debug|Any CPU
		{61C124B4-7945-43B3-B551-15F5E4193A1A}.Debug|Any CPU.Build.0 = Debug|Any CPU
		{61C124B4-7945-43B3-B551-15F5E4193A1A}.Debug|ARM.ActiveCfg = Debug|Any CPU
		{61C124B4-7945-43B3-B551-15F5E4193A1A}.Debug|ARM.Build.0 = Debug|Any CPU
		{61C124B4-7945-43B3-B551-15F5E4193A1A}.Debug|iPhone.ActiveCfg = Debug|Any CPU
		{61C124B4-7945-43B3-B551-15F5E4193A1A}.Debug|iPhone.Build.0 = Debug|Any CPU
		{61C124B4-7945-43B3-B551-15F5E4193A1A}.Debug|iPhoneSimulator.ActiveCfg = Debug|Any CPU
		{61C124B4-7945-43B3-B551-15F5E4193A1A}.Debug|iPhoneSimulator.Build.0 = Debug|Any CPU
		{61C124B4-7945-43B3-B551-15F5E4193A1A}.Debug|x64.ActiveCfg = Debug|Any CPU
		{61C124B4-7945-43B3-B551-15F5E4193A1A}.Debug|x64.Build.0 = Debug|Any CPU
		{61C124B4-7945-43B3-B551-15F5E4193A1A}.Debug|x86.ActiveCfg = Debug|Any CPU
		{61C124B4-7945-43B3-B551-15F5E4193A1A}.Debug|x86.Build.0 = Debug|Any CPU
		{61C124B4-7945-43B3-B551-15F5E4193A1A}.Release|Any CPU.ActiveCfg = Release|Any CPU
		{61C124B4-7945-43B3-B551-15F5E4193A1A}.Release|Any CPU.Build.0 = Release|Any CPU
		{61C124B4-7945-43B3-B551-15F5E4193A1A}.Release|ARM.ActiveCfg = Release|Any CPU
		{61C124B4-7945-43B3-B551-15F5E4193A1A}.Release|ARM.Build.0 = Release|Any CPU
		{61C124B4-7945-43B3-B551-15F5E4193A1A}.Release|iPhone.ActiveCfg = Release|Any CPU
		{61C124B4-7945-43B3-B551-15F5E4193A1A}.Release|iPhone.Build.0 = Release|Any CPU
		{61C124B4-7945-43B3-B551-15F5E4193A1A}.Release|iPhoneSimulator.ActiveCfg = Release|Any CPU
		{61C124B4-7945-43B3-B551-15F5E4193A1A}.Release|iPhoneSimulator.Build.0 = Release|Any CPU
		{61C124B4-7945-43B3-B551-15F5E4193A1A}.Release|x64.ActiveCfg = Release|Any CPU
		{61C124B4-7945-43B3-B551-15F5E4193A1A}.Release|x64.Build.0 = Release|Any CPU
		{61C124B4-7945-43B3-B551-15F5E4193A1A}.Release|x86.ActiveCfg = Release|Any CPU
		{61C124B4-7945-43B3-B551-15F5E4193A1A}.Release|x86.Build.0 = Release|Any CPU
		{F9A6B1C9-3D5F-4157-B083-44EECD4FF2D2}.Ad-Hoc|Any CPU.ActiveCfg = Release|Any CPU
		{F9A6B1C9-3D5F-4157-B083-44EECD4FF2D2}.Ad-Hoc|Any CPU.Build.0 = Release|Any CPU
		{F9A6B1C9-3D5F-4157-B083-44EECD4FF2D2}.Ad-Hoc|ARM.ActiveCfg = Release|Any CPU
		{F9A6B1C9-3D5F-4157-B083-44EECD4FF2D2}.Ad-Hoc|ARM.Build.0 = Release|Any CPU
		{F9A6B1C9-3D5F-4157-B083-44EECD4FF2D2}.Ad-Hoc|iPhone.ActiveCfg = Release|Any CPU
		{F9A6B1C9-3D5F-4157-B083-44EECD4FF2D2}.Ad-Hoc|iPhone.Build.0 = Release|Any CPU
		{F9A6B1C9-3D5F-4157-B083-44EECD4FF2D2}.Ad-Hoc|iPhoneSimulator.ActiveCfg = Release|Any CPU
		{F9A6B1C9-3D5F-4157-B083-44EECD4FF2D2}.Ad-Hoc|iPhoneSimulator.Build.0 = Release|Any CPU
		{F9A6B1C9-3D5F-4157-B083-44EECD4FF2D2}.Ad-Hoc|x64.ActiveCfg = Release|Any CPU
		{F9A6B1C9-3D5F-4157-B083-44EECD4FF2D2}.Ad-Hoc|x64.Build.0 = Release|Any CPU
		{F9A6B1C9-3D5F-4157-B083-44EECD4FF2D2}.Ad-Hoc|x86.ActiveCfg = Release|Any CPU
		{F9A6B1C9-3D5F-4157-B083-44EECD4FF2D2}.Ad-Hoc|x86.Build.0 = Release|Any CPU
		{F9A6B1C9-3D5F-4157-B083-44EECD4FF2D2}.AppStore|Any CPU.ActiveCfg = Release|Any CPU
		{F9A6B1C9-3D5F-4157-B083-44EECD4FF2D2}.AppStore|Any CPU.Build.0 = Release|Any CPU
		{F9A6B1C9-3D5F-4157-B083-44EECD4FF2D2}.AppStore|ARM.ActiveCfg = Release|Any CPU
		{F9A6B1C9-3D5F-4157-B083-44EECD4FF2D2}.AppStore|ARM.Build.0 = Release|Any CPU
		{F9A6B1C9-3D5F-4157-B083-44EECD4FF2D2}.AppStore|iPhone.ActiveCfg = Release|Any CPU
		{F9A6B1C9-3D5F-4157-B083-44EECD4FF2D2}.AppStore|iPhone.Build.0 = Release|Any CPU
		{F9A6B1C9-3D5F-4157-B083-44EECD4FF2D2}.AppStore|iPhoneSimulator.ActiveCfg = Release|Any CPU
		{F9A6B1C9-3D5F-4157-B083-44EECD4FF2D2}.AppStore|iPhoneSimulator.Build.0 = Release|Any CPU
		{F9A6B1C9-3D5F-4157-B083-44EECD4FF2D2}.AppStore|x64.ActiveCfg = Release|Any CPU
		{F9A6B1C9-3D5F-4157-B083-44EECD4FF2D2}.AppStore|x64.Build.0 = Release|Any CPU
		{F9A6B1C9-3D5F-4157-B083-44EECD4FF2D2}.AppStore|x86.ActiveCfg = Release|Any CPU
		{F9A6B1C9-3D5F-4157-B083-44EECD4FF2D2}.AppStore|x86.Build.0 = Release|Any CPU
		{F9A6B1C9-3D5F-4157-B083-44EECD4FF2D2}.Debug|Any CPU.ActiveCfg = Debug|Any CPU
		{F9A6B1C9-3D5F-4157-B083-44EECD4FF2D2}.Debug|Any CPU.Build.0 = Debug|Any CPU
		{F9A6B1C9-3D5F-4157-B083-44EECD4FF2D2}.Debug|ARM.ActiveCfg = Debug|Any CPU
		{F9A6B1C9-3D5F-4157-B083-44EECD4FF2D2}.Debug|ARM.Build.0 = Debug|Any CPU
		{F9A6B1C9-3D5F-4157-B083-44EECD4FF2D2}.Debug|iPhone.ActiveCfg = Debug|Any CPU
		{F9A6B1C9-3D5F-4157-B083-44EECD4FF2D2}.Debug|iPhone.Build.0 = Debug|Any CPU
		{F9A6B1C9-3D5F-4157-B083-44EECD4FF2D2}.Debug|iPhoneSimulator.ActiveCfg = Debug|Any CPU
		{F9A6B1C9-3D5F-4157-B083-44EECD4FF2D2}.Debug|iPhoneSimulator.Build.0 = Debug|Any CPU
		{F9A6B1C9-3D5F-4157-B083-44EECD4FF2D2}.Debug|x64.ActiveCfg = Debug|Any CPU
		{F9A6B1C9-3D5F-4157-B083-44EECD4FF2D2}.Debug|x64.Build.0 = Debug|Any CPU
		{F9A6B1C9-3D5F-4157-B083-44EECD4FF2D2}.Debug|x86.ActiveCfg = Debug|Any CPU
		{F9A6B1C9-3D5F-4157-B083-44EECD4FF2D2}.Debug|x86.Build.0 = Debug|Any CPU
		{F9A6B1C9-3D5F-4157-B083-44EECD4FF2D2}.Release|Any CPU.ActiveCfg = Release|Any CPU
		{F9A6B1C9-3D5F-4157-B083-44EECD4FF2D2}.Release|Any CPU.Build.0 = Release|Any CPU
		{F9A6B1C9-3D5F-4157-B083-44EECD4FF2D2}.Release|ARM.ActiveCfg = Release|Any CPU
		{F9A6B1C9-3D5F-4157-B083-44EECD4FF2D2}.Release|ARM.Build.0 = Release|Any CPU
		{F9A6B1C9-3D5F-4157-B083-44EECD4FF2D2}.Release|iPhone.ActiveCfg = Release|Any CPU
		{F9A6B1C9-3D5F-4157-B083-44EECD4FF2D2}.Release|iPhone.Build.0 = Release|Any CPU
		{F9A6B1C9-3D5F-4157-B083-44EECD4FF2D2}.Release|iPhoneSimulator.ActiveCfg = Release|Any CPU
		{F9A6B1C9-3D5F-4157-B083-44EECD4FF2D2}.Release|iPhoneSimulator.Build.0 = Release|Any CPU
		{F9A6B1C9-3D5F-4157-B083-44EECD4FF2D2}.Release|x64.ActiveCfg = Release|Any CPU
		{F9A6B1C9-3D5F-4157-B083-44EECD4FF2D2}.Release|x64.Build.0 = Release|Any CPU
		{F9A6B1C9-3D5F-4157-B083-44EECD4FF2D2}.Release|x86.ActiveCfg = Release|Any CPU
		{F9A6B1C9-3D5F-4157-B083-44EECD4FF2D2}.Release|x86.Build.0 = Release|Any CPU
		{476D2172-EAD2-49A4-9022-46D54C4B526A}.Ad-Hoc|Any CPU.ActiveCfg = Release|Any CPU
		{476D2172-EAD2-49A4-9022-46D54C4B526A}.Ad-Hoc|Any CPU.Build.0 = Release|Any CPU
		{476D2172-EAD2-49A4-9022-46D54C4B526A}.Ad-Hoc|ARM.ActiveCfg = Release|Any CPU
		{476D2172-EAD2-49A4-9022-46D54C4B526A}.Ad-Hoc|ARM.Build.0 = Release|Any CPU
		{476D2172-EAD2-49A4-9022-46D54C4B526A}.Ad-Hoc|iPhone.ActiveCfg = Release|Any CPU
		{476D2172-EAD2-49A4-9022-46D54C4B526A}.Ad-Hoc|iPhone.Build.0 = Release|Any CPU
		{476D2172-EAD2-49A4-9022-46D54C4B526A}.Ad-Hoc|iPhoneSimulator.ActiveCfg = Release|Any CPU
		{476D2172-EAD2-49A4-9022-46D54C4B526A}.Ad-Hoc|iPhoneSimulator.Build.0 = Release|Any CPU
		{476D2172-EAD2-49A4-9022-46D54C4B526A}.Ad-Hoc|x64.ActiveCfg = Release|Any CPU
		{476D2172-EAD2-49A4-9022-46D54C4B526A}.Ad-Hoc|x64.Build.0 = Release|Any CPU
		{476D2172-EAD2-49A4-9022-46D54C4B526A}.Ad-Hoc|x86.ActiveCfg = Release|Any CPU
		{476D2172-EAD2-49A4-9022-46D54C4B526A}.Ad-Hoc|x86.Build.0 = Release|Any CPU
		{476D2172-EAD2-49A4-9022-46D54C4B526A}.AppStore|Any CPU.ActiveCfg = Release|Any CPU
		{476D2172-EAD2-49A4-9022-46D54C4B526A}.AppStore|Any CPU.Build.0 = Release|Any CPU
		{476D2172-EAD2-49A4-9022-46D54C4B526A}.AppStore|ARM.ActiveCfg = Release|Any CPU
		{476D2172-EAD2-49A4-9022-46D54C4B526A}.AppStore|ARM.Build.0 = Release|Any CPU
		{476D2172-EAD2-49A4-9022-46D54C4B526A}.AppStore|iPhone.ActiveCfg = Release|Any CPU
		{476D2172-EAD2-49A4-9022-46D54C4B526A}.AppStore|iPhone.Build.0 = Release|Any CPU
		{476D2172-EAD2-49A4-9022-46D54C4B526A}.AppStore|iPhoneSimulator.ActiveCfg = Release|Any CPU
		{476D2172-EAD2-49A4-9022-46D54C4B526A}.AppStore|iPhoneSimulator.Build.0 = Release|Any CPU
		{476D2172-EAD2-49A4-9022-46D54C4B526A}.AppStore|x64.ActiveCfg = Release|Any CPU
		{476D2172-EAD2-49A4-9022-46D54C4B526A}.AppStore|x64.Build.0 = Release|Any CPU
		{476D2172-EAD2-49A4-9022-46D54C4B526A}.AppStore|x86.ActiveCfg = Release|Any CPU
		{476D2172-EAD2-49A4-9022-46D54C4B526A}.AppStore|x86.Build.0 = Release|Any CPU
		{476D2172-EAD2-49A4-9022-46D54C4B526A}.Debug|Any CPU.ActiveCfg = Debug|Any CPU
		{476D2172-EAD2-49A4-9022-46D54C4B526A}.Debug|Any CPU.Build.0 = Debug|Any CPU
		{476D2172-EAD2-49A4-9022-46D54C4B526A}.Debug|ARM.ActiveCfg = Debug|Any CPU
		{476D2172-EAD2-49A4-9022-46D54C4B526A}.Debug|ARM.Build.0 = Debug|Any CPU
		{476D2172-EAD2-49A4-9022-46D54C4B526A}.Debug|iPhone.ActiveCfg = Debug|Any CPU
		{476D2172-EAD2-49A4-9022-46D54C4B526A}.Debug|iPhone.Build.0 = Debug|Any CPU
		{476D2172-EAD2-49A4-9022-46D54C4B526A}.Debug|iPhoneSimulator.ActiveCfg = Debug|Any CPU
		{476D2172-EAD2-49A4-9022-46D54C4B526A}.Debug|iPhoneSimulator.Build.0 = Debug|Any CPU
		{476D2172-EAD2-49A4-9022-46D54C4B526A}.Debug|x64.ActiveCfg = Debug|Any CPU
		{476D2172-EAD2-49A4-9022-46D54C4B526A}.Debug|x64.Build.0 = Debug|Any CPU
		{476D2172-EAD2-49A4-9022-46D54C4B526A}.Debug|x86.ActiveCfg = Debug|Any CPU
		{476D2172-EAD2-49A4-9022-46D54C4B526A}.Debug|x86.Build.0 = Debug|Any CPU
		{476D2172-EAD2-49A4-9022-46D54C4B526A}.Release|Any CPU.ActiveCfg = Release|Any CPU
		{476D2172-EAD2-49A4-9022-46D54C4B526A}.Release|Any CPU.Build.0 = Release|Any CPU
		{476D2172-EAD2-49A4-9022-46D54C4B526A}.Release|ARM.ActiveCfg = Release|Any CPU
		{476D2172-EAD2-49A4-9022-46D54C4B526A}.Release|ARM.Build.0 = Release|Any CPU
		{476D2172-EAD2-49A4-9022-46D54C4B526A}.Release|iPhone.ActiveCfg = Release|Any CPU
		{476D2172-EAD2-49A4-9022-46D54C4B526A}.Release|iPhone.Build.0 = Release|Any CPU
		{476D2172-EAD2-49A4-9022-46D54C4B526A}.Release|iPhoneSimulator.ActiveCfg = Release|Any CPU
		{476D2172-EAD2-49A4-9022-46D54C4B526A}.Release|iPhoneSimulator.Build.0 = Release|Any CPU
		{476D2172-EAD2-49A4-9022-46D54C4B526A}.Release|x64.ActiveCfg = Release|Any CPU
		{476D2172-EAD2-49A4-9022-46D54C4B526A}.Release|x64.Build.0 = Release|Any CPU
		{476D2172-EAD2-49A4-9022-46D54C4B526A}.Release|x86.ActiveCfg = Release|Any CPU
		{476D2172-EAD2-49A4-9022-46D54C4B526A}.Release|x86.Build.0 = Release|Any CPU
		{C5977021-2A58-404A-9AA7-3C798571385D}.Ad-Hoc|Any CPU.ActiveCfg = Release|x64
		{C5977021-2A58-404A-9AA7-3C798571385D}.Ad-Hoc|Any CPU.Build.0 = Release|x64
		{C5977021-2A58-404A-9AA7-3C798571385D}.Ad-Hoc|Any CPU.Deploy.0 = Release|x64
		{C5977021-2A58-404A-9AA7-3C798571385D}.Ad-Hoc|ARM.ActiveCfg = Release|ARM
		{C5977021-2A58-404A-9AA7-3C798571385D}.Ad-Hoc|ARM.Build.0 = Release|ARM
		{C5977021-2A58-404A-9AA7-3C798571385D}.Ad-Hoc|ARM.Deploy.0 = Release|ARM
		{C5977021-2A58-404A-9AA7-3C798571385D}.Ad-Hoc|iPhone.ActiveCfg = Release|x64
		{C5977021-2A58-404A-9AA7-3C798571385D}.Ad-Hoc|iPhone.Build.0 = Release|x64
		{C5977021-2A58-404A-9AA7-3C798571385D}.Ad-Hoc|iPhone.Deploy.0 = Release|x64
		{C5977021-2A58-404A-9AA7-3C798571385D}.Ad-Hoc|iPhoneSimulator.ActiveCfg = Release|x64
		{C5977021-2A58-404A-9AA7-3C798571385D}.Ad-Hoc|iPhoneSimulator.Build.0 = Release|x64
		{C5977021-2A58-404A-9AA7-3C798571385D}.Ad-Hoc|iPhoneSimulator.Deploy.0 = Release|x64
		{C5977021-2A58-404A-9AA7-3C798571385D}.Ad-Hoc|x64.ActiveCfg = Release|x64
		{C5977021-2A58-404A-9AA7-3C798571385D}.Ad-Hoc|x64.Build.0 = Release|x64
		{C5977021-2A58-404A-9AA7-3C798571385D}.Ad-Hoc|x64.Deploy.0 = Release|x64
		{C5977021-2A58-404A-9AA7-3C798571385D}.Ad-Hoc|x86.ActiveCfg = Release|x86
		{C5977021-2A58-404A-9AA7-3C798571385D}.Ad-Hoc|x86.Build.0 = Release|x86
		{C5977021-2A58-404A-9AA7-3C798571385D}.Ad-Hoc|x86.Deploy.0 = Release|x86
		{C5977021-2A58-404A-9AA7-3C798571385D}.AppStore|Any CPU.ActiveCfg = Release|x64
		{C5977021-2A58-404A-9AA7-3C798571385D}.AppStore|Any CPU.Build.0 = Release|x64
		{C5977021-2A58-404A-9AA7-3C798571385D}.AppStore|Any CPU.Deploy.0 = Release|x64
		{C5977021-2A58-404A-9AA7-3C798571385D}.AppStore|ARM.ActiveCfg = Release|ARM
		{C5977021-2A58-404A-9AA7-3C798571385D}.AppStore|ARM.Build.0 = Release|ARM
		{C5977021-2A58-404A-9AA7-3C798571385D}.AppStore|ARM.Deploy.0 = Release|ARM
		{C5977021-2A58-404A-9AA7-3C798571385D}.AppStore|iPhone.ActiveCfg = Release|x64
		{C5977021-2A58-404A-9AA7-3C798571385D}.AppStore|iPhone.Build.0 = Release|x64
		{C5977021-2A58-404A-9AA7-3C798571385D}.AppStore|iPhone.Deploy.0 = Release|x64
		{C5977021-2A58-404A-9AA7-3C798571385D}.AppStore|iPhoneSimulator.ActiveCfg = Release|x64
		{C5977021-2A58-404A-9AA7-3C798571385D}.AppStore|iPhoneSimulator.Build.0 = Release|x64
		{C5977021-2A58-404A-9AA7-3C798571385D}.AppStore|iPhoneSimulator.Deploy.0 = Release|x64
		{C5977021-2A58-404A-9AA7-3C798571385D}.AppStore|x64.ActiveCfg = Release|x64
		{C5977021-2A58-404A-9AA7-3C798571385D}.AppStore|x64.Build.0 = Release|x64
		{C5977021-2A58-404A-9AA7-3C798571385D}.AppStore|x64.Deploy.0 = Release|x64
		{C5977021-2A58-404A-9AA7-3C798571385D}.AppStore|x86.ActiveCfg = Release|x86
		{C5977021-2A58-404A-9AA7-3C798571385D}.AppStore|x86.Build.0 = Release|x86
		{C5977021-2A58-404A-9AA7-3C798571385D}.AppStore|x86.Deploy.0 = Release|x86
		{C5977021-2A58-404A-9AA7-3C798571385D}.Debug|Any CPU.ActiveCfg = Debug|x86
		{C5977021-2A58-404A-9AA7-3C798571385D}.Debug|Any CPU.Build.0 = Debug|x86
		{C5977021-2A58-404A-9AA7-3C798571385D}.Debug|Any CPU.Deploy.0 = Debug|x86
		{C5977021-2A58-404A-9AA7-3C798571385D}.Debug|ARM.ActiveCfg = Debug|ARM
		{C5977021-2A58-404A-9AA7-3C798571385D}.Debug|ARM.Build.0 = Debug|ARM
		{C5977021-2A58-404A-9AA7-3C798571385D}.Debug|ARM.Deploy.0 = Debug|ARM
		{C5977021-2A58-404A-9AA7-3C798571385D}.Debug|iPhone.ActiveCfg = Debug|x86
		{C5977021-2A58-404A-9AA7-3C798571385D}.Debug|iPhoneSimulator.ActiveCfg = Debug|x86
		{C5977021-2A58-404A-9AA7-3C798571385D}.Debug|x64.ActiveCfg = Debug|x64
		{C5977021-2A58-404A-9AA7-3C798571385D}.Debug|x64.Build.0 = Debug|x64
		{C5977021-2A58-404A-9AA7-3C798571385D}.Debug|x64.Deploy.0 = Debug|x64
		{C5977021-2A58-404A-9AA7-3C798571385D}.Debug|x86.ActiveCfg = Debug|x86
		{C5977021-2A58-404A-9AA7-3C798571385D}.Debug|x86.Build.0 = Debug|x86
		{C5977021-2A58-404A-9AA7-3C798571385D}.Debug|x86.Deploy.0 = Debug|x86
		{C5977021-2A58-404A-9AA7-3C798571385D}.Release|Any CPU.ActiveCfg = Release|x86
		{C5977021-2A58-404A-9AA7-3C798571385D}.Release|ARM.ActiveCfg = Release|ARM
		{C5977021-2A58-404A-9AA7-3C798571385D}.Release|ARM.Build.0 = Release|ARM
		{C5977021-2A58-404A-9AA7-3C798571385D}.Release|ARM.Deploy.0 = Release|ARM
		{C5977021-2A58-404A-9AA7-3C798571385D}.Release|iPhone.ActiveCfg = Release|x86
		{C5977021-2A58-404A-9AA7-3C798571385D}.Release|iPhoneSimulator.ActiveCfg = Release|x86
		{C5977021-2A58-404A-9AA7-3C798571385D}.Release|x64.ActiveCfg = Release|x64
		{C5977021-2A58-404A-9AA7-3C798571385D}.Release|x64.Build.0 = Release|x64
		{C5977021-2A58-404A-9AA7-3C798571385D}.Release|x64.Deploy.0 = Release|x64
		{C5977021-2A58-404A-9AA7-3C798571385D}.Release|x86.ActiveCfg = Release|x86
		{C5977021-2A58-404A-9AA7-3C798571385D}.Release|x86.Build.0 = Release|x86
		{C5977021-2A58-404A-9AA7-3C798571385D}.Release|x86.Deploy.0 = Release|x86
		{95B13908-D400-4C0E-8201-FA2FF11B51AB}.Ad-Hoc|Any CPU.ActiveCfg = Release|Any CPU
		{95B13908-D400-4C0E-8201-FA2FF11B51AB}.Ad-Hoc|Any CPU.Build.0 = Release|Any CPU
		{95B13908-D400-4C0E-8201-FA2FF11B51AB}.Ad-Hoc|ARM.ActiveCfg = Release|Any CPU
		{95B13908-D400-4C0E-8201-FA2FF11B51AB}.Ad-Hoc|ARM.Build.0 = Release|Any CPU
		{95B13908-D400-4C0E-8201-FA2FF11B51AB}.Ad-Hoc|iPhone.ActiveCfg = Release|Any CPU
		{95B13908-D400-4C0E-8201-FA2FF11B51AB}.Ad-Hoc|iPhone.Build.0 = Release|Any CPU
		{95B13908-D400-4C0E-8201-FA2FF11B51AB}.Ad-Hoc|iPhoneSimulator.ActiveCfg = Release|Any CPU
		{95B13908-D400-4C0E-8201-FA2FF11B51AB}.Ad-Hoc|iPhoneSimulator.Build.0 = Release|Any CPU
		{95B13908-D400-4C0E-8201-FA2FF11B51AB}.Ad-Hoc|x64.ActiveCfg = Release|Any CPU
		{95B13908-D400-4C0E-8201-FA2FF11B51AB}.Ad-Hoc|x64.Build.0 = Release|Any CPU
		{95B13908-D400-4C0E-8201-FA2FF11B51AB}.Ad-Hoc|x86.ActiveCfg = Release|Any CPU
		{95B13908-D400-4C0E-8201-FA2FF11B51AB}.Ad-Hoc|x86.Build.0 = Release|Any CPU
		{95B13908-D400-4C0E-8201-FA2FF11B51AB}.AppStore|Any CPU.ActiveCfg = Release|Any CPU
		{95B13908-D400-4C0E-8201-FA2FF11B51AB}.AppStore|Any CPU.Build.0 = Release|Any CPU
		{95B13908-D400-4C0E-8201-FA2FF11B51AB}.AppStore|ARM.ActiveCfg = Release|Any CPU
		{95B13908-D400-4C0E-8201-FA2FF11B51AB}.AppStore|ARM.Build.0 = Release|Any CPU
		{95B13908-D400-4C0E-8201-FA2FF11B51AB}.AppStore|iPhone.ActiveCfg = Release|Any CPU
		{95B13908-D400-4C0E-8201-FA2FF11B51AB}.AppStore|iPhone.Build.0 = Release|Any CPU
		{95B13908-D400-4C0E-8201-FA2FF11B51AB}.AppStore|iPhoneSimulator.ActiveCfg = Release|Any CPU
		{95B13908-D400-4C0E-8201-FA2FF11B51AB}.AppStore|iPhoneSimulator.Build.0 = Release|Any CPU
		{95B13908-D400-4C0E-8201-FA2FF11B51AB}.AppStore|x64.ActiveCfg = Release|Any CPU
		{95B13908-D400-4C0E-8201-FA2FF11B51AB}.AppStore|x64.Build.0 = Release|Any CPU
		{95B13908-D400-4C0E-8201-FA2FF11B51AB}.AppStore|x86.ActiveCfg = Release|Any CPU
		{95B13908-D400-4C0E-8201-FA2FF11B51AB}.AppStore|x86.Build.0 = Release|Any CPU
		{95B13908-D400-4C0E-8201-FA2FF11B51AB}.Debug|Any CPU.ActiveCfg = Debug|Any CPU
		{95B13908-D400-4C0E-8201-FA2FF11B51AB}.Debug|Any CPU.Build.0 = Debug|Any CPU
		{95B13908-D400-4C0E-8201-FA2FF11B51AB}.Debug|ARM.ActiveCfg = Debug|Any CPU
		{95B13908-D400-4C0E-8201-FA2FF11B51AB}.Debug|ARM.Build.0 = Debug|Any CPU
		{95B13908-D400-4C0E-8201-FA2FF11B51AB}.Debug|iPhone.ActiveCfg = Debug|Any CPU
		{95B13908-D400-4C0E-8201-FA2FF11B51AB}.Debug|iPhone.Build.0 = Debug|Any CPU
		{95B13908-D400-4C0E-8201-FA2FF11B51AB}.Debug|iPhoneSimulator.ActiveCfg = Debug|Any CPU
		{95B13908-D400-4C0E-8201-FA2FF11B51AB}.Debug|iPhoneSimulator.Build.0 = Debug|Any CPU
		{95B13908-D400-4C0E-8201-FA2FF11B51AB}.Debug|x64.ActiveCfg = Debug|Any CPU
		{95B13908-D400-4C0E-8201-FA2FF11B51AB}.Debug|x64.Build.0 = Debug|Any CPU
		{95B13908-D400-4C0E-8201-FA2FF11B51AB}.Debug|x86.ActiveCfg = Debug|Any CPU
		{95B13908-D400-4C0E-8201-FA2FF11B51AB}.Debug|x86.Build.0 = Debug|Any CPU
		{95B13908-D400-4C0E-8201-FA2FF11B51AB}.Release|Any CPU.ActiveCfg = Release|Any CPU
		{95B13908-D400-4C0E-8201-FA2FF11B51AB}.Release|Any CPU.Build.0 = Release|Any CPU
		{95B13908-D400-4C0E-8201-FA2FF11B51AB}.Release|ARM.ActiveCfg = Release|Any CPU
		{95B13908-D400-4C0E-8201-FA2FF11B51AB}.Release|ARM.Build.0 = Release|Any CPU
		{95B13908-D400-4C0E-8201-FA2FF11B51AB}.Release|iPhone.ActiveCfg = Release|Any CPU
		{95B13908-D400-4C0E-8201-FA2FF11B51AB}.Release|iPhone.Build.0 = Release|Any CPU
		{95B13908-D400-4C0E-8201-FA2FF11B51AB}.Release|iPhoneSimulator.ActiveCfg = Release|Any CPU
		{95B13908-D400-4C0E-8201-FA2FF11B51AB}.Release|iPhoneSimulator.Build.0 = Release|Any CPU
		{95B13908-D400-4C0E-8201-FA2FF11B51AB}.Release|x64.ActiveCfg = Release|Any CPU
		{95B13908-D400-4C0E-8201-FA2FF11B51AB}.Release|x64.Build.0 = Release|Any CPU
		{95B13908-D400-4C0E-8201-FA2FF11B51AB}.Release|x86.ActiveCfg = Release|Any CPU
		{95B13908-D400-4C0E-8201-FA2FF11B51AB}.Release|x86.Build.0 = Release|Any CPU
		{3BCF0FCA-6F47-4708-A6E2-23C41059C236}.Ad-Hoc|Any CPU.ActiveCfg = Release|Any CPU
		{3BCF0FCA-6F47-4708-A6E2-23C41059C236}.Ad-Hoc|Any CPU.Build.0 = Release|Any CPU
		{3BCF0FCA-6F47-4708-A6E2-23C41059C236}.Ad-Hoc|ARM.ActiveCfg = Release|Any CPU
		{3BCF0FCA-6F47-4708-A6E2-23C41059C236}.Ad-Hoc|ARM.Build.0 = Release|Any CPU
		{3BCF0FCA-6F47-4708-A6E2-23C41059C236}.Ad-Hoc|iPhone.ActiveCfg = Release|Any CPU
		{3BCF0FCA-6F47-4708-A6E2-23C41059C236}.Ad-Hoc|iPhone.Build.0 = Release|Any CPU
		{3BCF0FCA-6F47-4708-A6E2-23C41059C236}.Ad-Hoc|iPhoneSimulator.ActiveCfg = Release|Any CPU
		{3BCF0FCA-6F47-4708-A6E2-23C41059C236}.Ad-Hoc|iPhoneSimulator.Build.0 = Release|Any CPU
		{3BCF0FCA-6F47-4708-A6E2-23C41059C236}.Ad-Hoc|x64.ActiveCfg = Release|Any CPU
		{3BCF0FCA-6F47-4708-A6E2-23C41059C236}.Ad-Hoc|x64.Build.0 = Release|Any CPU
		{3BCF0FCA-6F47-4708-A6E2-23C41059C236}.Ad-Hoc|x86.ActiveCfg = Release|Any CPU
		{3BCF0FCA-6F47-4708-A6E2-23C41059C236}.Ad-Hoc|x86.Build.0 = Release|Any CPU
		{3BCF0FCA-6F47-4708-A6E2-23C41059C236}.AppStore|Any CPU.ActiveCfg = Release|Any CPU
		{3BCF0FCA-6F47-4708-A6E2-23C41059C236}.AppStore|Any CPU.Build.0 = Release|Any CPU
		{3BCF0FCA-6F47-4708-A6E2-23C41059C236}.AppStore|ARM.ActiveCfg = Release|Any CPU
		{3BCF0FCA-6F47-4708-A6E2-23C41059C236}.AppStore|ARM.Build.0 = Release|Any CPU
		{3BCF0FCA-6F47-4708-A6E2-23C41059C236}.AppStore|iPhone.ActiveCfg = Release|Any CPU
		{3BCF0FCA-6F47-4708-A6E2-23C41059C236}.AppStore|iPhone.Build.0 = Release|Any CPU
		{3BCF0FCA-6F47-4708-A6E2-23C41059C236}.AppStore|iPhoneSimulator.ActiveCfg = Release|Any CPU
		{3BCF0FCA-6F47-4708-A6E2-23C41059C236}.AppStore|iPhoneSimulator.Build.0 = Release|Any CPU
		{3BCF0FCA-6F47-4708-A6E2-23C41059C236}.AppStore|x64.ActiveCfg = Release|Any CPU
		{3BCF0FCA-6F47-4708-A6E2-23C41059C236}.AppStore|x64.Build.0 = Release|Any CPU
		{3BCF0FCA-6F47-4708-A6E2-23C41059C236}.AppStore|x86.ActiveCfg = Release|Any CPU
		{3BCF0FCA-6F47-4708-A6E2-23C41059C236}.AppStore|x86.Build.0 = Release|Any CPU
		{3BCF0FCA-6F47-4708-A6E2-23C41059C236}.Debug|Any CPU.ActiveCfg = Debug|Any CPU
		{3BCF0FCA-6F47-4708-A6E2-23C41059C236}.Debug|Any CPU.Build.0 = Debug|Any CPU
		{3BCF0FCA-6F47-4708-A6E2-23C41059C236}.Debug|ARM.ActiveCfg = Debug|Any CPU
		{3BCF0FCA-6F47-4708-A6E2-23C41059C236}.Debug|ARM.Build.0 = Debug|Any CPU
		{3BCF0FCA-6F47-4708-A6E2-23C41059C236}.Debug|iPhone.ActiveCfg = Debug|Any CPU
		{3BCF0FCA-6F47-4708-A6E2-23C41059C236}.Debug|iPhone.Build.0 = Debug|Any CPU
		{3BCF0FCA-6F47-4708-A6E2-23C41059C236}.Debug|iPhoneSimulator.ActiveCfg = Debug|Any CPU
		{3BCF0FCA-6F47-4708-A6E2-23C41059C236}.Debug|iPhoneSimulator.Build.0 = Debug|Any CPU
		{3BCF0FCA-6F47-4708-A6E2-23C41059C236}.Debug|x64.ActiveCfg = Debug|Any CPU
		{3BCF0FCA-6F47-4708-A6E2-23C41059C236}.Debug|x64.Build.0 = Debug|Any CPU
		{3BCF0FCA-6F47-4708-A6E2-23C41059C236}.Debug|x86.ActiveCfg = Debug|Any CPU
		{3BCF0FCA-6F47-4708-A6E2-23C41059C236}.Debug|x86.Build.0 = Debug|Any CPU
		{3BCF0FCA-6F47-4708-A6E2-23C41059C236}.Release|Any CPU.ActiveCfg = Release|Any CPU
		{3BCF0FCA-6F47-4708-A6E2-23C41059C236}.Release|Any CPU.Build.0 = Release|Any CPU
		{3BCF0FCA-6F47-4708-A6E2-23C41059C236}.Release|ARM.ActiveCfg = Release|Any CPU
		{3BCF0FCA-6F47-4708-A6E2-23C41059C236}.Release|ARM.Build.0 = Release|Any CPU
		{3BCF0FCA-6F47-4708-A6E2-23C41059C236}.Release|iPhone.ActiveCfg = Release|Any CPU
		{3BCF0FCA-6F47-4708-A6E2-23C41059C236}.Release|iPhone.Build.0 = Release|Any CPU
		{3BCF0FCA-6F47-4708-A6E2-23C41059C236}.Release|iPhoneSimulator.ActiveCfg = Release|Any CPU
		{3BCF0FCA-6F47-4708-A6E2-23C41059C236}.Release|iPhoneSimulator.Build.0 = Release|Any CPU
		{3BCF0FCA-6F47-4708-A6E2-23C41059C236}.Release|x64.ActiveCfg = Release|Any CPU
		{3BCF0FCA-6F47-4708-A6E2-23C41059C236}.Release|x64.Build.0 = Release|Any CPU
		{3BCF0FCA-6F47-4708-A6E2-23C41059C236}.Release|x86.ActiveCfg = Release|Any CPU
		{3BCF0FCA-6F47-4708-A6E2-23C41059C236}.Release|x86.Build.0 = Release|Any CPU
		{0F938446-4B05-411B-9C8E-2D674B519B31}.Ad-Hoc|Any CPU.ActiveCfg = Release|Any CPU
		{0F938446-4B05-411B-9C8E-2D674B519B31}.Ad-Hoc|Any CPU.Build.0 = Release|Any CPU
		{0F938446-4B05-411B-9C8E-2D674B519B31}.Ad-Hoc|ARM.ActiveCfg = Release|Any CPU
		{0F938446-4B05-411B-9C8E-2D674B519B31}.Ad-Hoc|ARM.Build.0 = Release|Any CPU
		{0F938446-4B05-411B-9C8E-2D674B519B31}.Ad-Hoc|iPhone.ActiveCfg = Release|Any CPU
		{0F938446-4B05-411B-9C8E-2D674B519B31}.Ad-Hoc|iPhone.Build.0 = Release|Any CPU
		{0F938446-4B05-411B-9C8E-2D674B519B31}.Ad-Hoc|iPhoneSimulator.ActiveCfg = Release|Any CPU
		{0F938446-4B05-411B-9C8E-2D674B519B31}.Ad-Hoc|iPhoneSimulator.Build.0 = Release|Any CPU
		{0F938446-4B05-411B-9C8E-2D674B519B31}.Ad-Hoc|x64.ActiveCfg = Release|Any CPU
		{0F938446-4B05-411B-9C8E-2D674B519B31}.Ad-Hoc|x64.Build.0 = Release|Any CPU
		{0F938446-4B05-411B-9C8E-2D674B519B31}.Ad-Hoc|x86.ActiveCfg = Release|Any CPU
		{0F938446-4B05-411B-9C8E-2D674B519B31}.Ad-Hoc|x86.Build.0 = Release|Any CPU
		{0F938446-4B05-411B-9C8E-2D674B519B31}.AppStore|Any CPU.ActiveCfg = Release|Any CPU
		{0F938446-4B05-411B-9C8E-2D674B519B31}.AppStore|Any CPU.Build.0 = Release|Any CPU
		{0F938446-4B05-411B-9C8E-2D674B519B31}.AppStore|ARM.ActiveCfg = Release|Any CPU
		{0F938446-4B05-411B-9C8E-2D674B519B31}.AppStore|ARM.Build.0 = Release|Any CPU
		{0F938446-4B05-411B-9C8E-2D674B519B31}.AppStore|iPhone.ActiveCfg = Release|Any CPU
		{0F938446-4B05-411B-9C8E-2D674B519B31}.AppStore|iPhone.Build.0 = Release|Any CPU
		{0F938446-4B05-411B-9C8E-2D674B519B31}.AppStore|iPhoneSimulator.ActiveCfg = Release|Any CPU
		{0F938446-4B05-411B-9C8E-2D674B519B31}.AppStore|iPhoneSimulator.Build.0 = Release|Any CPU
		{0F938446-4B05-411B-9C8E-2D674B519B31}.AppStore|x64.ActiveCfg = Release|Any CPU
		{0F938446-4B05-411B-9C8E-2D674B519B31}.AppStore|x64.Build.0 = Release|Any CPU
		{0F938446-4B05-411B-9C8E-2D674B519B31}.AppStore|x86.ActiveCfg = Release|Any CPU
		{0F938446-4B05-411B-9C8E-2D674B519B31}.AppStore|x86.Build.0 = Release|Any CPU
		{0F938446-4B05-411B-9C8E-2D674B519B31}.Debug|Any CPU.ActiveCfg = Debug|Any CPU
		{0F938446-4B05-411B-9C8E-2D674B519B31}.Debug|Any CPU.Build.0 = Debug|Any CPU
		{0F938446-4B05-411B-9C8E-2D674B519B31}.Debug|ARM.ActiveCfg = Debug|Any CPU
		{0F938446-4B05-411B-9C8E-2D674B519B31}.Debug|ARM.Build.0 = Debug|Any CPU
		{0F938446-4B05-411B-9C8E-2D674B519B31}.Debug|iPhone.ActiveCfg = Debug|Any CPU
		{0F938446-4B05-411B-9C8E-2D674B519B31}.Debug|iPhone.Build.0 = Debug|Any CPU
		{0F938446-4B05-411B-9C8E-2D674B519B31}.Debug|iPhoneSimulator.ActiveCfg = Debug|Any CPU
		{0F938446-4B05-411B-9C8E-2D674B519B31}.Debug|iPhoneSimulator.Build.0 = Debug|Any CPU
		{0F938446-4B05-411B-9C8E-2D674B519B31}.Debug|x64.ActiveCfg = Debug|Any CPU
		{0F938446-4B05-411B-9C8E-2D674B519B31}.Debug|x64.Build.0 = Debug|Any CPU
		{0F938446-4B05-411B-9C8E-2D674B519B31}.Debug|x86.ActiveCfg = Debug|Any CPU
		{0F938446-4B05-411B-9C8E-2D674B519B31}.Debug|x86.Build.0 = Debug|Any CPU
		{0F938446-4B05-411B-9C8E-2D674B519B31}.Release|Any CPU.ActiveCfg = Release|Any CPU
		{0F938446-4B05-411B-9C8E-2D674B519B31}.Release|Any CPU.Build.0 = Release|Any CPU
		{0F938446-4B05-411B-9C8E-2D674B519B31}.Release|ARM.ActiveCfg = Release|Any CPU
		{0F938446-4B05-411B-9C8E-2D674B519B31}.Release|ARM.Build.0 = Release|Any CPU
		{0F938446-4B05-411B-9C8E-2D674B519B31}.Release|iPhone.ActiveCfg = Release|Any CPU
		{0F938446-4B05-411B-9C8E-2D674B519B31}.Release|iPhone.Build.0 = Release|Any CPU
		{0F938446-4B05-411B-9C8E-2D674B519B31}.Release|iPhoneSimulator.ActiveCfg = Release|Any CPU
		{0F938446-4B05-411B-9C8E-2D674B519B31}.Release|iPhoneSimulator.Build.0 = Release|Any CPU
		{0F938446-4B05-411B-9C8E-2D674B519B31}.Release|x64.ActiveCfg = Release|Any CPU
		{0F938446-4B05-411B-9C8E-2D674B519B31}.Release|x64.Build.0 = Release|Any CPU
		{0F938446-4B05-411B-9C8E-2D674B519B31}.Release|x86.ActiveCfg = Release|Any CPU
		{0F938446-4B05-411B-9C8E-2D674B519B31}.Release|x86.Build.0 = Release|Any CPU
		{0FD9F395-D171-4A5B-BE56-4142FA71B099}.Ad-Hoc|Any CPU.ActiveCfg = Release|Any CPU
		{0FD9F395-D171-4A5B-BE56-4142FA71B099}.Ad-Hoc|Any CPU.Build.0 = Release|Any CPU
		{0FD9F395-D171-4A5B-BE56-4142FA71B099}.Ad-Hoc|ARM.ActiveCfg = Release|Any CPU
		{0FD9F395-D171-4A5B-BE56-4142FA71B099}.Ad-Hoc|ARM.Build.0 = Release|Any CPU
		{0FD9F395-D171-4A5B-BE56-4142FA71B099}.Ad-Hoc|iPhone.ActiveCfg = Release|Any CPU
		{0FD9F395-D171-4A5B-BE56-4142FA71B099}.Ad-Hoc|iPhone.Build.0 = Release|Any CPU
		{0FD9F395-D171-4A5B-BE56-4142FA71B099}.Ad-Hoc|iPhoneSimulator.ActiveCfg = Release|Any CPU
		{0FD9F395-D171-4A5B-BE56-4142FA71B099}.Ad-Hoc|iPhoneSimulator.Build.0 = Release|Any CPU
		{0FD9F395-D171-4A5B-BE56-4142FA71B099}.Ad-Hoc|x64.ActiveCfg = Release|Any CPU
		{0FD9F395-D171-4A5B-BE56-4142FA71B099}.Ad-Hoc|x64.Build.0 = Release|Any CPU
		{0FD9F395-D171-4A5B-BE56-4142FA71B099}.Ad-Hoc|x86.ActiveCfg = Release|Any CPU
		{0FD9F395-D171-4A5B-BE56-4142FA71B099}.Ad-Hoc|x86.Build.0 = Release|Any CPU
		{0FD9F395-D171-4A5B-BE56-4142FA71B099}.AppStore|Any CPU.ActiveCfg = Release|Any CPU
		{0FD9F395-D171-4A5B-BE56-4142FA71B099}.AppStore|Any CPU.Build.0 = Release|Any CPU
		{0FD9F395-D171-4A5B-BE56-4142FA71B099}.AppStore|ARM.ActiveCfg = Release|Any CPU
		{0FD9F395-D171-4A5B-BE56-4142FA71B099}.AppStore|ARM.Build.0 = Release|Any CPU
		{0FD9F395-D171-4A5B-BE56-4142FA71B099}.AppStore|iPhone.ActiveCfg = Release|Any CPU
		{0FD9F395-D171-4A5B-BE56-4142FA71B099}.AppStore|iPhone.Build.0 = Release|Any CPU
		{0FD9F395-D171-4A5B-BE56-4142FA71B099}.AppStore|iPhoneSimulator.ActiveCfg = Release|Any CPU
		{0FD9F395-D171-4A5B-BE56-4142FA71B099}.AppStore|iPhoneSimulator.Build.0 = Release|Any CPU
		{0FD9F395-D171-4A5B-BE56-4142FA71B099}.AppStore|x64.ActiveCfg = Release|Any CPU
		{0FD9F395-D171-4A5B-BE56-4142FA71B099}.AppStore|x64.Build.0 = Release|Any CPU
		{0FD9F395-D171-4A5B-BE56-4142FA71B099}.AppStore|x86.ActiveCfg = Release|Any CPU
		{0FD9F395-D171-4A5B-BE56-4142FA71B099}.AppStore|x86.Build.0 = Release|Any CPU
		{0FD9F395-D171-4A5B-BE56-4142FA71B099}.Debug|Any CPU.ActiveCfg = Debug|Any CPU
		{0FD9F395-D171-4A5B-BE56-4142FA71B099}.Debug|Any CPU.Build.0 = Debug|Any CPU
		{0FD9F395-D171-4A5B-BE56-4142FA71B099}.Debug|ARM.ActiveCfg = Debug|Any CPU
		{0FD9F395-D171-4A5B-BE56-4142FA71B099}.Debug|ARM.Build.0 = Debug|Any CPU
		{0FD9F395-D171-4A5B-BE56-4142FA71B099}.Debug|iPhone.ActiveCfg = Debug|Any CPU
		{0FD9F395-D171-4A5B-BE56-4142FA71B099}.Debug|iPhone.Build.0 = Debug|Any CPU
		{0FD9F395-D171-4A5B-BE56-4142FA71B099}.Debug|iPhoneSimulator.ActiveCfg = Debug|Any CPU
		{0FD9F395-D171-4A5B-BE56-4142FA71B099}.Debug|iPhoneSimulator.Build.0 = Debug|Any CPU
		{0FD9F395-D171-4A5B-BE56-4142FA71B099}.Debug|x64.ActiveCfg = Debug|Any CPU
		{0FD9F395-D171-4A5B-BE56-4142FA71B099}.Debug|x64.Build.0 = Debug|Any CPU
		{0FD9F395-D171-4A5B-BE56-4142FA71B099}.Debug|x86.ActiveCfg = Debug|Any CPU
		{0FD9F395-D171-4A5B-BE56-4142FA71B099}.Debug|x86.Build.0 = Debug|Any CPU
		{0FD9F395-D171-4A5B-BE56-4142FA71B099}.Release|Any CPU.ActiveCfg = Release|Any CPU
		{0FD9F395-D171-4A5B-BE56-4142FA71B099}.Release|Any CPU.Build.0 = Release|Any CPU
		{0FD9F395-D171-4A5B-BE56-4142FA71B099}.Release|ARM.ActiveCfg = Release|Any CPU
		{0FD9F395-D171-4A5B-BE56-4142FA71B099}.Release|ARM.Build.0 = Release|Any CPU
		{0FD9F395-D171-4A5B-BE56-4142FA71B099}.Release|iPhone.ActiveCfg = Release|Any CPU
		{0FD9F395-D171-4A5B-BE56-4142FA71B099}.Release|iPhone.Build.0 = Release|Any CPU
		{0FD9F395-D171-4A5B-BE56-4142FA71B099}.Release|iPhoneSimulator.ActiveCfg = Release|Any CPU
		{0FD9F395-D171-4A5B-BE56-4142FA71B099}.Release|iPhoneSimulator.Build.0 = Release|Any CPU
		{0FD9F395-D171-4A5B-BE56-4142FA71B099}.Release|x64.ActiveCfg = Release|Any CPU
		{0FD9F395-D171-4A5B-BE56-4142FA71B099}.Release|x64.Build.0 = Release|Any CPU
		{0FD9F395-D171-4A5B-BE56-4142FA71B099}.Release|x86.ActiveCfg = Release|Any CPU
		{0FD9F395-D171-4A5B-BE56-4142FA71B099}.Release|x86.Build.0 = Release|Any CPU
		{CF72088B-E0A5-401C-A795-531A81E05248}.Ad-Hoc|Any CPU.ActiveCfg = Release|Any CPU
		{CF72088B-E0A5-401C-A795-531A81E05248}.Ad-Hoc|Any CPU.Build.0 = Release|Any CPU
		{CF72088B-E0A5-401C-A795-531A81E05248}.Ad-Hoc|ARM.ActiveCfg = Release|Any CPU
		{CF72088B-E0A5-401C-A795-531A81E05248}.Ad-Hoc|ARM.Build.0 = Release|Any CPU
		{CF72088B-E0A5-401C-A795-531A81E05248}.Ad-Hoc|iPhone.ActiveCfg = Release|Any CPU
		{CF72088B-E0A5-401C-A795-531A81E05248}.Ad-Hoc|iPhone.Build.0 = Release|Any CPU
		{CF72088B-E0A5-401C-A795-531A81E05248}.Ad-Hoc|iPhoneSimulator.ActiveCfg = Release|Any CPU
		{CF72088B-E0A5-401C-A795-531A81E05248}.Ad-Hoc|iPhoneSimulator.Build.0 = Release|Any CPU
		{CF72088B-E0A5-401C-A795-531A81E05248}.Ad-Hoc|x64.ActiveCfg = Release|Any CPU
		{CF72088B-E0A5-401C-A795-531A81E05248}.Ad-Hoc|x64.Build.0 = Release|Any CPU
		{CF72088B-E0A5-401C-A795-531A81E05248}.Ad-Hoc|x86.ActiveCfg = Release|Any CPU
		{CF72088B-E0A5-401C-A795-531A81E05248}.Ad-Hoc|x86.Build.0 = Release|Any CPU
		{CF72088B-E0A5-401C-A795-531A81E05248}.AppStore|Any CPU.ActiveCfg = Release|Any CPU
		{CF72088B-E0A5-401C-A795-531A81E05248}.AppStore|Any CPU.Build.0 = Release|Any CPU
		{CF72088B-E0A5-401C-A795-531A81E05248}.AppStore|ARM.ActiveCfg = Release|Any CPU
		{CF72088B-E0A5-401C-A795-531A81E05248}.AppStore|ARM.Build.0 = Release|Any CPU
		{CF72088B-E0A5-401C-A795-531A81E05248}.AppStore|iPhone.ActiveCfg = Release|Any CPU
		{CF72088B-E0A5-401C-A795-531A81E05248}.AppStore|iPhone.Build.0 = Release|Any CPU
		{CF72088B-E0A5-401C-A795-531A81E05248}.AppStore|iPhoneSimulator.ActiveCfg = Release|Any CPU
		{CF72088B-E0A5-401C-A795-531A81E05248}.AppStore|iPhoneSimulator.Build.0 = Release|Any CPU
		{CF72088B-E0A5-401C-A795-531A81E05248}.AppStore|x64.ActiveCfg = Release|Any CPU
		{CF72088B-E0A5-401C-A795-531A81E05248}.AppStore|x64.Build.0 = Release|Any CPU
		{CF72088B-E0A5-401C-A795-531A81E05248}.AppStore|x86.ActiveCfg = Release|Any CPU
		{CF72088B-E0A5-401C-A795-531A81E05248}.AppStore|x86.Build.0 = Release|Any CPU
		{CF72088B-E0A5-401C-A795-531A81E05248}.Debug|Any CPU.ActiveCfg = Debug|Any CPU
		{CF72088B-E0A5-401C-A795-531A81E05248}.Debug|Any CPU.Build.0 = Debug|Any CPU
		{CF72088B-E0A5-401C-A795-531A81E05248}.Debug|ARM.ActiveCfg = Debug|Any CPU
		{CF72088B-E0A5-401C-A795-531A81E05248}.Debug|ARM.Build.0 = Debug|Any CPU
		{CF72088B-E0A5-401C-A795-531A81E05248}.Debug|iPhone.ActiveCfg = Debug|Any CPU
		{CF72088B-E0A5-401C-A795-531A81E05248}.Debug|iPhone.Build.0 = Debug|Any CPU
		{CF72088B-E0A5-401C-A795-531A81E05248}.Debug|iPhoneSimulator.ActiveCfg = Debug|Any CPU
		{CF72088B-E0A5-401C-A795-531A81E05248}.Debug|iPhoneSimulator.Build.0 = Debug|Any CPU
		{CF72088B-E0A5-401C-A795-531A81E05248}.Debug|x64.ActiveCfg = Debug|Any CPU
		{CF72088B-E0A5-401C-A795-531A81E05248}.Debug|x64.Build.0 = Debug|Any CPU
		{CF72088B-E0A5-401C-A795-531A81E05248}.Debug|x86.ActiveCfg = Debug|Any CPU
		{CF72088B-E0A5-401C-A795-531A81E05248}.Debug|x86.Build.0 = Debug|Any CPU
		{CF72088B-E0A5-401C-A795-531A81E05248}.Release|Any CPU.ActiveCfg = Release|Any CPU
		{CF72088B-E0A5-401C-A795-531A81E05248}.Release|Any CPU.Build.0 = Release|Any CPU
		{CF72088B-E0A5-401C-A795-531A81E05248}.Release|ARM.ActiveCfg = Release|Any CPU
		{CF72088B-E0A5-401C-A795-531A81E05248}.Release|ARM.Build.0 = Release|Any CPU
		{CF72088B-E0A5-401C-A795-531A81E05248}.Release|iPhone.ActiveCfg = Release|Any CPU
		{CF72088B-E0A5-401C-A795-531A81E05248}.Release|iPhone.Build.0 = Release|Any CPU
		{CF72088B-E0A5-401C-A795-531A81E05248}.Release|iPhoneSimulator.ActiveCfg = Release|Any CPU
		{CF72088B-E0A5-401C-A795-531A81E05248}.Release|iPhoneSimulator.Build.0 = Release|Any CPU
		{CF72088B-E0A5-401C-A795-531A81E05248}.Release|x64.ActiveCfg = Release|Any CPU
		{CF72088B-E0A5-401C-A795-531A81E05248}.Release|x64.Build.0 = Release|Any CPU
		{CF72088B-E0A5-401C-A795-531A81E05248}.Release|x86.ActiveCfg = Release|Any CPU
		{CF72088B-E0A5-401C-A795-531A81E05248}.Release|x86.Build.0 = Release|Any CPU
		{DD942D28-518D-4C06-A0D9-A7D8AB3F54E7}.Ad-Hoc|Any CPU.ActiveCfg = Release|Any CPU
		{DD942D28-518D-4C06-A0D9-A7D8AB3F54E7}.Ad-Hoc|Any CPU.Build.0 = Release|Any CPU
		{DD942D28-518D-4C06-A0D9-A7D8AB3F54E7}.Ad-Hoc|Any CPU.Deploy.0 = Release|Any CPU
		{DD942D28-518D-4C06-A0D9-A7D8AB3F54E7}.Ad-Hoc|ARM.ActiveCfg = Release|Any CPU
		{DD942D28-518D-4C06-A0D9-A7D8AB3F54E7}.Ad-Hoc|ARM.Build.0 = Release|Any CPU
		{DD942D28-518D-4C06-A0D9-A7D8AB3F54E7}.Ad-Hoc|ARM.Deploy.0 = Release|Any CPU
		{DD942D28-518D-4C06-A0D9-A7D8AB3F54E7}.Ad-Hoc|iPhone.ActiveCfg = Release|Any CPU
		{DD942D28-518D-4C06-A0D9-A7D8AB3F54E7}.Ad-Hoc|iPhone.Build.0 = Release|Any CPU
		{DD942D28-518D-4C06-A0D9-A7D8AB3F54E7}.Ad-Hoc|iPhone.Deploy.0 = Release|Any CPU
		{DD942D28-518D-4C06-A0D9-A7D8AB3F54E7}.Ad-Hoc|iPhoneSimulator.ActiveCfg = Release|Any CPU
		{DD942D28-518D-4C06-A0D9-A7D8AB3F54E7}.Ad-Hoc|iPhoneSimulator.Build.0 = Release|Any CPU
		{DD942D28-518D-4C06-A0D9-A7D8AB3F54E7}.Ad-Hoc|iPhoneSimulator.Deploy.0 = Release|Any CPU
		{DD942D28-518D-4C06-A0D9-A7D8AB3F54E7}.Ad-Hoc|x64.ActiveCfg = Release|Any CPU
		{DD942D28-518D-4C06-A0D9-A7D8AB3F54E7}.Ad-Hoc|x64.Build.0 = Release|Any CPU
		{DD942D28-518D-4C06-A0D9-A7D8AB3F54E7}.Ad-Hoc|x64.Deploy.0 = Release|Any CPU
		{DD942D28-518D-4C06-A0D9-A7D8AB3F54E7}.Ad-Hoc|x86.ActiveCfg = Release|Any CPU
		{DD942D28-518D-4C06-A0D9-A7D8AB3F54E7}.Ad-Hoc|x86.Build.0 = Release|Any CPU
		{DD942D28-518D-4C06-A0D9-A7D8AB3F54E7}.Ad-Hoc|x86.Deploy.0 = Release|Any CPU
		{DD942D28-518D-4C06-A0D9-A7D8AB3F54E7}.AppStore|Any CPU.ActiveCfg = Release|Any CPU
		{DD942D28-518D-4C06-A0D9-A7D8AB3F54E7}.AppStore|Any CPU.Build.0 = Release|Any CPU
		{DD942D28-518D-4C06-A0D9-A7D8AB3F54E7}.AppStore|Any CPU.Deploy.0 = Release|Any CPU
		{DD942D28-518D-4C06-A0D9-A7D8AB3F54E7}.AppStore|ARM.ActiveCfg = Release|Any CPU
		{DD942D28-518D-4C06-A0D9-A7D8AB3F54E7}.AppStore|ARM.Build.0 = Release|Any CPU
		{DD942D28-518D-4C06-A0D9-A7D8AB3F54E7}.AppStore|ARM.Deploy.0 = Release|Any CPU
		{DD942D28-518D-4C06-A0D9-A7D8AB3F54E7}.AppStore|iPhone.ActiveCfg = Release|Any CPU
		{DD942D28-518D-4C06-A0D9-A7D8AB3F54E7}.AppStore|iPhone.Build.0 = Release|Any CPU
		{DD942D28-518D-4C06-A0D9-A7D8AB3F54E7}.AppStore|iPhone.Deploy.0 = Release|Any CPU
		{DD942D28-518D-4C06-A0D9-A7D8AB3F54E7}.AppStore|iPhoneSimulator.ActiveCfg = Release|Any CPU
		{DD942D28-518D-4C06-A0D9-A7D8AB3F54E7}.AppStore|iPhoneSimulator.Build.0 = Release|Any CPU
		{DD942D28-518D-4C06-A0D9-A7D8AB3F54E7}.AppStore|iPhoneSimulator.Deploy.0 = Release|Any CPU
		{DD942D28-518D-4C06-A0D9-A7D8AB3F54E7}.AppStore|x64.ActiveCfg = Release|Any CPU
		{DD942D28-518D-4C06-A0D9-A7D8AB3F54E7}.AppStore|x64.Build.0 = Release|Any CPU
		{DD942D28-518D-4C06-A0D9-A7D8AB3F54E7}.AppStore|x64.Deploy.0 = Release|Any CPU
		{DD942D28-518D-4C06-A0D9-A7D8AB3F54E7}.AppStore|x86.ActiveCfg = Release|Any CPU
		{DD942D28-518D-4C06-A0D9-A7D8AB3F54E7}.AppStore|x86.Build.0 = Release|Any CPU
		{DD942D28-518D-4C06-A0D9-A7D8AB3F54E7}.AppStore|x86.Deploy.0 = Release|Any CPU
		{DD942D28-518D-4C06-A0D9-A7D8AB3F54E7}.Debug|Any CPU.ActiveCfg = Debug|Any CPU
		{DD942D28-518D-4C06-A0D9-A7D8AB3F54E7}.Debug|Any CPU.Build.0 = Debug|Any CPU
		{DD942D28-518D-4C06-A0D9-A7D8AB3F54E7}.Debug|Any CPU.Deploy.0 = Debug|Any CPU
		{DD942D28-518D-4C06-A0D9-A7D8AB3F54E7}.Debug|ARM.ActiveCfg = Debug|Any CPU
		{DD942D28-518D-4C06-A0D9-A7D8AB3F54E7}.Debug|ARM.Build.0 = Debug|Any CPU
		{DD942D28-518D-4C06-A0D9-A7D8AB3F54E7}.Debug|ARM.Deploy.0 = Debug|Any CPU
		{DD942D28-518D-4C06-A0D9-A7D8AB3F54E7}.Debug|iPhone.ActiveCfg = Debug|Any CPU
		{DD942D28-518D-4C06-A0D9-A7D8AB3F54E7}.Debug|iPhone.Build.0 = Debug|Any CPU
		{DD942D28-518D-4C06-A0D9-A7D8AB3F54E7}.Debug|iPhone.Deploy.0 = Debug|Any CPU
		{DD942D28-518D-4C06-A0D9-A7D8AB3F54E7}.Debug|iPhoneSimulator.ActiveCfg = Debug|Any CPU
		{DD942D28-518D-4C06-A0D9-A7D8AB3F54E7}.Debug|iPhoneSimulator.Build.0 = Debug|Any CPU
		{DD942D28-518D-4C06-A0D9-A7D8AB3F54E7}.Debug|iPhoneSimulator.Deploy.0 = Debug|Any CPU
		{DD942D28-518D-4C06-A0D9-A7D8AB3F54E7}.Debug|x64.ActiveCfg = Debug|Any CPU
		{DD942D28-518D-4C06-A0D9-A7D8AB3F54E7}.Debug|x64.Build.0 = Debug|Any CPU
		{DD942D28-518D-4C06-A0D9-A7D8AB3F54E7}.Debug|x64.Deploy.0 = Debug|Any CPU
		{DD942D28-518D-4C06-A0D9-A7D8AB3F54E7}.Debug|x86.ActiveCfg = Debug|Any CPU
		{DD942D28-518D-4C06-A0D9-A7D8AB3F54E7}.Debug|x86.Build.0 = Debug|Any CPU
		{DD942D28-518D-4C06-A0D9-A7D8AB3F54E7}.Debug|x86.Deploy.0 = Debug|Any CPU
		{DD942D28-518D-4C06-A0D9-A7D8AB3F54E7}.Release|Any CPU.ActiveCfg = Release|Any CPU
		{DD942D28-518D-4C06-A0D9-A7D8AB3F54E7}.Release|Any CPU.Build.0 = Release|Any CPU
		{DD942D28-518D-4C06-A0D9-A7D8AB3F54E7}.Release|Any CPU.Deploy.0 = Release|Any CPU
		{DD942D28-518D-4C06-A0D9-A7D8AB3F54E7}.Release|ARM.ActiveCfg = Release|Any CPU
		{DD942D28-518D-4C06-A0D9-A7D8AB3F54E7}.Release|ARM.Build.0 = Release|Any CPU
		{DD942D28-518D-4C06-A0D9-A7D8AB3F54E7}.Release|ARM.Deploy.0 = Release|Any CPU
		{DD942D28-518D-4C06-A0D9-A7D8AB3F54E7}.Release|iPhone.ActiveCfg = Release|Any CPU
		{DD942D28-518D-4C06-A0D9-A7D8AB3F54E7}.Release|iPhone.Build.0 = Release|Any CPU
		{DD942D28-518D-4C06-A0D9-A7D8AB3F54E7}.Release|iPhone.Deploy.0 = Release|Any CPU
		{DD942D28-518D-4C06-A0D9-A7D8AB3F54E7}.Release|iPhoneSimulator.ActiveCfg = Release|Any CPU
		{DD942D28-518D-4C06-A0D9-A7D8AB3F54E7}.Release|iPhoneSimulator.Build.0 = Release|Any CPU
		{DD942D28-518D-4C06-A0D9-A7D8AB3F54E7}.Release|iPhoneSimulator.Deploy.0 = Release|Any CPU
		{DD942D28-518D-4C06-A0D9-A7D8AB3F54E7}.Release|x64.ActiveCfg = Release|Any CPU
		{DD942D28-518D-4C06-A0D9-A7D8AB3F54E7}.Release|x64.Build.0 = Release|Any CPU
		{DD942D28-518D-4C06-A0D9-A7D8AB3F54E7}.Release|x64.Deploy.0 = Release|Any CPU
		{DD942D28-518D-4C06-A0D9-A7D8AB3F54E7}.Release|x86.ActiveCfg = Release|Any CPU
		{DD942D28-518D-4C06-A0D9-A7D8AB3F54E7}.Release|x86.Build.0 = Release|Any CPU
		{DD942D28-518D-4C06-A0D9-A7D8AB3F54E7}.Release|x86.Deploy.0 = Release|Any CPU
		{768B47B0-4426-45E9-B005-0236F21C85BC}.Ad-Hoc|Any CPU.ActiveCfg = Debug|Any CPU
		{768B47B0-4426-45E9-B005-0236F21C85BC}.Ad-Hoc|Any CPU.Build.0 = Debug|Any CPU
		{768B47B0-4426-45E9-B005-0236F21C85BC}.Ad-Hoc|ARM.ActiveCfg = Debug|Any CPU
		{768B47B0-4426-45E9-B005-0236F21C85BC}.Ad-Hoc|ARM.Build.0 = Debug|Any CPU
		{768B47B0-4426-45E9-B005-0236F21C85BC}.Ad-Hoc|iPhone.ActiveCfg = Debug|Any CPU
		{768B47B0-4426-45E9-B005-0236F21C85BC}.Ad-Hoc|iPhone.Build.0 = Debug|Any CPU
		{768B47B0-4426-45E9-B005-0236F21C85BC}.Ad-Hoc|iPhoneSimulator.ActiveCfg = Debug|Any CPU
		{768B47B0-4426-45E9-B005-0236F21C85BC}.Ad-Hoc|iPhoneSimulator.Build.0 = Debug|Any CPU
		{768B47B0-4426-45E9-B005-0236F21C85BC}.Ad-Hoc|x64.ActiveCfg = Debug|Any CPU
		{768B47B0-4426-45E9-B005-0236F21C85BC}.Ad-Hoc|x64.Build.0 = Debug|Any CPU
		{768B47B0-4426-45E9-B005-0236F21C85BC}.Ad-Hoc|x86.ActiveCfg = Debug|Any CPU
		{768B47B0-4426-45E9-B005-0236F21C85BC}.Ad-Hoc|x86.Build.0 = Debug|Any CPU
		{768B47B0-4426-45E9-B005-0236F21C85BC}.AppStore|Any CPU.ActiveCfg = Debug|Any CPU
		{768B47B0-4426-45E9-B005-0236F21C85BC}.AppStore|Any CPU.Build.0 = Debug|Any CPU
		{768B47B0-4426-45E9-B005-0236F21C85BC}.AppStore|ARM.ActiveCfg = Debug|Any CPU
		{768B47B0-4426-45E9-B005-0236F21C85BC}.AppStore|ARM.Build.0 = Debug|Any CPU
		{768B47B0-4426-45E9-B005-0236F21C85BC}.AppStore|iPhone.ActiveCfg = Debug|Any CPU
		{768B47B0-4426-45E9-B005-0236F21C85BC}.AppStore|iPhone.Build.0 = Debug|Any CPU
		{768B47B0-4426-45E9-B005-0236F21C85BC}.AppStore|iPhoneSimulator.ActiveCfg = Debug|Any CPU
		{768B47B0-4426-45E9-B005-0236F21C85BC}.AppStore|iPhoneSimulator.Build.0 = Debug|Any CPU
		{768B47B0-4426-45E9-B005-0236F21C85BC}.AppStore|x64.ActiveCfg = Debug|Any CPU
		{768B47B0-4426-45E9-B005-0236F21C85BC}.AppStore|x64.Build.0 = Debug|Any CPU
		{768B47B0-4426-45E9-B005-0236F21C85BC}.AppStore|x86.ActiveCfg = Debug|Any CPU
		{768B47B0-4426-45E9-B005-0236F21C85BC}.AppStore|x86.Build.0 = Debug|Any CPU
		{768B47B0-4426-45E9-B005-0236F21C85BC}.Debug|Any CPU.ActiveCfg = Debug|Any CPU
		{768B47B0-4426-45E9-B005-0236F21C85BC}.Debug|Any CPU.Build.0 = Debug|Any CPU
		{768B47B0-4426-45E9-B005-0236F21C85BC}.Debug|ARM.ActiveCfg = Debug|Any CPU
		{768B47B0-4426-45E9-B005-0236F21C85BC}.Debug|ARM.Build.0 = Debug|Any CPU
		{768B47B0-4426-45E9-B005-0236F21C85BC}.Debug|iPhone.ActiveCfg = Debug|Any CPU
		{768B47B0-4426-45E9-B005-0236F21C85BC}.Debug|iPhone.Build.0 = Debug|Any CPU
		{768B47B0-4426-45E9-B005-0236F21C85BC}.Debug|iPhoneSimulator.ActiveCfg = Debug|Any CPU
		{768B47B0-4426-45E9-B005-0236F21C85BC}.Debug|iPhoneSimulator.Build.0 = Debug|Any CPU
		{768B47B0-4426-45E9-B005-0236F21C85BC}.Debug|x64.ActiveCfg = Debug|Any CPU
		{768B47B0-4426-45E9-B005-0236F21C85BC}.Debug|x64.Build.0 = Debug|Any CPU
		{768B47B0-4426-45E9-B005-0236F21C85BC}.Debug|x86.ActiveCfg = Debug|Any CPU
		{768B47B0-4426-45E9-B005-0236F21C85BC}.Debug|x86.Build.0 = Debug|Any CPU
		{768B47B0-4426-45E9-B005-0236F21C85BC}.Release|Any CPU.ActiveCfg = Release|Any CPU
		{768B47B0-4426-45E9-B005-0236F21C85BC}.Release|Any CPU.Build.0 = Release|Any CPU
		{768B47B0-4426-45E9-B005-0236F21C85BC}.Release|ARM.ActiveCfg = Release|Any CPU
		{768B47B0-4426-45E9-B005-0236F21C85BC}.Release|ARM.Build.0 = Release|Any CPU
		{768B47B0-4426-45E9-B005-0236F21C85BC}.Release|iPhone.ActiveCfg = Release|Any CPU
		{768B47B0-4426-45E9-B005-0236F21C85BC}.Release|iPhone.Build.0 = Release|Any CPU
		{768B47B0-4426-45E9-B005-0236F21C85BC}.Release|iPhoneSimulator.ActiveCfg = Release|Any CPU
		{768B47B0-4426-45E9-B005-0236F21C85BC}.Release|iPhoneSimulator.Build.0 = Release|Any CPU
		{768B47B0-4426-45E9-B005-0236F21C85BC}.Release|x64.ActiveCfg = Release|Any CPU
		{768B47B0-4426-45E9-B005-0236F21C85BC}.Release|x64.Build.0 = Release|Any CPU
		{768B47B0-4426-45E9-B005-0236F21C85BC}.Release|x86.ActiveCfg = Release|Any CPU
		{768B47B0-4426-45E9-B005-0236F21C85BC}.Release|x86.Build.0 = Release|Any CPU
	EndGlobalSection
	GlobalSection(SolutionProperties) = preSolution
		HideSolutionNode = FALSE
	EndGlobalSection
	GlobalSection(NestedProjects) = preSolution
		{6649444F-E72B-48F3-87D6-EAAC6C11215A} = {2EFCD8FF-32F4-4BB2-9789-1754094F98C9}
		{FD3CEA43-7EE6-4F1C-8539-1C3973E42696} = {2EFCD8FF-32F4-4BB2-9789-1754094F98C9}
		{54DE809E-F5E0-4B73-8D4E-8BFBAC356AD2} = {2EFCD8FF-32F4-4BB2-9789-1754094F98C9}
		{E0189A9C-7BC9-4D1B-9350-35D8B3183B09} = {2EFCD8FF-32F4-4BB2-9789-1754094F98C9}
		{1910D6CC-60ED-45F2-8E73-4E6DB2343DB5} = {2EFCD8FF-32F4-4BB2-9789-1754094F98C9}
		{61C124B4-7945-43B3-B551-15F5E4193A1A} = {2EFCD8FF-32F4-4BB2-9789-1754094F98C9}
		{F9A6B1C9-3D5F-4157-B083-44EECD4FF2D2} = {2EFCD8FF-32F4-4BB2-9789-1754094F98C9}
		{476D2172-EAD2-49A4-9022-46D54C4B526A} = {2EFCD8FF-32F4-4BB2-9789-1754094F98C9}
		{C5977021-2A58-404A-9AA7-3C798571385D} = {DD4D0955-417C-4A4B-BB58-92E10299866D}
		{95B13908-D400-4C0E-8201-FA2FF11B51AB} = {A62BA4CC-6D57-4DC7-A399-5CAE02F38E1B}
		{3BCF0FCA-6F47-4708-A6E2-23C41059C236} = {A62BA4CC-6D57-4DC7-A399-5CAE02F38E1B}
		{0F938446-4B05-411B-9C8E-2D674B519B31} = {A62BA4CC-6D57-4DC7-A399-5CAE02F38E1B}
		{0FD9F395-D171-4A5B-BE56-4142FA71B099} = {A62BA4CC-6D57-4DC7-A399-5CAE02F38E1B}
		{2EFCD8FF-32F4-4BB2-9789-1754094F98C9} = {494D40EA-694C-49FA-8347-840B8BF1BAD6}
		{A62BA4CC-6D57-4DC7-A399-5CAE02F38E1B} = {494D40EA-694C-49FA-8347-840B8BF1BAD6}
		{DD4D0955-417C-4A4B-BB58-92E10299866D} = {494D40EA-694C-49FA-8347-840B8BF1BAD6}
		{09A6B385-F7F1-4FEC-BD83-D832E7A2A3A4} = {494D40EA-694C-49FA-8347-840B8BF1BAD6}
		{CF72088B-E0A5-401C-A795-531A81E05248} = {09A6B385-F7F1-4FEC-BD83-D832E7A2A3A4}
		{DD942D28-518D-4C06-A0D9-A7D8AB3F54E7} = {09A6B385-F7F1-4FEC-BD83-D832E7A2A3A4}
		{BA0CC97B-13CD-420F-8AEB-020D2009ED94} = {494D40EA-694C-49FA-8347-840B8BF1BAD6}
		{768B47B0-4426-45E9-B005-0236F21C85BC} = {BA0CC97B-13CD-420F-8AEB-020D2009ED94}
	EndGlobalSection
	GlobalSection(ExtensibilityGlobals) = postSolution
		SolutionGuid = {125D423D-7CD0-4592-9394-14E612DADE26}
	EndGlobalSection
EndGlobal
