
Microsoft Visual Studio Solution File, Format Version 12.00
# Visual Studio 15
VisualStudioVersion = 15.0.27004.2005
MinimumVisualStudioVersion = 10.0.40219.1
Project("{FAE04EC0-301F-11D3-BF4B-00C04F79EFBC}") = "Microsoft.Knowzy.WPF", "src\Microsoft.Knowzy.WPF\Microsoft.Knowzy.WPF.csproj", "{A6D90EB4-DDAA-4663-A51B-4E54EE390DE9}"
EndProject
Project("{2150E333-8FDC-42A3-9474-1A3956D46DE8}") = "src", "src", "{494D40EA-694C-49FA-8347-840B8BF1BAD6}"
EndProject
Project("{2150E333-8FDC-42A3-9474-1A3956D46DE8}") = "Solution Items", "Solution Items", "{0202C4AB-A98F-4526-8AFB-5814E1571BF0}"
	ProjectSection(SolutionItems) = preProject
		.gitattributes = .gitattributes
		.gitignore = .gitignore
		README.md = README.md
	EndProjectSection
EndProject
Project("{FAE04EC0-301F-11D3-BF4B-00C04F79EFBC}") = "Microsoft.Knowzy.AuthenticationService", "src\Microsoft.Knowzy.AuthenticationService\Microsoft.Knowzy.AuthenticationService.csproj", "{3D092542-DDD5-450A-ABF9-628B1C788768}"
EndProject
Project("{FAE04EC0-301F-11D3-BF4B-00C04F79EFBC}") = "Microsoft.Knowzy.Common", "src\Microsoft.Knowzy.Common\Microsoft.Knowzy.Common.csproj", "{B74460AF-EC5B-4BFB-9B61-A65A922BAED1}"
EndProject
Project("{FAE04EC0-301F-11D3-BF4B-00C04F79EFBC}") = "Microsoft.Knowzy.ConfigurationService", "src\Microsoft.Knowzy.ConfigurationService\Microsoft.Knowzy.ConfigurationService.csproj", "{61AB3159-C5AC-4A93-B7DB-0BA2A76B7399}"
EndProject
Project("{FAE04EC0-301F-11D3-BF4B-00C04F79EFBC}") = "Microsoft.Knowzy.Domain", "src\Microsoft.Knowzy.Domain\Microsoft.Knowzy.Domain.csproj", "{8583C604-4418-4B09-864E-609376F92ED6}"
EndProject
Project("{FAE04EC0-301F-11D3-BF4B-00C04F79EFBC}") = "Microsoft.Knowzy.JsonDataProvider", "src\Microsoft.Knowzy.JsonDataProvider\Microsoft.Knowzy.JsonDataProvider.csproj", "{E561E2BC-310C-4F45-8DA2-E2ED523095DB}"
EndProject
Project("{2150E333-8FDC-42A3-9474-1A3956D46DE8}") = "Database", "Database", "{8EBB4596-4A0A-48D6-A121-06B6FBB8DB0B}"
	ProjectSection(SolutionItems) = preProject
		Database\instknowzydb.sql = Database\instknowzydb.sql
		Database\KnowzyDB.mdf = Database\KnowzyDB.mdf
	EndProjectSection
EndProject
Project("{FAE04EC0-301F-11D3-BF4B-00C04F79EFBC}") = "Microsoft.Knowzy.NET.DAL", "src\Microsoft.Knowzy.NET.DAL\Microsoft.Knowzy.NET.DAL.csproj", "{1FF392D5-432D-4E9F-B6A4-F525C4E9E876}"
EndProject
Project("{FAE04EC0-301F-11D3-BF4B-00C04F79EFBC}") = "Microsoft.Knowzy.NET.BLL", "src\Microsoft.Knowzy.NET.BLL\Microsoft.Knowzy.NET.BLL.csproj", "{36D59DD2-51C5-447B-8E0E-1BE64DE6CC0C}"
EndProject
Project("{FAE04EC0-301F-11D3-BF4B-00C04F79EFBC}") = "Microsoft.Knowzy.UWP", "src\Microsoft.Knowzy.UWP\Microsoft.Knowzy.UWP.csproj", "{C5977021-2A58-404A-9AA7-3C798571385D}"
EndProject
Project("{2150E333-8FDC-42A3-9474-1A3956D46DE8}") = ".NET Framework", ".NET Framework", "{2EFCD8FF-32F4-4BB2-9789-1754094F98C9}"
EndProject
Project("{2150E333-8FDC-42A3-9474-1A3956D46DE8}") = ".NET Standard", ".NET Standard", "{A62BA4CC-6D57-4DC7-A399-5CAE02F38E1B}"
EndProject
Project("{2150E333-8FDC-42A3-9474-1A3956D46DE8}") = "UWP", "UWP", "{DD4D0955-417C-4A4B-BB58-92E10299866D}"
EndProject
Project("{2150E333-8FDC-42A3-9474-1A3956D46DE8}") = "ReferencedAssemblies", "ReferencedAssemblies", "{8A3DC065-1A47-4B6B-B3E5-2D2CECDF569A}"
	ProjectSection(SolutionItems) = preProject
		ReferencedAssemblies\System.Data.DataSetExtensions.dll = ReferencedAssemblies\System.Data.DataSetExtensions.dll
		ReferencedAssemblies\System.Data.DataSetExtensions.pdb = ReferencedAssemblies\System.Data.DataSetExtensions.pdb
	EndProjectSection
EndProject
Global
	GlobalSection(SolutionConfigurationPlatforms) = preSolution
		Ad-Hoc|Any CPU = Ad-Hoc|Any CPU
		Ad-Hoc|ARM = Ad-Hoc|ARM
		Ad-Hoc|iPhone = Ad-Hoc|iPhone
		Ad-Hoc|iPhoneSimulator = Ad-Hoc|iPhoneSimulator
		Ad-Hoc|x64 = Ad-Hoc|x64
		Ad-Hoc|x86 = Ad-Hoc|x86
		AppStore|Any CPU = AppStore|Any CPU
		AppStore|ARM = AppStore|ARM
		AppStore|iPhone = AppStore|iPhone
		AppStore|iPhoneSimulator = AppStore|iPhoneSimulator
		AppStore|x64 = AppStore|x64
		AppStore|x86 = AppStore|x86
		Debug|Any CPU = Debug|Any CPU
		Debug|ARM = Debug|ARM
		Debug|iPhone = Debug|iPhone
		Debug|iPhoneSimulator = Debug|iPhoneSimulator
		Debug|x64 = Debug|x64
		Debug|x86 = Debug|x86
		Release|Any CPU = Release|Any CPU
		Release|ARM = Release|ARM
		Release|iPhone = Release|iPhone
		Release|iPhoneSimulator = Release|iPhoneSimulator
		Release|x64 = Release|x64
		Release|x86 = Release|x86
	EndGlobalSection
	GlobalSection(ProjectConfigurationPlatforms) = postSolution
		{A6D90EB4-DDAA-4663-A51B-4E54EE390DE9}.Ad-Hoc|Any CPU.ActiveCfg = Release|Any CPU
		{A6D90EB4-DDAA-4663-A51B-4E54EE390DE9}.Ad-Hoc|Any CPU.Build.0 = Release|Any CPU
		{A6D90EB4-DDAA-4663-A51B-4E54EE390DE9}.Ad-Hoc|ARM.ActiveCfg = Release|Any CPU
		{A6D90EB4-DDAA-4663-A51B-4E54EE390DE9}.Ad-Hoc|ARM.Build.0 = Release|Any CPU
		{A6D90EB4-DDAA-4663-A51B-4E54EE390DE9}.Ad-Hoc|iPhone.ActiveCfg = Release|Any CPU
		{A6D90EB4-DDAA-4663-A51B-4E54EE390DE9}.Ad-Hoc|iPhone.Build.0 = Release|Any CPU
		{A6D90EB4-DDAA-4663-A51B-4E54EE390DE9}.Ad-Hoc|iPhoneSimulator.ActiveCfg = Release|Any CPU
		{A6D90EB4-DDAA-4663-A51B-4E54EE390DE9}.Ad-Hoc|iPhoneSimulator.Build.0 = Release|Any CPU
		{A6D90EB4-DDAA-4663-A51B-4E54EE390DE9}.Ad-Hoc|x64.ActiveCfg = Release|Any CPU
		{A6D90EB4-DDAA-4663-A51B-4E54EE390DE9}.Ad-Hoc|x64.Build.0 = Release|Any CPU
		{A6D90EB4-DDAA-4663-A51B-4E54EE390DE9}.Ad-Hoc|x86.ActiveCfg = Release|Any CPU
		{A6D90EB4-DDAA-4663-A51B-4E54EE390DE9}.Ad-Hoc|x86.Build.0 = Release|Any CPU
		{A6D90EB4-DDAA-4663-A51B-4E54EE390DE9}.AppStore|Any CPU.ActiveCfg = Release|Any CPU
		{A6D90EB4-DDAA-4663-A51B-4E54EE390DE9}.AppStore|Any CPU.Build.0 = Release|Any CPU
		{A6D90EB4-DDAA-4663-A51B-4E54EE390DE9}.AppStore|ARM.ActiveCfg = Release|Any CPU
		{A6D90EB4-DDAA-4663-A51B-4E54EE390DE9}.AppStore|ARM.Build.0 = Release|Any CPU
		{A6D90EB4-DDAA-4663-A51B-4E54EE390DE9}.AppStore|iPhone.ActiveCfg = Release|Any CPU
		{A6D90EB4-DDAA-4663-A51B-4E54EE390DE9}.AppStore|iPhone.Build.0 = Release|Any CPU
		{A6D90EB4-DDAA-4663-A51B-4E54EE390DE9}.AppStore|iPhoneSimulator.ActiveCfg = Release|Any CPU
		{A6D90EB4-DDAA-4663-A51B-4E54EE390DE9}.AppStore|iPhoneSimulator.Build.0 = Release|Any CPU
		{A6D90EB4-DDAA-4663-A51B-4E54EE390DE9}.AppStore|x64.ActiveCfg = Release|Any CPU
		{A6D90EB4-DDAA-4663-A51B-4E54EE390DE9}.AppStore|x64.Build.0 = Release|Any CPU
		{A6D90EB4-DDAA-4663-A51B-4E54EE390DE9}.AppStore|x86.ActiveCfg = Release|Any CPU
		{A6D90EB4-DDAA-4663-A51B-4E54EE390DE9}.AppStore|x86.Build.0 = Release|Any CPU
		{A6D90EB4-DDAA-4663-A51B-4E54EE390DE9}.Debug|Any CPU.ActiveCfg = Debug|Any CPU
		{A6D90EB4-DDAA-4663-A51B-4E54EE390DE9}.Debug|Any CPU.Build.0 = Debug|Any CPU
		{A6D90EB4-DDAA-4663-A51B-4E54EE390DE9}.Debug|ARM.ActiveCfg = Debug|Any CPU
		{A6D90EB4-DDAA-4663-A51B-4E54EE390DE9}.Debug|ARM.Build.0 = Debug|Any CPU
		{A6D90EB4-DDAA-4663-A51B-4E54EE390DE9}.Debug|iPhone.ActiveCfg = Debug|Any CPU
		{A6D90EB4-DDAA-4663-A51B-4E54EE390DE9}.Debug|iPhone.Build.0 = Debug|Any CPU
		{A6D90EB4-DDAA-4663-A51B-4E54EE390DE9}.Debug|iPhoneSimulator.ActiveCfg = Debug|Any CPU
		{A6D90EB4-DDAA-4663-A51B-4E54EE390DE9}.Debug|iPhoneSimulator.Build.0 = Debug|Any CPU
		{A6D90EB4-DDAA-4663-A51B-4E54EE390DE9}.Debug|x64.ActiveCfg = Debug|Any CPU
		{A6D90EB4-DDAA-4663-A51B-4E54EE390DE9}.Debug|x64.Build.0 = Debug|Any CPU
		{A6D90EB4-DDAA-4663-A51B-4E54EE390DE9}.Debug|x86.ActiveCfg = Debug|Any CPU
		{A6D90EB4-DDAA-4663-A51B-4E54EE390DE9}.Debug|x86.Build.0 = Debug|Any CPU
		{A6D90EB4-DDAA-4663-A51B-4E54EE390DE9}.Release|Any CPU.ActiveCfg = Release|Any CPU
		{A6D90EB4-DDAA-4663-A51B-4E54EE390DE9}.Release|Any CPU.Build.0 = Release|Any CPU
		{A6D90EB4-DDAA-4663-A51B-4E54EE390DE9}.Release|ARM.ActiveCfg = Release|Any CPU
		{A6D90EB4-DDAA-4663-A51B-4E54EE390DE9}.Release|ARM.Build.0 = Release|Any CPU
		{A6D90EB4-DDAA-4663-A51B-4E54EE390DE9}.Release|iPhone.ActiveCfg = Release|Any CPU
		{A6D90EB4-DDAA-4663-A51B-4E54EE390DE9}.Release|iPhone.Build.0 = Release|Any CPU
		{A6D90EB4-DDAA-4663-A51B-4E54EE390DE9}.Release|iPhoneSimulator.ActiveCfg = Release|Any CPU
		{A6D90EB4-DDAA-4663-A51B-4E54EE390DE9}.Release|iPhoneSimulator.Build.0 = Release|Any CPU
		{A6D90EB4-DDAA-4663-A51B-4E54EE390DE9}.Release|x64.ActiveCfg = Release|Any CPU
		{A6D90EB4-DDAA-4663-A51B-4E54EE390DE9}.Release|x64.Build.0 = Release|Any CPU
		{A6D90EB4-DDAA-4663-A51B-4E54EE390DE9}.Release|x86.ActiveCfg = Release|Any CPU
		{A6D90EB4-DDAA-4663-A51B-4E54EE390DE9}.Release|x86.Build.0 = Release|Any CPU
		{3D092542-DDD5-450A-ABF9-628B1C788768}.Ad-Hoc|Any CPU.ActiveCfg = Release|Any CPU
		{3D092542-DDD5-450A-ABF9-628B1C788768}.Ad-Hoc|Any CPU.Build.0 = Release|Any CPU
		{3D092542-DDD5-450A-ABF9-628B1C788768}.Ad-Hoc|ARM.ActiveCfg = Release|Any CPU
		{3D092542-DDD5-450A-ABF9-628B1C788768}.Ad-Hoc|ARM.Build.0 = Release|Any CPU
		{3D092542-DDD5-450A-ABF9-628B1C788768}.Ad-Hoc|iPhone.ActiveCfg = Release|Any CPU
		{3D092542-DDD5-450A-ABF9-628B1C788768}.Ad-Hoc|iPhone.Build.0 = Release|Any CPU
		{3D092542-DDD5-450A-ABF9-628B1C788768}.Ad-Hoc|iPhoneSimulator.ActiveCfg = Release|Any CPU
		{3D092542-DDD5-450A-ABF9-628B1C788768}.Ad-Hoc|iPhoneSimulator.Build.0 = Release|Any CPU
		{3D092542-DDD5-450A-ABF9-628B1C788768}.Ad-Hoc|x64.ActiveCfg = Release|Any CPU
		{3D092542-DDD5-450A-ABF9-628B1C788768}.Ad-Hoc|x64.Build.0 = Release|Any CPU
		{3D092542-DDD5-450A-ABF9-628B1C788768}.Ad-Hoc|x86.ActiveCfg = Release|Any CPU
		{3D092542-DDD5-450A-ABF9-628B1C788768}.Ad-Hoc|x86.Build.0 = Release|Any CPU
		{3D092542-DDD5-450A-ABF9-628B1C788768}.AppStore|Any CPU.ActiveCfg = Release|Any CPU
		{3D092542-DDD5-450A-ABF9-628B1C788768}.AppStore|Any CPU.Build.0 = Release|Any CPU
		{3D092542-DDD5-450A-ABF9-628B1C788768}.AppStore|ARM.ActiveCfg = Release|Any CPU
		{3D092542-DDD5-450A-ABF9-628B1C788768}.AppStore|ARM.Build.0 = Release|Any CPU
		{3D092542-DDD5-450A-ABF9-628B1C788768}.AppStore|iPhone.ActiveCfg = Release|Any CPU
		{3D092542-DDD5-450A-ABF9-628B1C788768}.AppStore|iPhone.Build.0 = Release|Any CPU
		{3D092542-DDD5-450A-ABF9-628B1C788768}.AppStore|iPhoneSimulator.ActiveCfg = Release|Any CPU
		{3D092542-DDD5-450A-ABF9-628B1C788768}.AppStore|iPhoneSimulator.Build.0 = Release|Any CPU
		{3D092542-DDD5-450A-ABF9-628B1C788768}.AppStore|x64.ActiveCfg = Release|Any CPU
		{3D092542-DDD5-450A-ABF9-628B1C788768}.AppStore|x64.Build.0 = Release|Any CPU
		{3D092542-DDD5-450A-ABF9-628B1C788768}.AppStore|x86.ActiveCfg = Release|Any CPU
		{3D092542-DDD5-450A-ABF9-628B1C788768}.AppStore|x86.Build.0 = Release|Any CPU
		{3D092542-DDD5-450A-ABF9-628B1C788768}.Debug|Any CPU.ActiveCfg = Debug|Any CPU
		{3D092542-DDD5-450A-ABF9-628B1C788768}.Debug|Any CPU.Build.0 = Debug|Any CPU
		{3D092542-DDD5-450A-ABF9-628B1C788768}.Debug|ARM.ActiveCfg = Debug|Any CPU
		{3D092542-DDD5-450A-ABF9-628B1C788768}.Debug|ARM.Build.0 = Debug|Any CPU
		{3D092542-DDD5-450A-ABF9-628B1C788768}.Debug|iPhone.ActiveCfg = Debug|Any CPU
		{3D092542-DDD5-450A-ABF9-628B1C788768}.Debug|iPhone.Build.0 = Debug|Any CPU
		{3D092542-DDD5-450A-ABF9-628B1C788768}.Debug|iPhoneSimulator.ActiveCfg = Debug|Any CPU
		{3D092542-DDD5-450A-ABF9-628B1C788768}.Debug|iPhoneSimulator.Build.0 = Debug|Any CPU
		{3D092542-DDD5-450A-ABF9-628B1C788768}.Debug|x64.ActiveCfg = Debug|Any CPU
		{3D092542-DDD5-450A-ABF9-628B1C788768}.Debug|x64.Build.0 = Debug|Any CPU
		{3D092542-DDD5-450A-ABF9-628B1C788768}.Debug|x86.ActiveCfg = Debug|Any CPU
		{3D092542-DDD5-450A-ABF9-628B1C788768}.Debug|x86.Build.0 = Debug|Any CPU
		{3D092542-DDD5-450A-ABF9-628B1C788768}.Release|Any CPU.ActiveCfg = Release|Any CPU
		{3D092542-DDD5-450A-ABF9-628B1C788768}.Release|Any CPU.Build.0 = Release|Any CPU
		{3D092542-DDD5-450A-ABF9-628B1C788768}.Release|ARM.ActiveCfg = Release|Any CPU
		{3D092542-DDD5-450A-ABF9-628B1C788768}.Release|ARM.Build.0 = Release|Any CPU
		{3D092542-DDD5-450A-ABF9-628B1C788768}.Release|iPhone.ActiveCfg = Release|Any CPU
		{3D092542-DDD5-450A-ABF9-628B1C788768}.Release|iPhone.Build.0 = Release|Any CPU
		{3D092542-DDD5-450A-ABF9-628B1C788768}.Release|iPhoneSimulator.ActiveCfg = Release|Any CPU
		{3D092542-DDD5-450A-ABF9-628B1C788768}.Release|iPhoneSimulator.Build.0 = Release|Any CPU
		{3D092542-DDD5-450A-ABF9-628B1C788768}.Release|x64.ActiveCfg = Release|Any CPU
		{3D092542-DDD5-450A-ABF9-628B1C788768}.Release|x64.Build.0 = Release|Any CPU
		{3D092542-DDD5-450A-ABF9-628B1C788768}.Release|x86.ActiveCfg = Release|Any CPU
		{3D092542-DDD5-450A-ABF9-628B1C788768}.Release|x86.Build.0 = Release|Any CPU
		{B74460AF-EC5B-4BFB-9B61-A65A922BAED1}.Ad-Hoc|Any CPU.ActiveCfg = Release|Any CPU
		{B74460AF-EC5B-4BFB-9B61-A65A922BAED1}.Ad-Hoc|Any CPU.Build.0 = Release|Any CPU
		{B74460AF-EC5B-4BFB-9B61-A65A922BAED1}.Ad-Hoc|ARM.ActiveCfg = Release|Any CPU
		{B74460AF-EC5B-4BFB-9B61-A65A922BAED1}.Ad-Hoc|ARM.Build.0 = Release|Any CPU
		{B74460AF-EC5B-4BFB-9B61-A65A922BAED1}.Ad-Hoc|iPhone.ActiveCfg = Release|Any CPU
		{B74460AF-EC5B-4BFB-9B61-A65A922BAED1}.Ad-Hoc|iPhone.Build.0 = Release|Any CPU
		{B74460AF-EC5B-4BFB-9B61-A65A922BAED1}.Ad-Hoc|iPhoneSimulator.ActiveCfg = Release|Any CPU
		{B74460AF-EC5B-4BFB-9B61-A65A922BAED1}.Ad-Hoc|iPhoneSimulator.Build.0 = Release|Any CPU
		{B74460AF-EC5B-4BFB-9B61-A65A922BAED1}.Ad-Hoc|x64.ActiveCfg = Release|Any CPU
		{B74460AF-EC5B-4BFB-9B61-A65A922BAED1}.Ad-Hoc|x64.Build.0 = Release|Any CPU
		{B74460AF-EC5B-4BFB-9B61-A65A922BAED1}.Ad-Hoc|x86.ActiveCfg = Release|Any CPU
		{B74460AF-EC5B-4BFB-9B61-A65A922BAED1}.Ad-Hoc|x86.Build.0 = Release|Any CPU
		{B74460AF-EC5B-4BFB-9B61-A65A922BAED1}.AppStore|Any CPU.ActiveCfg = Release|Any CPU
		{B74460AF-EC5B-4BFB-9B61-A65A922BAED1}.AppStore|Any CPU.Build.0 = Release|Any CPU
		{B74460AF-EC5B-4BFB-9B61-A65A922BAED1}.AppStore|ARM.ActiveCfg = Release|Any CPU
		{B74460AF-EC5B-4BFB-9B61-A65A922BAED1}.AppStore|ARM.Build.0 = Release|Any CPU
		{B74460AF-EC5B-4BFB-9B61-A65A922BAED1}.AppStore|iPhone.ActiveCfg = Release|Any CPU
		{B74460AF-EC5B-4BFB-9B61-A65A922BAED1}.AppStore|iPhone.Build.0 = Release|Any CPU
		{B74460AF-EC5B-4BFB-9B61-A65A922BAED1}.AppStore|iPhoneSimulator.ActiveCfg = Release|Any CPU
		{B74460AF-EC5B-4BFB-9B61-A65A922BAED1}.AppStore|iPhoneSimulator.Build.0 = Release|Any CPU
		{B74460AF-EC5B-4BFB-9B61-A65A922BAED1}.AppStore|x64.ActiveCfg = Release|Any CPU
		{B74460AF-EC5B-4BFB-9B61-A65A922BAED1}.AppStore|x64.Build.0 = Release|Any CPU
		{B74460AF-EC5B-4BFB-9B61-A65A922BAED1}.AppStore|x86.ActiveCfg = Release|Any CPU
		{B74460AF-EC5B-4BFB-9B61-A65A922BAED1}.AppStore|x86.Build.0 = Release|Any CPU
		{B74460AF-EC5B-4BFB-9B61-A65A922BAED1}.Debug|Any CPU.ActiveCfg = Debug|Any CPU
		{B74460AF-EC5B-4BFB-9B61-A65A922BAED1}.Debug|Any CPU.Build.0 = Debug|Any CPU
		{B74460AF-EC5B-4BFB-9B61-A65A922BAED1}.Debug|ARM.ActiveCfg = Debug|Any CPU
		{B74460AF-EC5B-4BFB-9B61-A65A922BAED1}.Debug|ARM.Build.0 = Debug|Any CPU
		{B74460AF-EC5B-4BFB-9B61-A65A922BAED1}.Debug|iPhone.ActiveCfg = Debug|Any CPU
		{B74460AF-EC5B-4BFB-9B61-A65A922BAED1}.Debug|iPhone.Build.0 = Debug|Any CPU
		{B74460AF-EC5B-4BFB-9B61-A65A922BAED1}.Debug|iPhoneSimulator.ActiveCfg = Debug|Any CPU
		{B74460AF-EC5B-4BFB-9B61-A65A922BAED1}.Debug|iPhoneSimulator.Build.0 = Debug|Any CPU
		{B74460AF-EC5B-4BFB-9B61-A65A922BAED1}.Debug|x64.ActiveCfg = Debug|Any CPU
		{B74460AF-EC5B-4BFB-9B61-A65A922BAED1}.Debug|x64.Build.0 = Debug|Any CPU
		{B74460AF-EC5B-4BFB-9B61-A65A922BAED1}.Debug|x86.ActiveCfg = Debug|Any CPU
		{B74460AF-EC5B-4BFB-9B61-A65A922BAED1}.Debug|x86.Build.0 = Debug|Any CPU
		{B74460AF-EC5B-4BFB-9B61-A65A922BAED1}.Release|Any CPU.ActiveCfg = Release|Any CPU
		{B74460AF-EC5B-4BFB-9B61-A65A922BAED1}.Release|Any CPU.Build.0 = Release|Any CPU
		{B74460AF-EC5B-4BFB-9B61-A65A922BAED1}.Release|ARM.ActiveCfg = Release|Any CPU
		{B74460AF-EC5B-4BFB-9B61-A65A922BAED1}.Release|ARM.Build.0 = Release|Any CPU
		{B74460AF-EC5B-4BFB-9B61-A65A922BAED1}.Release|iPhone.ActiveCfg = Release|Any CPU
		{B74460AF-EC5B-4BFB-9B61-A65A922BAED1}.Release|iPhone.Build.0 = Release|Any CPU
		{B74460AF-EC5B-4BFB-9B61-A65A922BAED1}.Release|iPhoneSimulator.ActiveCfg = Release|Any CPU
		{B74460AF-EC5B-4BFB-9B61-A65A922BAED1}.Release|iPhoneSimulator.Build.0 = Release|Any CPU
		{B74460AF-EC5B-4BFB-9B61-A65A922BAED1}.Release|x64.ActiveCfg = Release|Any CPU
		{B74460AF-EC5B-4BFB-9B61-A65A922BAED1}.Release|x64.Build.0 = Release|Any CPU
		{B74460AF-EC5B-4BFB-9B61-A65A922BAED1}.Release|x86.ActiveCfg = Release|Any CPU
		{B74460AF-EC5B-4BFB-9B61-A65A922BAED1}.Release|x86.Build.0 = Release|Any CPU
		{61AB3159-C5AC-4A93-B7DB-0BA2A76B7399}.Ad-Hoc|Any CPU.ActiveCfg = Release|Any CPU
		{61AB3159-C5AC-4A93-B7DB-0BA2A76B7399}.Ad-Hoc|Any CPU.Build.0 = Release|Any CPU
		{61AB3159-C5AC-4A93-B7DB-0BA2A76B7399}.Ad-Hoc|ARM.ActiveCfg = Release|Any CPU
		{61AB3159-C5AC-4A93-B7DB-0BA2A76B7399}.Ad-Hoc|ARM.Build.0 = Release|Any CPU
		{61AB3159-C5AC-4A93-B7DB-0BA2A76B7399}.Ad-Hoc|iPhone.ActiveCfg = Release|Any CPU
		{61AB3159-C5AC-4A93-B7DB-0BA2A76B7399}.Ad-Hoc|iPhone.Build.0 = Release|Any CPU
		{61AB3159-C5AC-4A93-B7DB-0BA2A76B7399}.Ad-Hoc|iPhoneSimulator.ActiveCfg = Release|Any CPU
		{61AB3159-C5AC-4A93-B7DB-0BA2A76B7399}.Ad-Hoc|iPhoneSimulator.Build.0 = Release|Any CPU
		{61AB3159-C5AC-4A93-B7DB-0BA2A76B7399}.Ad-Hoc|x64.ActiveCfg = Release|Any CPU
		{61AB3159-C5AC-4A93-B7DB-0BA2A76B7399}.Ad-Hoc|x64.Build.0 = Release|Any CPU
		{61AB3159-C5AC-4A93-B7DB-0BA2A76B7399}.Ad-Hoc|x86.ActiveCfg = Release|Any CPU
		{61AB3159-C5AC-4A93-B7DB-0BA2A76B7399}.Ad-Hoc|x86.Build.0 = Release|Any CPU
		{61AB3159-C5AC-4A93-B7DB-0BA2A76B7399}.AppStore|Any CPU.ActiveCfg = Release|Any CPU
		{61AB3159-C5AC-4A93-B7DB-0BA2A76B7399}.AppStore|Any CPU.Build.0 = Release|Any CPU
		{61AB3159-C5AC-4A93-B7DB-0BA2A76B7399}.AppStore|ARM.ActiveCfg = Release|Any CPU
		{61AB3159-C5AC-4A93-B7DB-0BA2A76B7399}.AppStore|ARM.Build.0 = Release|Any CPU
		{61AB3159-C5AC-4A93-B7DB-0BA2A76B7399}.AppStore|iPhone.ActiveCfg = Release|Any CPU
		{61AB3159-C5AC-4A93-B7DB-0BA2A76B7399}.AppStore|iPhone.Build.0 = Release|Any CPU
		{61AB3159-C5AC-4A93-B7DB-0BA2A76B7399}.AppStore|iPhoneSimulator.ActiveCfg = Release|Any CPU
		{61AB3159-C5AC-4A93-B7DB-0BA2A76B7399}.AppStore|iPhoneSimulator.Build.0 = Release|Any CPU
		{61AB3159-C5AC-4A93-B7DB-0BA2A76B7399}.AppStore|x64.ActiveCfg = Release|Any CPU
		{61AB3159-C5AC-4A93-B7DB-0BA2A76B7399}.AppStore|x64.Build.0 = Release|Any CPU
		{61AB3159-C5AC-4A93-B7DB-0BA2A76B7399}.AppStore|x86.ActiveCfg = Release|Any CPU
		{61AB3159-C5AC-4A93-B7DB-0BA2A76B7399}.AppStore|x86.Build.0 = Release|Any CPU
		{61AB3159-C5AC-4A93-B7DB-0BA2A76B7399}.Debug|Any CPU.ActiveCfg = Debug|Any CPU
		{61AB3159-C5AC-4A93-B7DB-0BA2A76B7399}.Debug|Any CPU.Build.0 = Debug|Any CPU
		{61AB3159-C5AC-4A93-B7DB-0BA2A76B7399}.Debug|ARM.ActiveCfg = Debug|Any CPU
		{61AB3159-C5AC-4A93-B7DB-0BA2A76B7399}.Debug|ARM.Build.0 = Debug|Any CPU
		{61AB3159-C5AC-4A93-B7DB-0BA2A76B7399}.Debug|iPhone.ActiveCfg = Debug|Any CPU
		{61AB3159-C5AC-4A93-B7DB-0BA2A76B7399}.Debug|iPhone.Build.0 = Debug|Any CPU
		{61AB3159-C5AC-4A93-B7DB-0BA2A76B7399}.Debug|iPhoneSimulator.ActiveCfg = Debug|Any CPU
		{61AB3159-C5AC-4A93-B7DB-0BA2A76B7399}.Debug|iPhoneSimulator.Build.0 = Debug|Any CPU
		{61AB3159-C5AC-4A93-B7DB-0BA2A76B7399}.Debug|x64.ActiveCfg = Debug|Any CPU
		{61AB3159-C5AC-4A93-B7DB-0BA2A76B7399}.Debug|x64.Build.0 = Debug|Any CPU
		{61AB3159-C5AC-4A93-B7DB-0BA2A76B7399}.Debug|x86.ActiveCfg = Debug|Any CPU
		{61AB3159-C5AC-4A93-B7DB-0BA2A76B7399}.Debug|x86.Build.0 = Debug|Any CPU
		{61AB3159-C5AC-4A93-B7DB-0BA2A76B7399}.Release|Any CPU.ActiveCfg = Release|Any CPU
		{61AB3159-C5AC-4A93-B7DB-0BA2A76B7399}.Release|Any CPU.Build.0 = Release|Any CPU
		{61AB3159-C5AC-4A93-B7DB-0BA2A76B7399}.Release|ARM.ActiveCfg = Release|Any CPU
		{61AB3159-C5AC-4A93-B7DB-0BA2A76B7399}.Release|ARM.Build.0 = Release|Any CPU
		{61AB3159-C5AC-4A93-B7DB-0BA2A76B7399}.Release|iPhone.ActiveCfg = Release|Any CPU
		{61AB3159-C5AC-4A93-B7DB-0BA2A76B7399}.Release|iPhone.Build.0 = Release|Any CPU
		{61AB3159-C5AC-4A93-B7DB-0BA2A76B7399}.Release|iPhoneSimulator.ActiveCfg = Release|Any CPU
		{61AB3159-C5AC-4A93-B7DB-0BA2A76B7399}.Release|iPhoneSimulator.Build.0 = Release|Any CPU
		{61AB3159-C5AC-4A93-B7DB-0BA2A76B7399}.Release|x64.ActiveCfg = Release|Any CPU
		{61AB3159-C5AC-4A93-B7DB-0BA2A76B7399}.Release|x64.Build.0 = Release|Any CPU
		{61AB3159-C5AC-4A93-B7DB-0BA2A76B7399}.Release|x86.ActiveCfg = Release|Any CPU
		{61AB3159-C5AC-4A93-B7DB-0BA2A76B7399}.Release|x86.Build.0 = Release|Any CPU
		{8583C604-4418-4B09-864E-609376F92ED6}.Ad-Hoc|Any CPU.ActiveCfg = Release|Any CPU
		{8583C604-4418-4B09-864E-609376F92ED6}.Ad-Hoc|Any CPU.Build.0 = Release|Any CPU
		{8583C604-4418-4B09-864E-609376F92ED6}.Ad-Hoc|ARM.ActiveCfg = Release|Any CPU
		{8583C604-4418-4B09-864E-609376F92ED6}.Ad-Hoc|ARM.Build.0 = Release|Any CPU
		{8583C604-4418-4B09-864E-609376F92ED6}.Ad-Hoc|iPhone.ActiveCfg = Release|Any CPU
		{8583C604-4418-4B09-864E-609376F92ED6}.Ad-Hoc|iPhone.Build.0 = Release|Any CPU
		{8583C604-4418-4B09-864E-609376F92ED6}.Ad-Hoc|iPhoneSimulator.ActiveCfg = Release|Any CPU
		{8583C604-4418-4B09-864E-609376F92ED6}.Ad-Hoc|iPhoneSimulator.Build.0 = Release|Any CPU
		{8583C604-4418-4B09-864E-609376F92ED6}.Ad-Hoc|x64.ActiveCfg = Release|Any CPU
		{8583C604-4418-4B09-864E-609376F92ED6}.Ad-Hoc|x64.Build.0 = Release|Any CPU
		{8583C604-4418-4B09-864E-609376F92ED6}.Ad-Hoc|x86.ActiveCfg = Release|Any CPU
		{8583C604-4418-4B09-864E-609376F92ED6}.Ad-Hoc|x86.Build.0 = Release|Any CPU
		{8583C604-4418-4B09-864E-609376F92ED6}.AppStore|Any CPU.ActiveCfg = Release|Any CPU
		{8583C604-4418-4B09-864E-609376F92ED6}.AppStore|Any CPU.Build.0 = Release|Any CPU
		{8583C604-4418-4B09-864E-609376F92ED6}.AppStore|ARM.ActiveCfg = Release|Any CPU
		{8583C604-4418-4B09-864E-609376F92ED6}.AppStore|ARM.Build.0 = Release|Any CPU
		{8583C604-4418-4B09-864E-609376F92ED6}.AppStore|iPhone.ActiveCfg = Release|Any CPU
		{8583C604-4418-4B09-864E-609376F92ED6}.AppStore|iPhone.Build.0 = Release|Any CPU
		{8583C604-4418-4B09-864E-609376F92ED6}.AppStore|iPhoneSimulator.ActiveCfg = Release|Any CPU
		{8583C604-4418-4B09-864E-609376F92ED6}.AppStore|iPhoneSimulator.Build.0 = Release|Any CPU
		{8583C604-4418-4B09-864E-609376F92ED6}.AppStore|x64.ActiveCfg = Release|Any CPU
		{8583C604-4418-4B09-864E-609376F92ED6}.AppStore|x64.Build.0 = Release|Any CPU
		{8583C604-4418-4B09-864E-609376F92ED6}.AppStore|x86.ActiveCfg = Release|Any CPU
		{8583C604-4418-4B09-864E-609376F92ED6}.AppStore|x86.Build.0 = Release|Any CPU
		{8583C604-4418-4B09-864E-609376F92ED6}.Debug|Any CPU.ActiveCfg = Debug|Any CPU
		{8583C604-4418-4B09-864E-609376F92ED6}.Debug|Any CPU.Build.0 = Debug|Any CPU
		{8583C604-4418-4B09-864E-609376F92ED6}.Debug|ARM.ActiveCfg = Debug|Any CPU
		{8583C604-4418-4B09-864E-609376F92ED6}.Debug|ARM.Build.0 = Debug|Any CPU
		{8583C604-4418-4B09-864E-609376F92ED6}.Debug|iPhone.ActiveCfg = Debug|Any CPU
		{8583C604-4418-4B09-864E-609376F92ED6}.Debug|iPhone.Build.0 = Debug|Any CPU
		{8583C604-4418-4B09-864E-609376F92ED6}.Debug|iPhoneSimulator.ActiveCfg = Debug|Any CPU
		{8583C604-4418-4B09-864E-609376F92ED6}.Debug|iPhoneSimulator.Build.0 = Debug|Any CPU
		{8583C604-4418-4B09-864E-609376F92ED6}.Debug|x64.ActiveCfg = Debug|Any CPU
		{8583C604-4418-4B09-864E-609376F92ED6}.Debug|x64.Build.0 = Debug|Any CPU
		{8583C604-4418-4B09-864E-609376F92ED6}.Debug|x86.ActiveCfg = Debug|Any CPU
		{8583C604-4418-4B09-864E-609376F92ED6}.Debug|x86.Build.0 = Debug|Any CPU
		{8583C604-4418-4B09-864E-609376F92ED6}.Release|Any CPU.ActiveCfg = Release|Any CPU
		{8583C604-4418-4B09-864E-609376F92ED6}.Release|Any CPU.Build.0 = Release|Any CPU
		{8583C604-4418-4B09-864E-609376F92ED6}.Release|ARM.ActiveCfg = Release|Any CPU
		{8583C604-4418-4B09-864E-609376F92ED6}.Release|ARM.Build.0 = Release|Any CPU
		{8583C604-4418-4B09-864E-609376F92ED6}.Release|iPhone.ActiveCfg = Release|Any CPU
		{8583C604-4418-4B09-864E-609376F92ED6}.Release|iPhone.Build.0 = Release|Any CPU
		{8583C604-4418-4B09-864E-609376F92ED6}.Release|iPhoneSimulator.ActiveCfg = Release|Any CPU
		{8583C604-4418-4B09-864E-609376F92ED6}.Release|iPhoneSimulator.Build.0 = Release|Any CPU
		{8583C604-4418-4B09-864E-609376F92ED6}.Release|x64.ActiveCfg = Release|Any CPU
		{8583C604-4418-4B09-864E-609376F92ED6}.Release|x64.Build.0 = Release|Any CPU
		{8583C604-4418-4B09-864E-609376F92ED6}.Release|x86.ActiveCfg = Release|Any CPU
		{8583C604-4418-4B09-864E-609376F92ED6}.Release|x86.Build.0 = Release|Any CPU
		{E561E2BC-310C-4F45-8DA2-E2ED523095DB}.Ad-Hoc|Any CPU.ActiveCfg = Release|Any CPU
		{E561E2BC-310C-4F45-8DA2-E2ED523095DB}.Ad-Hoc|Any CPU.Build.0 = Release|Any CPU
		{E561E2BC-310C-4F45-8DA2-E2ED523095DB}.Ad-Hoc|ARM.ActiveCfg = Release|Any CPU
		{E561E2BC-310C-4F45-8DA2-E2ED523095DB}.Ad-Hoc|ARM.Build.0 = Release|Any CPU
		{E561E2BC-310C-4F45-8DA2-E2ED523095DB}.Ad-Hoc|iPhone.ActiveCfg = Release|Any CPU
		{E561E2BC-310C-4F45-8DA2-E2ED523095DB}.Ad-Hoc|iPhone.Build.0 = Release|Any CPU
		{E561E2BC-310C-4F45-8DA2-E2ED523095DB}.Ad-Hoc|iPhoneSimulator.ActiveCfg = Release|Any CPU
		{E561E2BC-310C-4F45-8DA2-E2ED523095DB}.Ad-Hoc|iPhoneSimulator.Build.0 = Release|Any CPU
		{E561E2BC-310C-4F45-8DA2-E2ED523095DB}.Ad-Hoc|x64.ActiveCfg = Release|Any CPU
		{E561E2BC-310C-4F45-8DA2-E2ED523095DB}.Ad-Hoc|x64.Build.0 = Release|Any CPU
		{E561E2BC-310C-4F45-8DA2-E2ED523095DB}.Ad-Hoc|x86.ActiveCfg = Release|Any CPU
		{E561E2BC-310C-4F45-8DA2-E2ED523095DB}.Ad-Hoc|x86.Build.0 = Release|Any CPU
		{E561E2BC-310C-4F45-8DA2-E2ED523095DB}.AppStore|Any CPU.ActiveCfg = Release|Any CPU
		{E561E2BC-310C-4F45-8DA2-E2ED523095DB}.AppStore|Any CPU.Build.0 = Release|Any CPU
		{E561E2BC-310C-4F45-8DA2-E2ED523095DB}.AppStore|ARM.ActiveCfg = Release|Any CPU
		{E561E2BC-310C-4F45-8DA2-E2ED523095DB}.AppStore|ARM.Build.0 = Release|Any CPU
		{E561E2BC-310C-4F45-8DA2-E2ED523095DB}.AppStore|iPhone.ActiveCfg = Release|Any CPU
		{E561E2BC-310C-4F45-8DA2-E2ED523095DB}.AppStore|iPhone.Build.0 = Release|Any CPU
		{E561E2BC-310C-4F45-8DA2-E2ED523095DB}.AppStore|iPhoneSimulator.ActiveCfg = Release|Any CPU
		{E561E2BC-310C-4F45-8DA2-E2ED523095DB}.AppStore|iPhoneSimulator.Build.0 = Release|Any CPU
		{E561E2BC-310C-4F45-8DA2-E2ED523095DB}.AppStore|x64.ActiveCfg = Release|Any CPU
		{E561E2BC-310C-4F45-8DA2-E2ED523095DB}.AppStore|x64.Build.0 = Release|Any CPU
		{E561E2BC-310C-4F45-8DA2-E2ED523095DB}.AppStore|x86.ActiveCfg = Release|Any CPU
		{E561E2BC-310C-4F45-8DA2-E2ED523095DB}.AppStore|x86.Build.0 = Release|Any CPU
		{E561E2BC-310C-4F45-8DA2-E2ED523095DB}.Debug|Any CPU.ActiveCfg = Debug|Any CPU
		{E561E2BC-310C-4F45-8DA2-E2ED523095DB}.Debug|Any CPU.Build.0 = Debug|Any CPU
		{E561E2BC-310C-4F45-8DA2-E2ED523095DB}.Debug|ARM.ActiveCfg = Debug|Any CPU
		{E561E2BC-310C-4F45-8DA2-E2ED523095DB}.Debug|ARM.Build.0 = Debug|Any CPU
		{E561E2BC-310C-4F45-8DA2-E2ED523095DB}.Debug|iPhone.ActiveCfg = Debug|Any CPU
		{E561E2BC-310C-4F45-8DA2-E2ED523095DB}.Debug|iPhone.Build.0 = Debug|Any CPU
		{E561E2BC-310C-4F45-8DA2-E2ED523095DB}.Debug|iPhoneSimulator.ActiveCfg = Debug|Any CPU
		{E561E2BC-310C-4F45-8DA2-E2ED523095DB}.Debug|iPhoneSimulator.Build.0 = Debug|Any CPU
		{E561E2BC-310C-4F45-8DA2-E2ED523095DB}.Debug|x64.ActiveCfg = Debug|Any CPU
		{E561E2BC-310C-4F45-8DA2-E2ED523095DB}.Debug|x64.Build.0 = Debug|Any CPU
		{E561E2BC-310C-4F45-8DA2-E2ED523095DB}.Debug|x86.ActiveCfg = Debug|Any CPU
		{E561E2BC-310C-4F45-8DA2-E2ED523095DB}.Debug|x86.Build.0 = Debug|Any CPU
		{E561E2BC-310C-4F45-8DA2-E2ED523095DB}.Release|Any CPU.ActiveCfg = Release|Any CPU
		{E561E2BC-310C-4F45-8DA2-E2ED523095DB}.Release|Any CPU.Build.0 = Release|Any CPU
		{E561E2BC-310C-4F45-8DA2-E2ED523095DB}.Release|ARM.ActiveCfg = Release|Any CPU
		{E561E2BC-310C-4F45-8DA2-E2ED523095DB}.Release|ARM.Build.0 = Release|Any CPU
		{E561E2BC-310C-4F45-8DA2-E2ED523095DB}.Release|iPhone.ActiveCfg = Release|Any CPU
		{E561E2BC-310C-4F45-8DA2-E2ED523095DB}.Release|iPhone.Build.0 = Release|Any CPU
		{E561E2BC-310C-4F45-8DA2-E2ED523095DB}.Release|iPhoneSimulator.ActiveCfg = Release|Any CPU
		{E561E2BC-310C-4F45-8DA2-E2ED523095DB}.Release|iPhoneSimulator.Build.0 = Release|Any CPU
		{E561E2BC-310C-4F45-8DA2-E2ED523095DB}.Release|x64.ActiveCfg = Release|Any CPU
		{E561E2BC-310C-4F45-8DA2-E2ED523095DB}.Release|x64.Build.0 = Release|Any CPU
		{E561E2BC-310C-4F45-8DA2-E2ED523095DB}.Release|x86.ActiveCfg = Release|Any CPU
		{E561E2BC-310C-4F45-8DA2-E2ED523095DB}.Release|x86.Build.0 = Release|Any CPU
		{1FF392D5-432D-4E9F-B6A4-F525C4E9E876}.Ad-Hoc|Any CPU.ActiveCfg = Release|Any CPU
		{1FF392D5-432D-4E9F-B6A4-F525C4E9E876}.Ad-Hoc|Any CPU.Build.0 = Release|Any CPU
		{1FF392D5-432D-4E9F-B6A4-F525C4E9E876}.Ad-Hoc|ARM.ActiveCfg = Release|Any CPU
		{1FF392D5-432D-4E9F-B6A4-F525C4E9E876}.Ad-Hoc|ARM.Build.0 = Release|Any CPU
		{1FF392D5-432D-4E9F-B6A4-F525C4E9E876}.Ad-Hoc|iPhone.ActiveCfg = Release|Any CPU
		{1FF392D5-432D-4E9F-B6A4-F525C4E9E876}.Ad-Hoc|iPhone.Build.0 = Release|Any CPU
		{1FF392D5-432D-4E9F-B6A4-F525C4E9E876}.Ad-Hoc|iPhoneSimulator.ActiveCfg = Release|Any CPU
		{1FF392D5-432D-4E9F-B6A4-F525C4E9E876}.Ad-Hoc|iPhoneSimulator.Build.0 = Release|Any CPU
		{1FF392D5-432D-4E9F-B6A4-F525C4E9E876}.Ad-Hoc|x64.ActiveCfg = Release|Any CPU
		{1FF392D5-432D-4E9F-B6A4-F525C4E9E876}.Ad-Hoc|x64.Build.0 = Release|Any CPU
		{1FF392D5-432D-4E9F-B6A4-F525C4E9E876}.Ad-Hoc|x86.ActiveCfg = Release|Any CPU
		{1FF392D5-432D-4E9F-B6A4-F525C4E9E876}.Ad-Hoc|x86.Build.0 = Release|Any CPU
		{1FF392D5-432D-4E9F-B6A4-F525C4E9E876}.AppStore|Any CPU.ActiveCfg = Release|Any CPU
		{1FF392D5-432D-4E9F-B6A4-F525C4E9E876}.AppStore|Any CPU.Build.0 = Release|Any CPU
		{1FF392D5-432D-4E9F-B6A4-F525C4E9E876}.AppStore|ARM.ActiveCfg = Release|Any CPU
		{1FF392D5-432D-4E9F-B6A4-F525C4E9E876}.AppStore|ARM.Build.0 = Release|Any CPU
		{1FF392D5-432D-4E9F-B6A4-F525C4E9E876}.AppStore|iPhone.ActiveCfg = Release|Any CPU
		{1FF392D5-432D-4E9F-B6A4-F525C4E9E876}.AppStore|iPhone.Build.0 = Release|Any CPU
		{1FF392D5-432D-4E9F-B6A4-F525C4E9E876}.AppStore|iPhoneSimulator.ActiveCfg = Release|Any CPU
		{1FF392D5-432D-4E9F-B6A4-F525C4E9E876}.AppStore|iPhoneSimulator.Build.0 = Release|Any CPU
		{1FF392D5-432D-4E9F-B6A4-F525C4E9E876}.AppStore|x64.ActiveCfg = Release|Any CPU
		{1FF392D5-432D-4E9F-B6A4-F525C4E9E876}.AppStore|x64.Build.0 = Release|Any CPU
		{1FF392D5-432D-4E9F-B6A4-F525C4E9E876}.AppStore|x86.ActiveCfg = Release|Any CPU
		{1FF392D5-432D-4E9F-B6A4-F525C4E9E876}.AppStore|x86.Build.0 = Release|Any CPU
		{1FF392D5-432D-4E9F-B6A4-F525C4E9E876}.Debug|Any CPU.ActiveCfg = Debug|Any CPU
		{1FF392D5-432D-4E9F-B6A4-F525C4E9E876}.Debug|Any CPU.Build.0 = Debug|Any CPU
		{1FF392D5-432D-4E9F-B6A4-F525C4E9E876}.Debug|ARM.ActiveCfg = Debug|Any CPU
		{1FF392D5-432D-4E9F-B6A4-F525C4E9E876}.Debug|ARM.Build.0 = Debug|Any CPU
		{1FF392D5-432D-4E9F-B6A4-F525C4E9E876}.Debug|iPhone.ActiveCfg = Debug|Any CPU
		{1FF392D5-432D-4E9F-B6A4-F525C4E9E876}.Debug|iPhone.Build.0 = Debug|Any CPU
		{1FF392D5-432D-4E9F-B6A4-F525C4E9E876}.Debug|iPhoneSimulator.ActiveCfg = Debug|Any CPU
		{1FF392D5-432D-4E9F-B6A4-F525C4E9E876}.Debug|iPhoneSimulator.Build.0 = Debug|Any CPU
		{1FF392D5-432D-4E9F-B6A4-F525C4E9E876}.Debug|x64.ActiveCfg = Debug|Any CPU
		{1FF392D5-432D-4E9F-B6A4-F525C4E9E876}.Debug|x64.Build.0 = Debug|Any CPU
		{1FF392D5-432D-4E9F-B6A4-F525C4E9E876}.Debug|x86.ActiveCfg = Debug|Any CPU
		{1FF392D5-432D-4E9F-B6A4-F525C4E9E876}.Debug|x86.Build.0 = Debug|Any CPU
		{1FF392D5-432D-4E9F-B6A4-F525C4E9E876}.Release|Any CPU.ActiveCfg = Release|Any CPU
		{1FF392D5-432D-4E9F-B6A4-F525C4E9E876}.Release|Any CPU.Build.0 = Release|Any CPU
		{1FF392D5-432D-4E9F-B6A4-F525C4E9E876}.Release|ARM.ActiveCfg = Release|Any CPU
		{1FF392D5-432D-4E9F-B6A4-F525C4E9E876}.Release|ARM.Build.0 = Release|Any CPU
		{1FF392D5-432D-4E9F-B6A4-F525C4E9E876}.Release|iPhone.ActiveCfg = Release|Any CPU
		{1FF392D5-432D-4E9F-B6A4-F525C4E9E876}.Release|iPhone.Build.0 = Release|Any CPU
		{1FF392D5-432D-4E9F-B6A4-F525C4E9E876}.Release|iPhoneSimulator.ActiveCfg = Release|Any CPU
		{1FF392D5-432D-4E9F-B6A4-F525C4E9E876}.Release|iPhoneSimulator.Build.0 = Release|Any CPU
		{1FF392D5-432D-4E9F-B6A4-F525C4E9E876}.Release|x64.ActiveCfg = Release|Any CPU
		{1FF392D5-432D-4E9F-B6A4-F525C4E9E876}.Release|x64.Build.0 = Release|Any CPU
		{1FF392D5-432D-4E9F-B6A4-F525C4E9E876}.Release|x86.ActiveCfg = Release|Any CPU
		{1FF392D5-432D-4E9F-B6A4-F525C4E9E876}.Release|x86.Build.0 = Release|Any CPU
		{36D59DD2-51C5-447B-8E0E-1BE64DE6CC0C}.Ad-Hoc|Any CPU.ActiveCfg = Release|Any CPU
		{36D59DD2-51C5-447B-8E0E-1BE64DE6CC0C}.Ad-Hoc|Any CPU.Build.0 = Release|Any CPU
		{36D59DD2-51C5-447B-8E0E-1BE64DE6CC0C}.Ad-Hoc|ARM.ActiveCfg = Release|Any CPU
		{36D59DD2-51C5-447B-8E0E-1BE64DE6CC0C}.Ad-Hoc|ARM.Build.0 = Release|Any CPU
		{36D59DD2-51C5-447B-8E0E-1BE64DE6CC0C}.Ad-Hoc|iPhone.ActiveCfg = Release|Any CPU
		{36D59DD2-51C5-447B-8E0E-1BE64DE6CC0C}.Ad-Hoc|iPhone.Build.0 = Release|Any CPU
		{36D59DD2-51C5-447B-8E0E-1BE64DE6CC0C}.Ad-Hoc|iPhoneSimulator.ActiveCfg = Release|Any CPU
		{36D59DD2-51C5-447B-8E0E-1BE64DE6CC0C}.Ad-Hoc|iPhoneSimulator.Build.0 = Release|Any CPU
		{36D59DD2-51C5-447B-8E0E-1BE64DE6CC0C}.Ad-Hoc|x64.ActiveCfg = Release|Any CPU
		{36D59DD2-51C5-447B-8E0E-1BE64DE6CC0C}.Ad-Hoc|x64.Build.0 = Release|Any CPU
		{36D59DD2-51C5-447B-8E0E-1BE64DE6CC0C}.Ad-Hoc|x86.ActiveCfg = Release|Any CPU
		{36D59DD2-51C5-447B-8E0E-1BE64DE6CC0C}.Ad-Hoc|x86.Build.0 = Release|Any CPU
		{36D59DD2-51C5-447B-8E0E-1BE64DE6CC0C}.AppStore|Any CPU.ActiveCfg = Release|Any CPU
		{36D59DD2-51C5-447B-8E0E-1BE64DE6CC0C}.AppStore|Any CPU.Build.0 = Release|Any CPU
		{36D59DD2-51C5-447B-8E0E-1BE64DE6CC0C}.AppStore|ARM.ActiveCfg = Release|Any CPU
		{36D59DD2-51C5-447B-8E0E-1BE64DE6CC0C}.AppStore|ARM.Build.0 = Release|Any CPU
		{36D59DD2-51C5-447B-8E0E-1BE64DE6CC0C}.AppStore|iPhone.ActiveCfg = Release|Any CPU
		{36D59DD2-51C5-447B-8E0E-1BE64DE6CC0C}.AppStore|iPhone.Build.0 = Release|Any CPU
		{36D59DD2-51C5-447B-8E0E-1BE64DE6CC0C}.AppStore|iPhoneSimulator.ActiveCfg = Release|Any CPU
		{36D59DD2-51C5-447B-8E0E-1BE64DE6CC0C}.AppStore|iPhoneSimulator.Build.0 = Release|Any CPU
		{36D59DD2-51C5-447B-8E0E-1BE64DE6CC0C}.AppStore|x64.ActiveCfg = Release|Any CPU
		{36D59DD2-51C5-447B-8E0E-1BE64DE6CC0C}.AppStore|x64.Build.0 = Release|Any CPU
		{36D59DD2-51C5-447B-8E0E-1BE64DE6CC0C}.AppStore|x86.ActiveCfg = Release|Any CPU
		{36D59DD2-51C5-447B-8E0E-1BE64DE6CC0C}.AppStore|x86.Build.0 = Release|Any CPU
		{36D59DD2-51C5-447B-8E0E-1BE64DE6CC0C}.Debug|Any CPU.ActiveCfg = Debug|Any CPU
		{36D59DD2-51C5-447B-8E0E-1BE64DE6CC0C}.Debug|Any CPU.Build.0 = Debug|Any CPU
		{36D59DD2-51C5-447B-8E0E-1BE64DE6CC0C}.Debug|ARM.ActiveCfg = Debug|Any CPU
		{36D59DD2-51C5-447B-8E0E-1BE64DE6CC0C}.Debug|ARM.Build.0 = Debug|Any CPU
		{36D59DD2-51C5-447B-8E0E-1BE64DE6CC0C}.Debug|iPhone.ActiveCfg = Debug|Any CPU
		{36D59DD2-51C5-447B-8E0E-1BE64DE6CC0C}.Debug|iPhone.Build.0 = Debug|Any CPU
		{36D59DD2-51C5-447B-8E0E-1BE64DE6CC0C}.Debug|iPhoneSimulator.ActiveCfg = Debug|Any CPU
		{36D59DD2-51C5-447B-8E0E-1BE64DE6CC0C}.Debug|iPhoneSimulator.Build.0 = Debug|Any CPU
		{36D59DD2-51C5-447B-8E0E-1BE64DE6CC0C}.Debug|x64.ActiveCfg = Debug|Any CPU
		{36D59DD2-51C5-447B-8E0E-1BE64DE6CC0C}.Debug|x64.Build.0 = Debug|Any CPU
		{36D59DD2-51C5-447B-8E0E-1BE64DE6CC0C}.Debug|x86.ActiveCfg = Debug|Any CPU
		{36D59DD2-51C5-447B-8E0E-1BE64DE6CC0C}.Debug|x86.Build.0 = Debug|Any CPU
		{36D59DD2-51C5-447B-8E0E-1BE64DE6CC0C}.Release|Any CPU.ActiveCfg = Release|Any CPU
		{36D59DD2-51C5-447B-8E0E-1BE64DE6CC0C}.Release|Any CPU.Build.0 = Release|Any CPU
		{36D59DD2-51C5-447B-8E0E-1BE64DE6CC0C}.Release|ARM.ActiveCfg = Release|Any CPU
		{36D59DD2-51C5-447B-8E0E-1BE64DE6CC0C}.Release|ARM.Build.0 = Release|Any CPU
		{36D59DD2-51C5-447B-8E0E-1BE64DE6CC0C}.Release|iPhone.ActiveCfg = Release|Any CPU
		{36D59DD2-51C5-447B-8E0E-1BE64DE6CC0C}.Release|iPhone.Build.0 = Release|Any CPU
		{36D59DD2-51C5-447B-8E0E-1BE64DE6CC0C}.Release|iPhoneSimulator.ActiveCfg = Release|Any CPU
		{36D59DD2-51C5-447B-8E0E-1BE64DE6CC0C}.Release|iPhoneSimulator.Build.0 = Release|Any CPU
		{36D59DD2-51C5-447B-8E0E-1BE64DE6CC0C}.Release|x64.ActiveCfg = Release|Any CPU
		{36D59DD2-51C5-447B-8E0E-1BE64DE6CC0C}.Release|x64.Build.0 = Release|Any CPU
		{36D59DD2-51C5-447B-8E0E-1BE64DE6CC0C}.Release|x86.ActiveCfg = Release|Any CPU
		{36D59DD2-51C5-447B-8E0E-1BE64DE6CC0C}.Release|x86.Build.0 = Release|Any CPU
		{C5977021-2A58-404A-9AA7-3C798571385D}.Ad-Hoc|Any CPU.ActiveCfg = Release|x64
		{C5977021-2A58-404A-9AA7-3C798571385D}.Ad-Hoc|Any CPU.Build.0 = Release|x64
		{C5977021-2A58-404A-9AA7-3C798571385D}.Ad-Hoc|Any CPU.Deploy.0 = Release|x64
		{C5977021-2A58-404A-9AA7-3C798571385D}.Ad-Hoc|ARM.ActiveCfg = Release|ARM
		{C5977021-2A58-404A-9AA7-3C798571385D}.Ad-Hoc|ARM.Build.0 = Release|ARM
		{C5977021-2A58-404A-9AA7-3C798571385D}.Ad-Hoc|ARM.Deploy.0 = Release|ARM
		{C5977021-2A58-404A-9AA7-3C798571385D}.Ad-Hoc|iPhone.ActiveCfg = Release|x64
		{C5977021-2A58-404A-9AA7-3C798571385D}.Ad-Hoc|iPhone.Build.0 = Release|x64
		{C5977021-2A58-404A-9AA7-3C798571385D}.Ad-Hoc|iPhone.Deploy.0 = Release|x64
		{C5977021-2A58-404A-9AA7-3C798571385D}.Ad-Hoc|iPhoneSimulator.ActiveCfg = Release|x64
		{C5977021-2A58-404A-9AA7-3C798571385D}.Ad-Hoc|iPhoneSimulator.Build.0 = Release|x64
		{C5977021-2A58-404A-9AA7-3C798571385D}.Ad-Hoc|iPhoneSimulator.Deploy.0 = Release|x64
		{C5977021-2A58-404A-9AA7-3C798571385D}.Ad-Hoc|x64.ActiveCfg = Release|x64
		{C5977021-2A58-404A-9AA7-3C798571385D}.Ad-Hoc|x64.Build.0 = Release|x64
		{C5977021-2A58-404A-9AA7-3C798571385D}.Ad-Hoc|x64.Deploy.0 = Release|x64
		{C5977021-2A58-404A-9AA7-3C798571385D}.Ad-Hoc|x86.ActiveCfg = Release|x86
		{C5977021-2A58-404A-9AA7-3C798571385D}.Ad-Hoc|x86.Build.0 = Release|x86
		{C5977021-2A58-404A-9AA7-3C798571385D}.Ad-Hoc|x86.Deploy.0 = Release|x86
		{C5977021-2A58-404A-9AA7-3C798571385D}.AppStore|Any CPU.ActiveCfg = Release|x64
		{C5977021-2A58-404A-9AA7-3C798571385D}.AppStore|Any CPU.Build.0 = Release|x64
		{C5977021-2A58-404A-9AA7-3C798571385D}.AppStore|Any CPU.Deploy.0 = Release|x64
		{C5977021-2A58-404A-9AA7-3C798571385D}.AppStore|ARM.ActiveCfg = Release|ARM
		{C5977021-2A58-404A-9AA7-3C798571385D}.AppStore|ARM.Build.0 = Release|ARM
		{C5977021-2A58-404A-9AA7-3C798571385D}.AppStore|ARM.Deploy.0 = Release|ARM
		{C5977021-2A58-404A-9AA7-3C798571385D}.AppStore|iPhone.ActiveCfg = Release|x64
		{C5977021-2A58-404A-9AA7-3C798571385D}.AppStore|iPhone.Build.0 = Release|x64
		{C5977021-2A58-404A-9AA7-3C798571385D}.AppStore|iPhone.Deploy.0 = Release|x64
		{C5977021-2A58-404A-9AA7-3C798571385D}.AppStore|iPhoneSimulator.ActiveCfg = Release|x64
		{C5977021-2A58-404A-9AA7-3C798571385D}.AppStore|iPhoneSimulator.Build.0 = Release|x64
		{C5977021-2A58-404A-9AA7-3C798571385D}.AppStore|iPhoneSimulator.Deploy.0 = Release|x64
		{C5977021-2A58-404A-9AA7-3C798571385D}.AppStore|x64.ActiveCfg = Release|x64
		{C5977021-2A58-404A-9AA7-3C798571385D}.AppStore|x64.Build.0 = Release|x64
		{C5977021-2A58-404A-9AA7-3C798571385D}.AppStore|x64.Deploy.0 = Release|x64
		{C5977021-2A58-404A-9AA7-3C798571385D}.AppStore|x86.ActiveCfg = Release|x86
		{C5977021-2A58-404A-9AA7-3C798571385D}.AppStore|x86.Build.0 = Release|x86
		{C5977021-2A58-404A-9AA7-3C798571385D}.AppStore|x86.Deploy.0 = Release|x86
		{C5977021-2A58-404A-9AA7-3C798571385D}.Debug|Any CPU.ActiveCfg = Debug|x86
		{C5977021-2A58-404A-9AA7-3C798571385D}.Debug|ARM.ActiveCfg = Debug|ARM
		{C5977021-2A58-404A-9AA7-3C798571385D}.Debug|ARM.Build.0 = Debug|ARM
		{C5977021-2A58-404A-9AA7-3C798571385D}.Debug|ARM.Deploy.0 = Debug|ARM
		{C5977021-2A58-404A-9AA7-3C798571385D}.Debug|iPhone.ActiveCfg = Debug|x86
		{C5977021-2A58-404A-9AA7-3C798571385D}.Debug|iPhoneSimulator.ActiveCfg = Debug|x86
		{C5977021-2A58-404A-9AA7-3C798571385D}.Debug|x64.ActiveCfg = Debug|x64
		{C5977021-2A58-404A-9AA7-3C798571385D}.Debug|x64.Build.0 = Debug|x64
		{C5977021-2A58-404A-9AA7-3C798571385D}.Debug|x64.Deploy.0 = Debug|x64
		{C5977021-2A58-404A-9AA7-3C798571385D}.Debug|x86.ActiveCfg = Debug|x86
		{C5977021-2A58-404A-9AA7-3C798571385D}.Debug|x86.Build.0 = Debug|x86
		{C5977021-2A58-404A-9AA7-3C798571385D}.Debug|x86.Deploy.0 = Debug|x86
		{C5977021-2A58-404A-9AA7-3C798571385D}.Release|Any CPU.ActiveCfg = Release|x86
		{C5977021-2A58-404A-9AA7-3C798571385D}.Release|ARM.ActiveCfg = Release|ARM
		{C5977021-2A58-404A-9AA7-3C798571385D}.Release|ARM.Build.0 = Release|ARM
		{C5977021-2A58-404A-9AA7-3C798571385D}.Release|ARM.Deploy.0 = Release|ARM
		{C5977021-2A58-404A-9AA7-3C798571385D}.Release|iPhone.ActiveCfg = Release|x86
		{C5977021-2A58-404A-9AA7-3C798571385D}.Release|iPhoneSimulator.ActiveCfg = Release|x86
		{C5977021-2A58-404A-9AA7-3C798571385D}.Release|x64.ActiveCfg = Release|x64
		{C5977021-2A58-404A-9AA7-3C798571385D}.Release|x64.Build.0 = Release|x64
		{C5977021-2A58-404A-9AA7-3C798571385D}.Release|x64.Deploy.0 = Release|x64
		{C5977021-2A58-404A-9AA7-3C798571385D}.Release|x86.ActiveCfg = Release|x86
		{C5977021-2A58-404A-9AA7-3C798571385D}.Release|x86.Build.0 = Release|x86
		{C5977021-2A58-404A-9AA7-3C798571385D}.Release|x86.Deploy.0 = Release|x86
	EndGlobalSection
	GlobalSection(SolutionProperties) = preSolution
		HideSolutionNode = FALSE
	EndGlobalSection
	GlobalSection(NestedProjects) = preSolution
		{2EFCD8FF-32F4-4BB2-9789-1754094F98C9} = {494D40EA-694C-49FA-8347-840B8BF1BAD6}
		{A62BA4CC-6D57-4DC7-A399-5CAE02F38E1B} = {494D40EA-694C-49FA-8347-840B8BF1BAD6}
		{DD4D0955-417C-4A4B-BB58-92E10299866D} = {494D40EA-694C-49FA-8347-840B8BF1BAD6}
	EndGlobalSection
	GlobalSection(ExtensibilityGlobals) = postSolution
		SolutionGuid = {125D423D-7CD0-4592-9394-14E612DADE26}
	EndGlobalSection
EndGlobal
